{
    "version": 3,
    "terraform_version": "0.9.11",
    "serial": 7,
    "lineage": "dd8f148d-3662-4eff-a3cd-d6ab9c7f31b2",
    "modules": [
        {
            "path": [
                "root"
            ],
            "outputs": {
                "ConfigNotificationSettings_stream_arn": {
                    "sensitive": false,
                    "type": "string",
                    "value": "arn:aws:dynamodb:eu-west-1:825904718481:table/dave-em-ConfigNotificationSettings/stream/2017-07-19T13:21:11.794"
                },
                "tableInfraConfigLbSettings_stream_arn": {
                    "sensitive": false,
                    "type": "string",
                    "value": "arn:aws:dynamodb:eu-west-1:825904718481:table/dave-em-InfraConfigLbSettings/stream/2017-07-19T13:21:18.170"
                }
            },
            "resources": {
                "aws_autoscaling_group.app": {
                    "type": "aws_autoscaling_group",
                    "depends_on": [
                        "aws_launch_configuration.app"
                    ],
                    "primary": {
                        "id": "dave-em",
                        "attributes": {
                            "arn": "arn:aws:autoscaling:eu-west-1:825904718481:autoScalingGroup:26443a89-5c2b-4e88-bbb5-5fd5b37d9f9b:autoScalingGroupName/dave-em",
                            "availability_zones.#": "3",
                            "availability_zones.1924028850": "eu-west-1b",
                            "availability_zones.3953592328": "eu-west-1a",
                            "availability_zones.94988580": "eu-west-1c",
                            "default_cooldown": "300",
                            "desired_capacity": "2",
                            "force_delete": "true",
                            "health_check_grace_period": "30",
                            "health_check_type": "ELB",
                            "id": "dave-em",
                            "launch_configuration": "dave-em-00387e393b559c51583cfb7ef8",
                            "load_balancers.#": "0",
                            "max_size": "5",
                            "metrics_granularity": "1Minute",
                            "min_size": "2",
                            "name": "dave-em",
                            "placement_group": "",
                            "protect_from_scale_in": "false",
                            "suspended_processes.#": "0",
                            "tag.#": "0",
                            "target_group_arns.#": "0",
                            "termination_policies.#": "0",
                            "vpc_zone_identifier.#": "3",
                            "vpc_zone_identifier.1685125865": "subnet-8669cbe1",
                            "vpc_zone_identifier.2756487308": "subnet-2731df7c",
                            "vpc_zone_identifier.929092639": "subnet-b0e04bf9",
                            "wait_for_capacity_timeout": "10m"
                        },
                        "meta": {},
                        "tainted": false
                    },
                    "deposed": [],
                    "provider": ""
                },
                "aws_cloudwatch_metric_alarm.AlertReadCapacityConfigCompletedDeployments": {
                    "type": "aws_cloudwatch_metric_alarm",
                    "depends_on": [
                        "aws_sns_topic.alert_sns_topic"
                    ],
                    "primary": {
                        "id": "AlertReadCapacityConfigCompletedDeployments",
                        "attributes": {
                            "actions_enabled": "true",
                            "alarm_actions.#": "1",
                            "alarm_actions.1399831069": "arn:aws:sns:eu-west-1:825904718481:dave-alert-sns-topic",
                            "alarm_description": "AlertReadCapacityConfigCompletedDeployments",
                            "alarm_name": "AlertReadCapacityConfigCompletedDeployments",
                            "comparison_operator": "GreaterThanThreshold",
                            "dimensions.%": "1",
                            "dimensions.TableName": "ConfigCompletedDeployments",
                            "evaluate_low_sample_count_percentiles": "",
                            "evaluation_periods": "1",
                            "extended_statistic": "",
                            "id": "AlertReadCapacityConfigCompletedDeployments",
                            "insufficient_data_actions.#": "0",
                            "metric_name": "ConsumedReadCapacityUnits",
                            "namespace": "AWS/DynamoDB",
                            "ok_actions.#": "0",
                            "period": "60",
                            "statistic": "Sum",
                            "threshold": "8",
                            "treat_missing_data": "missing",
                            "unit": ""
                        },
                        "meta": {
                            "schema_version": "1"
                        },
                        "tainted": false
                    },
                    "deposed": [],
                    "provider": ""
                },
                "aws_cloudwatch_metric_alarm.AlertReadCapacityConfigDeploymentExecutionStatus": {
                    "type": "aws_cloudwatch_metric_alarm",
                    "depends_on": [
                        "aws_sns_topic.alert_sns_topic"
                    ],
                    "primary": {
                        "id": "AlertReadCapacityConfigDeploymentExecutionStatus",
                        "attributes": {
                            "actions_enabled": "true",
                            "alarm_actions.#": "1",
                            "alarm_actions.1399831069": "arn:aws:sns:eu-west-1:825904718481:dave-alert-sns-topic",
                            "alarm_description": "AlertReadCapacityConfigDeploymentExecutionStatus",
                            "alarm_name": "AlertReadCapacityConfigDeploymentExecutionStatus",
                            "comparison_operator": "GreaterThanThreshold",
                            "dimensions.%": "1",
                            "dimensions.TableName": "ConfigDeploymentExecutionStatus",
                            "evaluate_low_sample_count_percentiles": "",
                            "evaluation_periods": "1",
                            "extended_statistic": "",
                            "id": "AlertReadCapacityConfigDeploymentExecutionStatus",
                            "insufficient_data_actions.#": "0",
                            "metric_name": "ConsumedReadCapacityUnits",
                            "namespace": "AWS/DynamoDB",
                            "ok_actions.#": "0",
                            "period": "60",
                            "statistic": "Sum",
                            "threshold": "8",
                            "treat_missing_data": "missing",
                            "unit": ""
                        },
                        "meta": {
                            "schema_version": "1"
                        },
                        "tainted": false
                    },
                    "deposed": [],
                    "provider": ""
                },
                "aws_cloudwatch_metric_alarm.AlertReadCapacityConfigDeploymentMaps": {
                    "type": "aws_cloudwatch_metric_alarm",
                    "depends_on": [
                        "aws_sns_topic.alert_sns_topic"
                    ],
                    "primary": {
                        "id": "AlertReadCapacityConfigDeploymentMaps",
                        "attributes": {
                            "actions_enabled": "true",
                            "alarm_actions.#": "1",
                            "alarm_actions.1399831069": "arn:aws:sns:eu-west-1:825904718481:dave-alert-sns-topic",
                            "alarm_description": "AlertReadCapacityConfigDeploymentMaps",
                            "alarm_name": "AlertReadCapacityConfigDeploymentMaps",
                            "comparison_operator": "GreaterThanThreshold",
                            "dimensions.%": "1",
                            "dimensions.TableName": "ConfigDeploymentMaps",
                            "evaluate_low_sample_count_percentiles": "",
                            "evaluation_periods": "1",
                            "extended_statistic": "",
                            "id": "AlertReadCapacityConfigDeploymentMaps",
                            "insufficient_data_actions.#": "0",
                            "metric_name": "ConsumedReadCapacityUnits",
                            "namespace": "AWS/DynamoDB",
                            "ok_actions.#": "0",
                            "period": "60",
                            "statistic": "Sum",
                            "threshold": "8",
                            "treat_missing_data": "missing",
                            "unit": ""
                        },
                        "meta": {
                            "schema_version": "1"
                        },
                        "tainted": false
                    },
                    "deposed": [],
                    "provider": ""
                },
                "aws_cloudwatch_metric_alarm.AlertReadCapacityConfigEnvironmentTypes": {
                    "type": "aws_cloudwatch_metric_alarm",
                    "depends_on": [
                        "aws_sns_topic.alert_sns_topic"
                    ],
                    "primary": {
                        "id": "AlertReadCapacityConfigEnvironmentTypes",
                        "attributes": {
                            "actions_enabled": "true",
                            "alarm_actions.#": "1",
                            "alarm_actions.1399831069": "arn:aws:sns:eu-west-1:825904718481:dave-alert-sns-topic",
                            "alarm_description": "AlertReadCapacityConfigEnvironmentTypes",
                            "alarm_name": "AlertReadCapacityConfigEnvironmentTypes",
                            "comparison_operator": "GreaterThanThreshold",
                            "dimensions.%": "1",
                            "dimensions.TableName": "ConfigEnvironmentTypes",
                            "evaluate_low_sample_count_percentiles": "",
                            "evaluation_periods": "1",
                            "extended_statistic": "",
                            "id": "AlertReadCapacityConfigEnvironmentTypes",
                            "insufficient_data_actions.#": "0",
                            "metric_name": "ConsumedReadCapacityUnits",
                            "namespace": "AWS/DynamoDB",
                            "ok_actions.#": "0",
                            "period": "60",
                            "statistic": "Sum",
                            "threshold": "8",
                            "treat_missing_data": "missing",
                            "unit": ""
                        },
                        "meta": {
                            "schema_version": "1"
                        },
                        "tainted": false
                    },
                    "deposed": [],
                    "provider": ""
                },
                "aws_cloudwatch_metric_alarm.AlertReadCapacityConfigEnvironments": {
                    "type": "aws_cloudwatch_metric_alarm",
                    "depends_on": [
                        "aws_sns_topic.alert_sns_topic"
                    ],
                    "primary": {
                        "id": "AlertReadCapacityConfigEnvironments",
                        "attributes": {
                            "actions_enabled": "true",
                            "alarm_actions.#": "1",
                            "alarm_actions.1399831069": "arn:aws:sns:eu-west-1:825904718481:dave-alert-sns-topic",
                            "alarm_description": "AlertReadCapacityConfigEnvironments",
                            "alarm_name": "AlertReadCapacityConfigEnvironments",
                            "comparison_operator": "GreaterThanThreshold",
                            "dimensions.%": "1",
                            "dimensions.TableName": "ConfigEnvironments",
                            "evaluate_low_sample_count_percentiles": "",
                            "evaluation_periods": "1",
                            "extended_statistic": "",
                            "id": "AlertReadCapacityConfigEnvironments",
                            "insufficient_data_actions.#": "0",
                            "metric_name": "ConsumedReadCapacityUnits",
                            "namespace": "AWS/DynamoDB",
                            "ok_actions.#": "0",
                            "period": "60",
                            "statistic": "Sum",
                            "threshold": "8",
                            "treat_missing_data": "missing",
                            "unit": ""
                        },
                        "meta": {
                            "schema_version": "1"
                        },
                        "tainted": false
                    },
                    "deposed": [],
                    "provider": ""
                },
                "aws_cloudwatch_metric_alarm.AlertReadCapacityConfigLBSettings": {
                    "type": "aws_cloudwatch_metric_alarm",
                    "depends_on": [
                        "aws_sns_topic.alert_sns_topic"
                    ],
                    "primary": {
                        "id": "AlertReadCapacityConfigLBSettings",
                        "attributes": {
                            "actions_enabled": "true",
                            "alarm_actions.#": "1",
                            "alarm_actions.1399831069": "arn:aws:sns:eu-west-1:825904718481:dave-alert-sns-topic",
                            "alarm_description": "AlertReadCapacityConfigLBSettings",
                            "alarm_name": "AlertReadCapacityConfigLBSettings",
                            "comparison_operator": "GreaterThanThreshold",
                            "dimensions.%": "1",
                            "dimensions.TableName": "ConfigLBSettings",
                            "evaluate_low_sample_count_percentiles": "",
                            "evaluation_periods": "1",
                            "extended_statistic": "",
                            "id": "AlertReadCapacityConfigLBSettings",
                            "insufficient_data_actions.#": "0",
                            "metric_name": "ConsumedReadCapacityUnits",
                            "namespace": "AWS/DynamoDB",
                            "ok_actions.#": "0",
                            "period": "60",
                            "statistic": "Sum",
                            "threshold": "8",
                            "treat_missing_data": "missing",
                            "unit": ""
                        },
                        "meta": {
                            "schema_version": "1"
                        },
                        "tainted": false
                    },
                    "deposed": [],
                    "provider": ""
                },
                "aws_cloudwatch_metric_alarm.AlertReadCapacityConfigLBUpstream": {
                    "type": "aws_cloudwatch_metric_alarm",
                    "depends_on": [
                        "aws_sns_topic.alert_sns_topic"
                    ],
                    "primary": {
                        "id": "AlertReadCapacityConfigLBUpstream",
                        "attributes": {
                            "actions_enabled": "true",
                            "alarm_actions.#": "1",
                            "alarm_actions.1399831069": "arn:aws:sns:eu-west-1:825904718481:dave-alert-sns-topic",
                            "alarm_description": "AlertReadCapacityConfigLBUpstream",
                            "alarm_name": "AlertReadCapacityConfigLBUpstream",
                            "comparison_operator": "GreaterThanThreshold",
                            "dimensions.%": "1",
                            "dimensions.TableName": "ConfigLBUpstream",
                            "evaluate_low_sample_count_percentiles": "",
                            "evaluation_periods": "1",
                            "extended_statistic": "",
                            "id": "AlertReadCapacityConfigLBUpstream",
                            "insufficient_data_actions.#": "0",
                            "metric_name": "ConsumedReadCapacityUnits",
                            "namespace": "AWS/DynamoDB",
                            "ok_actions.#": "0",
                            "period": "60",
                            "statistic": "Sum",
                            "threshold": "8",
                            "treat_missing_data": "missing",
                            "unit": ""
                        },
                        "meta": {
                            "schema_version": "1"
                        },
                        "tainted": false
                    },
                    "deposed": [],
                    "provider": ""
                },
                "aws_cloudwatch_metric_alarm.AlertReadCapacityConfigNotificationSettings": {
                    "type": "aws_cloudwatch_metric_alarm",
                    "depends_on": [
                        "aws_sns_topic.alert_sns_topic"
                    ],
                    "primary": {
                        "id": "AlertReadCapacityConfigNotificationSettings",
                        "attributes": {
                            "actions_enabled": "true",
                            "alarm_actions.#": "1",
                            "alarm_actions.1399831069": "arn:aws:sns:eu-west-1:825904718481:dave-alert-sns-topic",
                            "alarm_description": "AlertReadCapacityConfigNotificationSettings",
                            "alarm_name": "AlertReadCapacityConfigNotificationSettings",
                            "comparison_operator": "GreaterThanThreshold",
                            "dimensions.%": "1",
                            "dimensions.TableName": "ConfigNotificationSettings",
                            "evaluate_low_sample_count_percentiles": "",
                            "evaluation_periods": "1",
                            "extended_statistic": "",
                            "id": "AlertReadCapacityConfigNotificationSettings",
                            "insufficient_data_actions.#": "0",
                            "metric_name": "ConsumedReadCapacityUnits",
                            "namespace": "AWS/DynamoDB",
                            "ok_actions.#": "0",
                            "period": "60",
                            "statistic": "Sum",
                            "threshold": "8",
                            "treat_missing_data": "missing",
                            "unit": ""
                        },
                        "meta": {
                            "schema_version": "1"
                        },
                        "tainted": false
                    },
                    "deposed": [],
                    "provider": ""
                },
                "aws_cloudwatch_metric_alarm.AlertReadCapacityConfigServices": {
                    "type": "aws_cloudwatch_metric_alarm",
                    "depends_on": [
                        "aws_sns_topic.alert_sns_topic"
                    ],
                    "primary": {
                        "id": "AlertReadCapacityConfigServices",
                        "attributes": {
                            "actions_enabled": "true",
                            "alarm_actions.#": "1",
                            "alarm_actions.1399831069": "arn:aws:sns:eu-west-1:825904718481:dave-alert-sns-topic",
                            "alarm_description": "AlertReadCapacityConfigServices",
                            "alarm_name": "AlertReadCapacityConfigServices",
                            "comparison_operator": "GreaterThanThreshold",
                            "dimensions.%": "1",
                            "dimensions.TableName": "ConfigServices",
                            "evaluate_low_sample_count_percentiles": "",
                            "evaluation_periods": "1",
                            "extended_statistic": "",
                            "id": "AlertReadCapacityConfigServices",
                            "insufficient_data_actions.#": "0",
                            "metric_name": "ConsumedReadCapacityUnits",
                            "namespace": "AWS/DynamoDB",
                            "ok_actions.#": "0",
                            "period": "60",
                            "statistic": "Sum",
                            "threshold": "8",
                            "treat_missing_data": "missing",
                            "unit": ""
                        },
                        "meta": {
                            "schema_version": "1"
                        },
                        "tainted": false
                    },
                    "deposed": [],
                    "provider": ""
                },
                "aws_cloudwatch_metric_alarm.AlertReadCapacityInfraAsgIPs": {
                    "type": "aws_cloudwatch_metric_alarm",
                    "depends_on": [
                        "aws_sns_topic.alert_sns_topic"
                    ],
                    "primary": {
                        "id": "AlertReadCapacityInfraAsgIPs",
                        "attributes": {
                            "actions_enabled": "true",
                            "alarm_actions.#": "1",
                            "alarm_actions.1399831069": "arn:aws:sns:eu-west-1:825904718481:dave-alert-sns-topic",
                            "alarm_description": "AlertReadCapacityInfraAsgIPs",
                            "alarm_name": "AlertReadCapacityInfraAsgIPs",
                            "comparison_operator": "GreaterThanThreshold",
                            "dimensions.%": "1",
                            "dimensions.TableName": "InfraAsgIPs",
                            "evaluate_low_sample_count_percentiles": "",
                            "evaluation_periods": "1",
                            "extended_statistic": "",
                            "id": "AlertReadCapacityInfraAsgIPs",
                            "insufficient_data_actions.#": "0",
                            "metric_name": "ConsumedReadCapacityUnits",
                            "namespace": "AWS/DynamoDB",
                            "ok_actions.#": "0",
                            "period": "60",
                            "statistic": "Sum",
                            "threshold": "8",
                            "treat_missing_data": "missing",
                            "unit": ""
                        },
                        "meta": {
                            "schema_version": "1"
                        },
                        "tainted": false
                    },
                    "deposed": [],
                    "provider": ""
                },
                "aws_cloudwatch_metric_alarm.AlertReadCapacityInfraChangeAudit": {
                    "type": "aws_cloudwatch_metric_alarm",
                    "depends_on": [
                        "aws_sns_topic.alert_sns_topic"
                    ],
                    "primary": {
                        "id": "AlertReadCapacityInfraChangeAudit",
                        "attributes": {
                            "actions_enabled": "true",
                            "alarm_actions.#": "1",
                            "alarm_actions.1399831069": "arn:aws:sns:eu-west-1:825904718481:dave-alert-sns-topic",
                            "alarm_description": "AlertReadCapacityInfraChangeAudit",
                            "alarm_name": "AlertReadCapacityInfraChangeAudit",
                            "comparison_operator": "GreaterThanThreshold",
                            "dimensions.%": "1",
                            "dimensions.TableName": "InfraChangeAudit",
                            "evaluate_low_sample_count_percentiles": "",
                            "evaluation_periods": "1",
                            "extended_statistic": "",
                            "id": "AlertReadCapacityInfraChangeAudit",
                            "insufficient_data_actions.#": "0",
                            "metric_name": "ConsumedReadCapacityUnits",
                            "namespace": "AWS/DynamoDB",
                            "ok_actions.#": "0",
                            "period": "60",
                            "statistic": "Sum",
                            "threshold": "8",
                            "treat_missing_data": "missing",
                            "unit": ""
                        },
                        "meta": {
                            "schema_version": "1"
                        },
                        "tainted": false
                    },
                    "deposed": [],
                    "provider": ""
                },
                "aws_cloudwatch_metric_alarm.AlertReadCapacityInfraConfigAccounts": {
                    "type": "aws_cloudwatch_metric_alarm",
                    "depends_on": [
                        "aws_sns_topic.alert_sns_topic"
                    ],
                    "primary": {
                        "id": "AlertReadCapacityInfraConfigAccounts",
                        "attributes": {
                            "actions_enabled": "true",
                            "alarm_actions.#": "1",
                            "alarm_actions.1399831069": "arn:aws:sns:eu-west-1:825904718481:dave-alert-sns-topic",
                            "alarm_description": "AlertReadCapacityInfraConfigAccounts",
                            "alarm_name": "AlertReadCapacityInfraConfigAccounts",
                            "comparison_operator": "GreaterThanThreshold",
                            "dimensions.%": "1",
                            "dimensions.TableName": "InfraConfigAccounts",
                            "evaluate_low_sample_count_percentiles": "",
                            "evaluation_periods": "1",
                            "extended_statistic": "",
                            "id": "AlertReadCapacityInfraConfigAccounts",
                            "insufficient_data_actions.#": "0",
                            "metric_name": "ConsumedReadCapacityUnits",
                            "namespace": "AWS/DynamoDB",
                            "ok_actions.#": "0",
                            "period": "60",
                            "statistic": "Sum",
                            "threshold": "8",
                            "treat_missing_data": "missing",
                            "unit": ""
                        },
                        "meta": {
                            "schema_version": "1"
                        },
                        "tainted": false
                    },
                    "deposed": [],
                    "provider": ""
                },
                "aws_cloudwatch_metric_alarm.AlertReadCapacityInfraConfigClusters": {
                    "type": "aws_cloudwatch_metric_alarm",
                    "depends_on": [
                        "aws_sns_topic.alert_sns_topic"
                    ],
                    "primary": {
                        "id": "AlertReadCapacityInfraConfigClusters",
                        "attributes": {
                            "actions_enabled": "true",
                            "alarm_actions.#": "1",
                            "alarm_actions.1399831069": "arn:aws:sns:eu-west-1:825904718481:dave-alert-sns-topic",
                            "alarm_description": "AlertReadCapacityInfraConfigClusters",
                            "alarm_name": "AlertReadCapacityInfraConfigClusters",
                            "comparison_operator": "GreaterThanThreshold",
                            "dimensions.%": "1",
                            "dimensions.TableName": "InfraConfigClusters",
                            "evaluate_low_sample_count_percentiles": "",
                            "evaluation_periods": "1",
                            "extended_statistic": "",
                            "id": "AlertReadCapacityInfraConfigClusters",
                            "insufficient_data_actions.#": "0",
                            "metric_name": "ConsumedReadCapacityUnits",
                            "namespace": "AWS/DynamoDB",
                            "ok_actions.#": "0",
                            "period": "60",
                            "statistic": "Sum",
                            "threshold": "8",
                            "treat_missing_data": "missing",
                            "unit": ""
                        },
                        "meta": {
                            "schema_version": "1"
                        },
                        "tainted": false
                    },
                    "deposed": [],
                    "provider": ""
                },
                "aws_cloudwatch_metric_alarm.AlertReadCapacityInfraConfigPermissions": {
                    "type": "aws_cloudwatch_metric_alarm",
                    "depends_on": [
                        "aws_sns_topic.alert_sns_topic"
                    ],
                    "primary": {
                        "id": "AlertReadCapacityInfraConfigPermissions",
                        "attributes": {
                            "actions_enabled": "true",
                            "alarm_actions.#": "1",
                            "alarm_actions.1399831069": "arn:aws:sns:eu-west-1:825904718481:dave-alert-sns-topic",
                            "alarm_description": "AlertReadCapacityInfraConfigPermissions",
                            "alarm_name": "AlertReadCapacityInfraConfigPermissions",
                            "comparison_operator": "GreaterThanThreshold",
                            "dimensions.%": "1",
                            "dimensions.TableName": "InfraConfigPermissions",
                            "evaluate_low_sample_count_percentiles": "",
                            "evaluation_periods": "1",
                            "extended_statistic": "",
                            "id": "AlertReadCapacityInfraConfigPermissions",
                            "insufficient_data_actions.#": "0",
                            "metric_name": "ConsumedReadCapacityUnits",
                            "namespace": "AWS/DynamoDB",
                            "ok_actions.#": "0",
                            "period": "60",
                            "statistic": "Sum",
                            "threshold": "8",
                            "treat_missing_data": "missing",
                            "unit": ""
                        },
                        "meta": {
                            "schema_version": "1"
                        },
                        "tainted": false
                    },
                    "deposed": [],
                    "provider": ""
                },
                "aws_cloudwatch_metric_alarm.AlertReadCapacityInfraEnvManagerSessions": {
                    "type": "aws_cloudwatch_metric_alarm",
                    "depends_on": [
                        "aws_sns_topic.alert_sns_topic"
                    ],
                    "primary": {
                        "id": "AlertReadCapacityInfraEnvManagerSessions",
                        "attributes": {
                            "actions_enabled": "true",
                            "alarm_actions.#": "1",
                            "alarm_actions.1399831069": "arn:aws:sns:eu-west-1:825904718481:dave-alert-sns-topic",
                            "alarm_description": "AlertReadCapacityInfraEnvManagerSessions",
                            "alarm_name": "AlertReadCapacityInfraEnvManagerSessions",
                            "comparison_operator": "GreaterThanThreshold",
                            "dimensions.%": "1",
                            "dimensions.TableName": "InfraEnvManagerSessions",
                            "evaluate_low_sample_count_percentiles": "",
                            "evaluation_periods": "1",
                            "extended_statistic": "",
                            "id": "AlertReadCapacityInfraEnvManagerSessions",
                            "insufficient_data_actions.#": "0",
                            "metric_name": "ConsumedReadCapacityUnits",
                            "namespace": "AWS/DynamoDB",
                            "ok_actions.#": "0",
                            "period": "60",
                            "statistic": "Sum",
                            "threshold": "8",
                            "treat_missing_data": "missing",
                            "unit": ""
                        },
                        "meta": {
                            "schema_version": "1"
                        },
                        "tainted": false
                    },
                    "deposed": [],
                    "provider": ""
                },
                "aws_cloudwatch_metric_alarm.AlertReadCapacityInfraOpsEnvironment": {
                    "type": "aws_cloudwatch_metric_alarm",
                    "depends_on": [
                        "aws_sns_topic.alert_sns_topic"
                    ],
                    "primary": {
                        "id": "AlertReadCapacityInfraOpsEnvironment",
                        "attributes": {
                            "actions_enabled": "true",
                            "alarm_actions.#": "1",
                            "alarm_actions.1399831069": "arn:aws:sns:eu-west-1:825904718481:dave-alert-sns-topic",
                            "alarm_description": "AlertReadCapacityInfraOpsEnvironment",
                            "alarm_name": "AlertReadCapacityInfraOpsEnvironment",
                            "comparison_operator": "GreaterThanThreshold",
                            "dimensions.%": "1",
                            "dimensions.TableName": "InfraOpsEnvironment",
                            "evaluate_low_sample_count_percentiles": "",
                            "evaluation_periods": "1",
                            "extended_statistic": "",
                            "id": "AlertReadCapacityInfraOpsEnvironment",
                            "insufficient_data_actions.#": "0",
                            "metric_name": "ConsumedReadCapacityUnits",
                            "namespace": "AWS/DynamoDB",
                            "ok_actions.#": "0",
                            "period": "60",
                            "statistic": "Sum",
                            "threshold": "8",
                            "treat_missing_data": "missing",
                            "unit": ""
                        },
                        "meta": {
                            "schema_version": "1"
                        },
                        "tainted": false
                    },
                    "deposed": [],
                    "provider": ""
                },
                "aws_cloudwatch_metric_alarm.AlertWriteCapacityConfigCompletedDeployments": {
                    "type": "aws_cloudwatch_metric_alarm",
                    "depends_on": [
                        "aws_sns_topic.alert_sns_topic"
                    ],
                    "primary": {
                        "id": "AlertWriteCapacityConfigCompletedDeployments",
                        "attributes": {
                            "actions_enabled": "true",
                            "alarm_actions.#": "1",
                            "alarm_actions.1399831069": "arn:aws:sns:eu-west-1:825904718481:dave-alert-sns-topic",
                            "alarm_description": "AlertWriteCapacityConfigCompletedDeployments",
                            "alarm_name": "AlertWriteCapacityConfigCompletedDeployments",
                            "comparison_operator": "GreaterThanThreshold",
                            "dimensions.%": "1",
                            "dimensions.TableName": "ConfigCompletedDeployments",
                            "evaluate_low_sample_count_percentiles": "",
                            "evaluation_periods": "1",
                            "extended_statistic": "",
                            "id": "AlertWriteCapacityConfigCompletedDeployments",
                            "insufficient_data_actions.#": "0",
                            "metric_name": "ConsumedWriteCapacityUnits",
                            "namespace": "AWS/DynamoDB",
                            "ok_actions.#": "0",
                            "period": "60",
                            "statistic": "Sum",
                            "threshold": "1.6",
                            "treat_missing_data": "missing",
                            "unit": ""
                        },
                        "meta": {
                            "schema_version": "1"
                        },
                        "tainted": false
                    },
                    "deposed": [],
                    "provider": ""
                },
                "aws_cloudwatch_metric_alarm.AlertWriteCapacityConfigDeploymentExecutionStatus": {
                    "type": "aws_cloudwatch_metric_alarm",
                    "depends_on": [
                        "aws_sns_topic.alert_sns_topic"
                    ],
                    "primary": {
                        "id": "AlertWriteCapacityConfigDeploymentExecutionStatus",
                        "attributes": {
                            "actions_enabled": "true",
                            "alarm_actions.#": "1",
                            "alarm_actions.1399831069": "arn:aws:sns:eu-west-1:825904718481:dave-alert-sns-topic",
                            "alarm_description": "AlertWriteCapacityConfigDeploymentExecutionStatus",
                            "alarm_name": "AlertWriteCapacityConfigDeploymentExecutionStatus",
                            "comparison_operator": "GreaterThanThreshold",
                            "dimensions.%": "1",
                            "dimensions.TableName": "ConfigDeploymentExecutionStatus",
                            "evaluate_low_sample_count_percentiles": "",
                            "evaluation_periods": "1",
                            "extended_statistic": "",
                            "id": "AlertWriteCapacityConfigDeploymentExecutionStatus",
                            "insufficient_data_actions.#": "0",
                            "metric_name": "ConsumedWriteCapacityUnits",
                            "namespace": "AWS/DynamoDB",
                            "ok_actions.#": "0",
                            "period": "60",
                            "statistic": "Sum",
                            "threshold": "1.6",
                            "treat_missing_data": "missing",
                            "unit": ""
                        },
                        "meta": {
                            "schema_version": "1"
                        },
                        "tainted": false
                    },
                    "deposed": [],
                    "provider": ""
                },
                "aws_cloudwatch_metric_alarm.AlertWriteCapacityConfigDeploymentMaps": {
                    "type": "aws_cloudwatch_metric_alarm",
                    "depends_on": [
                        "aws_sns_topic.alert_sns_topic"
                    ],
                    "primary": {
                        "id": "AlertWriteCapacityConfigDeploymentMaps",
                        "attributes": {
                            "actions_enabled": "true",
                            "alarm_actions.#": "1",
                            "alarm_actions.1399831069": "arn:aws:sns:eu-west-1:825904718481:dave-alert-sns-topic",
                            "alarm_description": "AlertWriteCapacityConfigDeploymentMaps",
                            "alarm_name": "AlertWriteCapacityConfigDeploymentMaps",
                            "comparison_operator": "GreaterThanThreshold",
                            "dimensions.%": "1",
                            "dimensions.TableName": "ConfigServices",
                            "evaluate_low_sample_count_percentiles": "",
                            "evaluation_periods": "1",
                            "extended_statistic": "",
                            "id": "AlertWriteCapacityConfigDeploymentMaps",
                            "insufficient_data_actions.#": "0",
                            "metric_name": "ConsumedWriteCapacityUnits",
                            "namespace": "AWS/DynamoDB",
                            "ok_actions.#": "0",
                            "period": "60",
                            "statistic": "Sum",
                            "threshold": "1.6",
                            "treat_missing_data": "missing",
                            "unit": ""
                        },
                        "meta": {
                            "schema_version": "1"
                        },
                        "tainted": false
                    },
                    "deposed": [],
                    "provider": ""
                },
                "aws_cloudwatch_metric_alarm.AlertWriteCapacityConfigEnvironmentTypes": {
                    "type": "aws_cloudwatch_metric_alarm",
                    "depends_on": [
                        "aws_sns_topic.alert_sns_topic"
                    ],
                    "primary": {
                        "id": "AlertWriteCapacityConfigEnvironmentTypes",
                        "attributes": {
                            "actions_enabled": "true",
                            "alarm_actions.#": "1",
                            "alarm_actions.1399831069": "arn:aws:sns:eu-west-1:825904718481:dave-alert-sns-topic",
                            "alarm_description": "AlertWriteCapacityConfigEnvironmentTypes",
                            "alarm_name": "AlertWriteCapacityConfigEnvironmentTypes",
                            "comparison_operator": "GreaterThanThreshold",
                            "dimensions.%": "1",
                            "dimensions.TableName": "ConfigEnvironmentTypes",
                            "evaluate_low_sample_count_percentiles": "",
                            "evaluation_periods": "1",
                            "extended_statistic": "",
                            "id": "AlertWriteCapacityConfigEnvironmentTypes",
                            "insufficient_data_actions.#": "0",
                            "metric_name": "ConsumedWriteCapacityUnits",
                            "namespace": "AWS/DynamoDB",
                            "ok_actions.#": "0",
                            "period": "60",
                            "statistic": "Sum",
                            "threshold": "1.6",
                            "treat_missing_data": "missing",
                            "unit": ""
                        },
                        "meta": {
                            "schema_version": "1"
                        },
                        "tainted": false
                    },
                    "deposed": [],
                    "provider": ""
                },
                "aws_cloudwatch_metric_alarm.AlertWriteCapacityConfigEnvironments": {
                    "type": "aws_cloudwatch_metric_alarm",
                    "depends_on": [
                        "aws_sns_topic.alert_sns_topic"
                    ],
                    "primary": {
                        "id": "AlertWriteCapacityConfigEnvironments",
                        "attributes": {
                            "actions_enabled": "true",
                            "alarm_actions.#": "1",
                            "alarm_actions.1399831069": "arn:aws:sns:eu-west-1:825904718481:dave-alert-sns-topic",
                            "alarm_description": "AlertWriteCapacityConfigEnvironments",
                            "alarm_name": "AlertWriteCapacityConfigEnvironments",
                            "comparison_operator": "GreaterThanThreshold",
                            "dimensions.%": "1",
                            "dimensions.TableName": "ConfigEnvironments",
                            "evaluate_low_sample_count_percentiles": "",
                            "evaluation_periods": "1",
                            "extended_statistic": "",
                            "id": "AlertWriteCapacityConfigEnvironments",
                            "insufficient_data_actions.#": "0",
                            "metric_name": "ConsumedWriteCapacityUnits",
                            "namespace": "AWS/DynamoDB",
                            "ok_actions.#": "0",
                            "period": "60",
                            "statistic": "Sum",
                            "threshold": "1.6",
                            "treat_missing_data": "missing",
                            "unit": ""
                        },
                        "meta": {
                            "schema_version": "1"
                        },
                        "tainted": false
                    },
                    "deposed": [],
                    "provider": ""
                },
                "aws_cloudwatch_metric_alarm.AlertWriteCapacityConfigLBSettings": {
                    "type": "aws_cloudwatch_metric_alarm",
                    "depends_on": [
                        "aws_sns_topic.alert_sns_topic"
                    ],
                    "primary": {
                        "id": "AlertWriteCapacityConfigLBSettings",
                        "attributes": {
                            "actions_enabled": "true",
                            "alarm_actions.#": "1",
                            "alarm_actions.1399831069": "arn:aws:sns:eu-west-1:825904718481:dave-alert-sns-topic",
                            "alarm_description": "AlertWriteCapacityConfigLBSettings",
                            "alarm_name": "AlertWriteCapacityConfigLBSettings",
                            "comparison_operator": "GreaterThanThreshold",
                            "dimensions.%": "1",
                            "dimensions.TableName": "ConfigServices",
                            "evaluate_low_sample_count_percentiles": "",
                            "evaluation_periods": "1",
                            "extended_statistic": "",
                            "id": "AlertWriteCapacityConfigLBSettings",
                            "insufficient_data_actions.#": "0",
                            "metric_name": "ConsumedWriteCapacityUnits",
                            "namespace": "AWS/DynamoDB",
                            "ok_actions.#": "0",
                            "period": "60",
                            "statistic": "Sum",
                            "threshold": "1.6",
                            "treat_missing_data": "missing",
                            "unit": ""
                        },
                        "meta": {
                            "schema_version": "1"
                        },
                        "tainted": false
                    },
                    "deposed": [],
                    "provider": ""
                },
                "aws_cloudwatch_metric_alarm.AlertWriteCapacityConfigLBUpstream": {
                    "type": "aws_cloudwatch_metric_alarm",
                    "depends_on": [
                        "aws_sns_topic.alert_sns_topic"
                    ],
                    "primary": {
                        "id": "AlertWriteCapacityConfigLBUpstream",
                        "attributes": {
                            "actions_enabled": "true",
                            "alarm_actions.#": "1",
                            "alarm_actions.1399831069": "arn:aws:sns:eu-west-1:825904718481:dave-alert-sns-topic",
                            "alarm_description": "AlertWriteCapacityConfigLBUpstream",
                            "alarm_name": "AlertWriteCapacityConfigLBUpstream",
                            "comparison_operator": "GreaterThanThreshold",
                            "dimensions.%": "1",
                            "dimensions.TableName": "ConfigLBUpstream",
                            "evaluate_low_sample_count_percentiles": "",
                            "evaluation_periods": "1",
                            "extended_statistic": "",
                            "id": "AlertWriteCapacityConfigLBUpstream",
                            "insufficient_data_actions.#": "0",
                            "metric_name": "ConsumedWriteCapacityUnits",
                            "namespace": "AWS/DynamoDB",
                            "ok_actions.#": "0",
                            "period": "60",
                            "statistic": "Sum",
                            "threshold": "1.6",
                            "treat_missing_data": "missing",
                            "unit": ""
                        },
                        "meta": {
                            "schema_version": "1"
                        },
                        "tainted": false
                    },
                    "deposed": [],
                    "provider": ""
                },
                "aws_cloudwatch_metric_alarm.AlertWriteCapacityConfigNotificationSettings": {
                    "type": "aws_cloudwatch_metric_alarm",
                    "depends_on": [
                        "aws_sns_topic.alert_sns_topic"
                    ],
                    "primary": {
                        "id": "AlertWriteCapacityConfigNotificationSettings",
                        "attributes": {
                            "actions_enabled": "true",
                            "alarm_actions.#": "1",
                            "alarm_actions.1399831069": "arn:aws:sns:eu-west-1:825904718481:dave-alert-sns-topic",
                            "alarm_description": "AlertWriteCapacityConfigNotificationSettings",
                            "alarm_name": "AlertWriteCapacityConfigNotificationSettings",
                            "comparison_operator": "GreaterThanThreshold",
                            "dimensions.%": "1",
                            "dimensions.TableName": "ConfigNotificationSettings",
                            "evaluate_low_sample_count_percentiles": "",
                            "evaluation_periods": "1",
                            "extended_statistic": "",
                            "id": "AlertWriteCapacityConfigNotificationSettings",
                            "insufficient_data_actions.#": "0",
                            "metric_name": "ConsumedWriteCapacityUnits",
                            "namespace": "AWS/DynamoDB",
                            "ok_actions.#": "0",
                            "period": "60",
                            "statistic": "Sum",
                            "threshold": "1.6",
                            "treat_missing_data": "missing",
                            "unit": ""
                        },
                        "meta": {
                            "schema_version": "1"
                        },
                        "tainted": false
                    },
                    "deposed": [],
                    "provider": ""
                },
                "aws_cloudwatch_metric_alarm.AlertWriteCapacityConfigServices": {
                    "type": "aws_cloudwatch_metric_alarm",
                    "depends_on": [
                        "aws_sns_topic.alert_sns_topic"
                    ],
                    "primary": {
                        "id": "AlertWriteCapacityConfigServices",
                        "attributes": {
                            "actions_enabled": "true",
                            "alarm_actions.#": "1",
                            "alarm_actions.1399831069": "arn:aws:sns:eu-west-1:825904718481:dave-alert-sns-topic",
                            "alarm_description": "AlertWriteCapacityConfigServices",
                            "alarm_name": "AlertWriteCapacityConfigServices",
                            "comparison_operator": "GreaterThanThreshold",
                            "dimensions.%": "1",
                            "dimensions.TableName": "ConfigServices",
                            "evaluate_low_sample_count_percentiles": "",
                            "evaluation_periods": "1",
                            "extended_statistic": "",
                            "id": "AlertWriteCapacityConfigServices",
                            "insufficient_data_actions.#": "0",
                            "metric_name": "ConsumedWriteCapacityUnits",
                            "namespace": "AWS/DynamoDB",
                            "ok_actions.#": "0",
                            "period": "60",
                            "statistic": "Sum",
                            "threshold": "1.6",
                            "treat_missing_data": "missing",
                            "unit": ""
                        },
                        "meta": {
                            "schema_version": "1"
                        },
                        "tainted": false
                    },
                    "deposed": [],
                    "provider": ""
                },
                "aws_cloudwatch_metric_alarm.AlertWriteCapacityInfraAsgIPs": {
                    "type": "aws_cloudwatch_metric_alarm",
                    "depends_on": [
                        "aws_sns_topic.alert_sns_topic"
                    ],
                    "primary": {
                        "id": "AlertWriteCapacityInfraAsgIPs",
                        "attributes": {
                            "actions_enabled": "true",
                            "alarm_actions.#": "1",
                            "alarm_actions.1399831069": "arn:aws:sns:eu-west-1:825904718481:dave-alert-sns-topic",
                            "alarm_description": "AlertWriteCapacityInfraAsgIPs",
                            "alarm_name": "AlertWriteCapacityInfraAsgIPs",
                            "comparison_operator": "GreaterThanThreshold",
                            "dimensions.%": "1",
                            "dimensions.TableName": "InfraAsgIPs",
                            "evaluate_low_sample_count_percentiles": "",
                            "evaluation_periods": "1",
                            "extended_statistic": "",
                            "id": "AlertWriteCapacityInfraAsgIPs",
                            "insufficient_data_actions.#": "0",
                            "metric_name": "ConsumedWriteCapacityUnits",
                            "namespace": "AWS/DynamoDB",
                            "ok_actions.#": "0",
                            "period": "60",
                            "statistic": "Sum",
                            "threshold": "1.6",
                            "treat_missing_data": "missing",
                            "unit": ""
                        },
                        "meta": {
                            "schema_version": "1"
                        },
                        "tainted": false
                    },
                    "deposed": [],
                    "provider": ""
                },
                "aws_cloudwatch_metric_alarm.AlertWriteCapacityInfraChangeAudit": {
                    "type": "aws_cloudwatch_metric_alarm",
                    "depends_on": [
                        "aws_sns_topic.alert_sns_topic"
                    ],
                    "primary": {
                        "id": "AlertWriteCapacityInfraChangeAudit",
                        "attributes": {
                            "actions_enabled": "true",
                            "alarm_actions.#": "1",
                            "alarm_actions.1399831069": "arn:aws:sns:eu-west-1:825904718481:dave-alert-sns-topic",
                            "alarm_description": "AlertWriteCapacityInfraChangeAudit",
                            "alarm_name": "AlertWriteCapacityInfraChangeAudit",
                            "comparison_operator": "GreaterThanThreshold",
                            "dimensions.%": "1",
                            "dimensions.TableName": "InfraChangeAudit",
                            "evaluate_low_sample_count_percentiles": "",
                            "evaluation_periods": "1",
                            "extended_statistic": "",
                            "id": "AlertWriteCapacityInfraChangeAudit",
                            "insufficient_data_actions.#": "0",
                            "metric_name": "ConsumedWriteCapacityUnits",
                            "namespace": "AWS/DynamoDB",
                            "ok_actions.#": "0",
                            "period": "60",
                            "statistic": "Sum",
                            "threshold": "1.6",
                            "treat_missing_data": "missing",
                            "unit": ""
                        },
                        "meta": {
                            "schema_version": "1"
                        },
                        "tainted": false
                    },
                    "deposed": [],
                    "provider": ""
                },
                "aws_cloudwatch_metric_alarm.AlertWriteCapacityInfraConfigAccounts": {
                    "type": "aws_cloudwatch_metric_alarm",
                    "depends_on": [
                        "aws_sns_topic.alert_sns_topic"
                    ],
                    "primary": {
                        "id": "AlertWriteCapacityInfraConfigAccounts",
                        "attributes": {
                            "actions_enabled": "true",
                            "alarm_actions.#": "1",
                            "alarm_actions.1399831069": "arn:aws:sns:eu-west-1:825904718481:dave-alert-sns-topic",
                            "alarm_description": "AlertWriteCapacityInfraConfigAccounts",
                            "alarm_name": "AlertWriteCapacityInfraConfigAccounts",
                            "comparison_operator": "GreaterThanThreshold",
                            "dimensions.%": "1",
                            "dimensions.TableName": "InfraConfigAccounts",
                            "evaluate_low_sample_count_percentiles": "",
                            "evaluation_periods": "1",
                            "extended_statistic": "",
                            "id": "AlertWriteCapacityInfraConfigAccounts",
                            "insufficient_data_actions.#": "0",
                            "metric_name": "ConsumedWriteCapacityUnits",
                            "namespace": "AWS/DynamoDB",
                            "ok_actions.#": "0",
                            "period": "60",
                            "statistic": "Sum",
                            "threshold": "1.6",
                            "treat_missing_data": "missing",
                            "unit": ""
                        },
                        "meta": {
                            "schema_version": "1"
                        },
                        "tainted": false
                    },
                    "deposed": [],
                    "provider": ""
                },
                "aws_cloudwatch_metric_alarm.AlertWriteCapacityInfraConfigClusters": {
                    "type": "aws_cloudwatch_metric_alarm",
                    "depends_on": [
                        "aws_sns_topic.alert_sns_topic"
                    ],
                    "primary": {
                        "id": "AlertWriteCapacityInfraConfigClusters",
                        "attributes": {
                            "actions_enabled": "true",
                            "alarm_actions.#": "1",
                            "alarm_actions.1399831069": "arn:aws:sns:eu-west-1:825904718481:dave-alert-sns-topic",
                            "alarm_description": "AlertWriteCapacityInfraConfigClusters",
                            "alarm_name": "AlertWriteCapacityInfraConfigClusters",
                            "comparison_operator": "GreaterThanThreshold",
                            "dimensions.%": "1",
                            "dimensions.TableName": "InfraConfigClusters",
                            "evaluate_low_sample_count_percentiles": "",
                            "evaluation_periods": "1",
                            "extended_statistic": "",
                            "id": "AlertWriteCapacityInfraConfigClusters",
                            "insufficient_data_actions.#": "0",
                            "metric_name": "ConsumedWriteCapacityUnits",
                            "namespace": "AWS/DynamoDB",
                            "ok_actions.#": "0",
                            "period": "60",
                            "statistic": "Sum",
                            "threshold": "1.6",
                            "treat_missing_data": "missing",
                            "unit": ""
                        },
                        "meta": {
                            "schema_version": "1"
                        },
                        "tainted": false
                    },
                    "deposed": [],
                    "provider": ""
                },
                "aws_cloudwatch_metric_alarm.AlertWriteCapacityInfraConfigPermissions": {
                    "type": "aws_cloudwatch_metric_alarm",
                    "depends_on": [
                        "aws_sns_topic.alert_sns_topic"
                    ],
                    "primary": {
                        "id": "AlertWriteCapacityInfraConfigPermissions",
                        "attributes": {
                            "actions_enabled": "true",
                            "alarm_actions.#": "1",
                            "alarm_actions.1399831069": "arn:aws:sns:eu-west-1:825904718481:dave-alert-sns-topic",
                            "alarm_description": "AlertWriteCapacityInfraConfigPermissions",
                            "alarm_name": "AlertWriteCapacityInfraConfigPermissions",
                            "comparison_operator": "GreaterThanThreshold",
                            "dimensions.%": "1",
                            "dimensions.TableName": "InfraConfigPermissions",
                            "evaluate_low_sample_count_percentiles": "",
                            "evaluation_periods": "1",
                            "extended_statistic": "",
                            "id": "AlertWriteCapacityInfraConfigPermissions",
                            "insufficient_data_actions.#": "0",
                            "metric_name": "ConsumedWriteCapacityUnits",
                            "namespace": "AWS/DynamoDB",
                            "ok_actions.#": "0",
                            "period": "60",
                            "statistic": "Sum",
                            "threshold": "1.6",
                            "treat_missing_data": "missing",
                            "unit": ""
                        },
                        "meta": {
                            "schema_version": "1"
                        },
                        "tainted": false
                    },
                    "deposed": [],
                    "provider": ""
                },
                "aws_cloudwatch_metric_alarm.AlertWriteCapacityInfraEnvManagerSessions": {
                    "type": "aws_cloudwatch_metric_alarm",
                    "depends_on": [
                        "aws_sns_topic.alert_sns_topic"
                    ],
                    "primary": {
                        "id": "AlertWriteCapacityInfraEnvManagerSessions",
                        "attributes": {
                            "actions_enabled": "true",
                            "alarm_actions.#": "1",
                            "alarm_actions.1399831069": "arn:aws:sns:eu-west-1:825904718481:dave-alert-sns-topic",
                            "alarm_description": "AlertWriteCapacityInfraEnvManagerSessions",
                            "alarm_name": "AlertWriteCapacityInfraEnvManagerSessions",
                            "comparison_operator": "GreaterThanThreshold",
                            "dimensions.%": "1",
                            "dimensions.TableName": "InfraEnvManagerSessions",
                            "evaluate_low_sample_count_percentiles": "",
                            "evaluation_periods": "1",
                            "extended_statistic": "",
                            "id": "AlertWriteCapacityInfraEnvManagerSessions",
                            "insufficient_data_actions.#": "0",
                            "metric_name": "ConsumedWriteCapacityUnits",
                            "namespace": "AWS/DynamoDB",
                            "ok_actions.#": "0",
                            "period": "60",
                            "statistic": "Sum",
                            "threshold": "1.6",
                            "treat_missing_data": "missing",
                            "unit": ""
                        },
                        "meta": {
                            "schema_version": "1"
                        },
                        "tainted": false
                    },
                    "deposed": [],
                    "provider": ""
                },
                "aws_cloudwatch_metric_alarm.AlertWriteCapacityInfraOpsEnvironment": {
                    "type": "aws_cloudwatch_metric_alarm",
                    "depends_on": [
                        "aws_sns_topic.alert_sns_topic"
                    ],
                    "primary": {
                        "id": "AlertWriteCapacityInfraOpsEnvironment",
                        "attributes": {
                            "actions_enabled": "true",
                            "alarm_actions.#": "1",
                            "alarm_actions.1399831069": "arn:aws:sns:eu-west-1:825904718481:dave-alert-sns-topic",
                            "alarm_description": "AlertWriteCapacityInfraOpsEnvironment",
                            "alarm_name": "AlertWriteCapacityInfraOpsEnvironment",
                            "comparison_operator": "GreaterThanThreshold",
                            "dimensions.%": "1",
                            "dimensions.TableName": "InfraOpsEnvironment",
                            "evaluate_low_sample_count_percentiles": "",
                            "evaluation_periods": "1",
                            "extended_statistic": "",
                            "id": "AlertWriteCapacityInfraOpsEnvironment",
                            "insufficient_data_actions.#": "0",
                            "metric_name": "ConsumedWriteCapacityUnits",
                            "namespace": "AWS/DynamoDB",
                            "ok_actions.#": "0",
                            "period": "60",
                            "statistic": "Sum",
                            "threshold": "1.6",
                            "treat_missing_data": "missing",
                            "unit": ""
                        },
                        "meta": {
                            "schema_version": "1"
                        },
                        "tainted": false
                    },
                    "deposed": [],
                    "provider": ""
                },
                "aws_cloudwatch_metric_alarm.alertInfraAsgScale": {
                    "type": "aws_cloudwatch_metric_alarm",
                    "depends_on": [
                        "aws_sns_topic.alert_sns_topic"
                    ],
                    "primary": {
                        "id": "alertInfraAsgScale",
                        "attributes": {
                            "actions_enabled": "true",
                            "alarm_actions.#": "1",
                            "alarm_actions.1399831069": "arn:aws:sns:eu-west-1:825904718481:dave-alert-sns-topic",
                            "alarm_description": "alertInfraAsgScale",
                            "alarm_name": "alertInfraAsgScale",
                            "comparison_operator": "GreaterThanThreshold",
                            "dimensions.%": "1",
                            "dimensions.FunctionName": "InfraAsgScale",
                            "evaluate_low_sample_count_percentiles": "",
                            "evaluation_periods": "1",
                            "extended_statistic": "",
                            "id": "alertInfraAsgScale",
                            "insufficient_data_actions.#": "0",
                            "metric_name": "Errors",
                            "namespace": "AWS/Lambda",
                            "ok_actions.#": "0",
                            "period": "60",
                            "statistic": "Sum",
                            "threshold": "0",
                            "treat_missing_data": "missing",
                            "unit": ""
                        },
                        "meta": {
                            "schema_version": "1"
                        },
                        "tainted": false
                    },
                    "deposed": [],
                    "provider": ""
                },
                "aws_cloudwatch_metric_alarm.alertInfraEnvironmentManagerAudit": {
                    "type": "aws_cloudwatch_metric_alarm",
                    "depends_on": [
                        "aws_sns_topic.alert_sns_topic"
                    ],
                    "primary": {
                        "id": "alertInfraEnvironmentManagerAudit",
                        "attributes": {
                            "actions_enabled": "true",
                            "alarm_actions.#": "1",
                            "alarm_actions.1399831069": "arn:aws:sns:eu-west-1:825904718481:dave-alert-sns-topic",
                            "alarm_description": "alertInfraEnvironmentManagerAudit",
                            "alarm_name": "alertInfraEnvironmentManagerAudit",
                            "comparison_operator": "GreaterThanThreshold",
                            "dimensions.%": "1",
                            "dimensions.FunctionName": "InfraEnvironmentManagerAudit",
                            "evaluate_low_sample_count_percentiles": "",
                            "evaluation_periods": "1",
                            "extended_statistic": "",
                            "id": "alertInfraEnvironmentManagerAudit",
                            "insufficient_data_actions.#": "0",
                            "metric_name": "Errors",
                            "namespace": "AWS/Lambda",
                            "ok_actions.#": "0",
                            "period": "60",
                            "statistic": "Sum",
                            "threshold": "0",
                            "treat_missing_data": "missing",
                            "unit": ""
                        },
                        "meta": {
                            "schema_version": "1"
                        },
                        "tainted": false
                    },
                    "deposed": [],
                    "provider": ""
                },
                "aws_dynamodb_table.accounts": {
                    "type": "aws_dynamodb_table",
                    "depends_on": [],
                    "primary": {
                        "id": "dave-em-InfraConfigAccounts",
                        "attributes": {
                            "arn": "arn:aws:dynamodb:eu-west-1:825904718481:table/dave-em-InfraConfigAccounts",
                            "attribute.#": "1",
                            "attribute.664002238.name": "AccountNumber",
                            "attribute.664002238.type": "N",
                            "global_secondary_index.#": "0",
                            "hash_key": "AccountNumber",
                            "id": "dave-em-InfraConfigAccounts",
                            "local_secondary_index.#": "0",
                            "name": "dave-em-InfraConfigAccounts",
                            "read_capacity": "10",
                            "stream_view_type": "NEW_AND_OLD_IMAGES",
                            "write_capacity": "2"
                        },
                        "meta": {
                            "schema_version": "1"
                        },
                        "tainted": false
                    },
                    "deposed": [],
                    "provider": ""
                },
                "aws_dynamodb_table.audit": {
                    "type": "aws_dynamodb_table",
                    "depends_on": [],
                    "primary": {
                        "id": "dave-em-InfraChangeAudit",
                        "attributes": {
                            "arn": "arn:aws:dynamodb:eu-west-1:825904718481:table/dave-em-InfraChangeAudit",
                            "attribute.#": "3",
                            "attribute.1943989526.name": "AuditID",
                            "attribute.1943989526.type": "S",
                            "attribute.3254233863.name": "ISOTimestamp",
                            "attribute.3254233863.type": "S",
                            "attribute.3865484009.name": "Date",
                            "attribute.3865484009.type": "S",
                            "global_secondary_index.#": "1",
                            "global_secondary_index.1697311101.hash_key": "Date",
                            "global_secondary_index.1697311101.name": "Date-ISOTimestamp-index",
                            "global_secondary_index.1697311101.non_key_attributes.#": "0",
                            "global_secondary_index.1697311101.projection_type": "ALL",
                            "global_secondary_index.1697311101.range_key": "ISOTimestamp",
                            "global_secondary_index.1697311101.read_capacity": "10",
                            "global_secondary_index.1697311101.write_capacity": "5",
                            "hash_key": "AuditID",
                            "id": "dave-em-InfraChangeAudit",
                            "local_secondary_index.#": "0",
                            "name": "dave-em-InfraChangeAudit",
                            "read_capacity": "20",
                            "write_capacity": "5"
                        },
                        "meta": {
                            "schema_version": "1"
                        },
                        "tainted": false
                    },
                    "deposed": [],
                    "provider": ""
                },
                "aws_dynamodb_table.clusters": {
                    "type": "aws_dynamodb_table",
                    "depends_on": [],
                    "primary": {
                        "id": "dave-em-InfraConfigClusters",
                        "attributes": {
                            "arn": "arn:aws:dynamodb:eu-west-1:825904718481:table/dave-em-InfraConfigClusters",
                            "attribute.#": "1",
                            "attribute.1909828372.name": "ClusterName",
                            "attribute.1909828372.type": "S",
                            "global_secondary_index.#": "0",
                            "hash_key": "ClusterName",
                            "id": "dave-em-InfraConfigClusters",
                            "local_secondary_index.#": "0",
                            "name": "dave-em-InfraConfigClusters",
                            "read_capacity": "10",
                            "stream_view_type": "NEW_AND_OLD_IMAGES",
                            "write_capacity": "2"
                        },
                        "meta": {
                            "schema_version": "1"
                        },
                        "tainted": false
                    },
                    "deposed": [],
                    "provider": ""
                },
                "aws_dynamodb_table.completed_deployments": {
                    "type": "aws_dynamodb_table",
                    "depends_on": [],
                    "primary": {
                        "id": "dave-em-ConfigCompletedDeployments",
                        "attributes": {
                            "arn": "arn:aws:dynamodb:eu-west-1:825904718481:table/dave-em-ConfigCompletedDeployments",
                            "attribute.#": "3",
                            "attribute.3416753376.name": "StartDate",
                            "attribute.3416753376.type": "S",
                            "attribute.349544224.name": "StartTimestamp",
                            "attribute.349544224.type": "S",
                            "attribute.420215156.name": "DeploymentID",
                            "attribute.420215156.type": "S",
                            "global_secondary_index.#": "1",
                            "global_secondary_index.3365276345.hash_key": "StartDate",
                            "global_secondary_index.3365276345.name": "StartDate-StartTimestamp-index",
                            "global_secondary_index.3365276345.non_key_attributes.#": "0",
                            "global_secondary_index.3365276345.projection_type": "ALL",
                            "global_secondary_index.3365276345.range_key": "StartTimestamp",
                            "global_secondary_index.3365276345.read_capacity": "10",
                            "global_secondary_index.3365276345.write_capacity": "2",
                            "hash_key": "DeploymentID",
                            "id": "dave-em-ConfigCompletedDeployments",
                            "local_secondary_index.#": "0",
                            "name": "dave-em-ConfigCompletedDeployments",
                            "read_capacity": "10",
                            "stream_view_type": "NEW_AND_OLD_IMAGES",
                            "write_capacity": "2"
                        },
                        "meta": {
                            "schema_version": "1"
                        },
                        "tainted": false
                    },
                    "deposed": [],
                    "provider": ""
                },
                "aws_dynamodb_table.deployment_execution_status": {
                    "type": "aws_dynamodb_table",
                    "depends_on": [],
                    "primary": {
                        "id": "dave-em-ConfigDeploymentExecutionStatus",
                        "attributes": {
                            "arn": "arn:aws:dynamodb:eu-west-1:825904718481:table/dave-em-ConfigDeploymentExecutionStatus",
                            "attribute.#": "1",
                            "attribute.420215156.name": "DeploymentID",
                            "attribute.420215156.type": "S",
                            "global_secondary_index.#": "0",
                            "hash_key": "DeploymentID",
                            "id": "dave-em-ConfigDeploymentExecutionStatus",
                            "local_secondary_index.#": "0",
                            "name": "dave-em-ConfigDeploymentExecutionStatus",
                            "read_capacity": "10",
                            "write_capacity": "2"
                        },
                        "meta": {
                            "schema_version": "1"
                        },
                        "tainted": false
                    },
                    "deposed": [],
                    "provider": ""
                },
                "aws_dynamodb_table.deployment_maps": {
                    "type": "aws_dynamodb_table",
                    "depends_on": [],
                    "primary": {
                        "id": "dave-em-ConfigDeploymentMaps",
                        "attributes": {
                            "arn": "arn:aws:dynamodb:eu-west-1:825904718481:table/dave-em-ConfigDeploymentMaps",
                            "attribute.#": "1",
                            "attribute.1989623940.name": "DeploymentMapName",
                            "attribute.1989623940.type": "S",
                            "global_secondary_index.#": "0",
                            "hash_key": "DeploymentMapName",
                            "id": "dave-em-ConfigDeploymentMaps",
                            "local_secondary_index.#": "0",
                            "name": "dave-em-ConfigDeploymentMaps",
                            "read_capacity": "10",
                            "stream_arn": "arn:aws:dynamodb:eu-west-1:825904718481:table/dave-em-ConfigDeploymentMaps/stream/2017-07-19T13:21:13.864",
                            "stream_enabled": "true",
                            "stream_view_type": "NEW_AND_OLD_IMAGES",
                            "write_capacity": "2"
                        },
                        "meta": {
                            "schema_version": "1"
                        },
                        "tainted": false
                    },
                    "deposed": [],
                    "provider": ""
                },
                "aws_dynamodb_table.environment_types": {
                    "type": "aws_dynamodb_table",
                    "depends_on": [],
                    "primary": {
                        "id": "dave-em-ConfigEnvironmentTypes",
                        "attributes": {
                            "arn": "arn:aws:dynamodb:eu-west-1:825904718481:table/dave-em-ConfigEnvironmentTypes",
                            "attribute.#": "1",
                            "attribute.3832856997.name": "EnvironmentType",
                            "attribute.3832856997.type": "S",
                            "global_secondary_index.#": "0",
                            "hash_key": "EnvironmentType",
                            "id": "dave-em-ConfigEnvironmentTypes",
                            "local_secondary_index.#": "0",
                            "name": "dave-em-ConfigEnvironmentTypes",
                            "read_capacity": "10",
                            "stream_view_type": "NEW_AND_OLD_IMAGES",
                            "write_capacity": "2"
                        },
                        "meta": {
                            "schema_version": "1"
                        },
                        "tainted": false
                    },
                    "deposed": [],
                    "provider": ""
                },
                "aws_dynamodb_table.environments": {
                    "type": "aws_dynamodb_table",
                    "depends_on": [],
                    "primary": {
                        "id": "dave-em-ConfigEnvironments",
                        "attributes": {
                            "arn": "arn:aws:dynamodb:eu-west-1:825904718481:table/dave-em-ConfigEnvironments",
                            "attribute.#": "1",
                            "attribute.1333199317.name": "EnvironmentName",
                            "attribute.1333199317.type": "S",
                            "global_secondary_index.#": "0",
                            "hash_key": "EnvironmentName",
                            "id": "dave-em-ConfigEnvironments",
                            "local_secondary_index.#": "0",
                            "name": "dave-em-ConfigEnvironments",
                            "read_capacity": "10",
                            "stream_arn": "arn:aws:dynamodb:eu-west-1:825904718481:table/dave-em-ConfigEnvironments/stream/2017-07-19T13:21:12.655",
                            "stream_enabled": "true",
                            "stream_view_type": "NEW_AND_OLD_IMAGES",
                            "write_capacity": "2"
                        },
                        "meta": {
                            "schema_version": "1"
                        },
                        "tainted": false
                    },
                    "deposed": [],
                    "provider": ""
                },
                "aws_dynamodb_table.lb_settings": {
                    "type": "aws_dynamodb_table",
                    "depends_on": [],
                    "primary": {
                        "id": "dave-em-InfraConfigLbSettings",
                        "attributes": {
                            "arn": "arn:aws:dynamodb:eu-west-1:825904718481:table/dave-em-InfraConfigLbSettings",
                            "attribute.#": "3",
                            "attribute.1333199317.name": "EnvironmentName",
                            "attribute.1333199317.type": "S",
                            "attribute.1732231669.name": "LoadBalancerGroup",
                            "attribute.1732231669.type": "S",
                            "attribute.254928314.name": "VHostName",
                            "attribute.254928314.type": "S",
                            "global_secondary_index.#": "1",
                            "global_secondary_index.3572870372.hash_key": "LoadBalancerGroup",
                            "global_secondary_index.3572870372.name": "LoadBalancerGroup-index",
                            "global_secondary_index.3572870372.non_key_attributes.#": "0",
                            "global_secondary_index.3572870372.projection_type": "ALL",
                            "global_secondary_index.3572870372.range_key": "",
                            "global_secondary_index.3572870372.read_capacity": "10",
                            "global_secondary_index.3572870372.write_capacity": "2",
                            "hash_key": "EnvironmentName",
                            "id": "dave-em-InfraConfigLbSettings",
                            "local_secondary_index.#": "0",
                            "name": "dave-em-InfraConfigLbSettings",
                            "range_key": "VHostName",
                            "read_capacity": "10",
                            "stream_arn": "arn:aws:dynamodb:eu-west-1:825904718481:table/dave-em-InfraConfigLbSettings/stream/2017-07-19T13:21:18.170",
                            "stream_enabled": "true",
                            "stream_view_type": "NEW_AND_OLD_IMAGES",
                            "write_capacity": "2"
                        },
                        "meta": {
                            "schema_version": "1"
                        },
                        "tainted": false
                    },
                    "deposed": [],
                    "provider": ""
                },
                "aws_dynamodb_table.lb_upstreams": {
                    "type": "aws_dynamodb_table",
                    "depends_on": [],
                    "primary": {
                        "id": "dave-em-InfraConfigLBUpstream",
                        "attributes": {
                            "arn": "arn:aws:dynamodb:eu-west-1:825904718481:table/dave-em-InfraConfigLBUpstream",
                            "attribute.#": "4",
                            "attribute.1523191610.name": "Environment",
                            "attribute.1523191610.type": "S",
                            "attribute.1732231669.name": "LoadBalancerGroup",
                            "attribute.1732231669.type": "S",
                            "attribute.1983055057.name": "AccountId",
                            "attribute.1983055057.type": "S",
                            "attribute.2557450017.name": "Key",
                            "attribute.2557450017.type": "S",
                            "global_secondary_index.#": "3",
                            "global_secondary_index.4015586084.hash_key": "Environment",
                            "global_secondary_index.4015586084.name": "Environment-Key-index",
                            "global_secondary_index.4015586084.non_key_attributes.#": "0",
                            "global_secondary_index.4015586084.projection_type": "ALL",
                            "global_secondary_index.4015586084.range_key": "Key",
                            "global_secondary_index.4015586084.read_capacity": "2",
                            "global_secondary_index.4015586084.write_capacity": "10",
                            "global_secondary_index.416109979.hash_key": "LoadBalancerGroup",
                            "global_secondary_index.416109979.name": "LoadBalancerGroup-index",
                            "global_secondary_index.416109979.non_key_attributes.#": "0",
                            "global_secondary_index.416109979.projection_type": "ALL",
                            "global_secondary_index.416109979.range_key": "Key",
                            "global_secondary_index.416109979.read_capacity": "2",
                            "global_secondary_index.416109979.write_capacity": "10",
                            "global_secondary_index.700009721.hash_key": "AccountId",
                            "global_secondary_index.700009721.name": "AccountId-index",
                            "global_secondary_index.700009721.non_key_attributes.#": "0",
                            "global_secondary_index.700009721.projection_type": "ALL",
                            "global_secondary_index.700009721.range_key": "Key",
                            "global_secondary_index.700009721.read_capacity": "2",
                            "global_secondary_index.700009721.write_capacity": "10",
                            "hash_key": "Key",
                            "id": "dave-em-InfraConfigLBUpstream",
                            "local_secondary_index.#": "0",
                            "name": "dave-em-InfraConfigLBUpstream",
                            "read_capacity": "10",
                            "stream_view_type": "NEW_AND_OLD_IMAGES",
                            "write_capacity": "2"
                        },
                        "meta": {
                            "schema_version": "1"
                        },
                        "tainted": false
                    },
                    "deposed": [],
                    "provider": ""
                },
                "aws_dynamodb_table.notification_settings": {
                    "type": "aws_dynamodb_table",
                    "depends_on": [],
                    "primary": {
                        "id": "dave-em-ConfigNotificationSettings",
                        "attributes": {
                            "arn": "arn:aws:dynamodb:eu-west-1:825904718481:table/dave-em-ConfigNotificationSettings",
                            "attribute.#": "1",
                            "attribute.3889239590.name": "NotificationSettingsId",
                            "attribute.3889239590.type": "S",
                            "global_secondary_index.#": "0",
                            "hash_key": "NotificationSettingsId",
                            "id": "dave-em-ConfigNotificationSettings",
                            "local_secondary_index.#": "0",
                            "name": "dave-em-ConfigNotificationSettings",
                            "read_capacity": "10",
                            "stream_arn": "arn:aws:dynamodb:eu-west-1:825904718481:table/dave-em-ConfigNotificationSettings/stream/2017-07-19T13:21:11.794",
                            "stream_enabled": "true",
                            "stream_view_type": "NEW_AND_OLD_IMAGES",
                            "write_capacity": "2"
                        },
                        "meta": {
                            "schema_version": "1"
                        },
                        "tainted": false
                    },
                    "deposed": [],
                    "provider": ""
                },
                "aws_dynamodb_table.ops_environments": {
                    "type": "aws_dynamodb_table",
                    "depends_on": [],
                    "primary": {
                        "id": "dave-em-InfraOpsEnvironment",
                        "attributes": {
                            "arn": "arn:aws:dynamodb:eu-west-1:825904718481:table/dave-em-InfraOpsEnvironment",
                            "attribute.#": "1",
                            "attribute.1333199317.name": "EnvironmentName",
                            "attribute.1333199317.type": "S",
                            "global_secondary_index.#": "0",
                            "hash_key": "EnvironmentName",
                            "id": "dave-em-InfraOpsEnvironment",
                            "local_secondary_index.#": "0",
                            "name": "dave-em-InfraOpsEnvironment",
                            "read_capacity": "10",
                            "stream_view_type": "NEW_AND_OLD_IMAGES",
                            "write_capacity": "2"
                        },
                        "meta": {
                            "schema_version": "1"
                        },
                        "tainted": false
                    },
                    "deposed": [],
                    "provider": ""
                },
                "aws_dynamodb_table.permissions": {
                    "type": "aws_dynamodb_table",
                    "depends_on": [],
                    "primary": {
                        "id": "dave-em-InfraConfigPermissions",
                        "attributes": {
                            "arn": "arn:aws:dynamodb:eu-west-1:825904718481:table/dave-em-InfraConfigPermissions",
                            "attribute.#": "1",
                            "attribute.3206617783.name": "Name",
                            "attribute.3206617783.type": "S",
                            "global_secondary_index.#": "0",
                            "hash_key": "Name",
                            "id": "dave-em-InfraConfigPermissions",
                            "local_secondary_index.#": "0",
                            "name": "dave-em-InfraConfigPermissions",
                            "read_capacity": "10",
                            "stream_view_type": "NEW_AND_OLD_IMAGES",
                            "write_capacity": "2"
                        },
                        "meta": {
                            "schema_version": "1"
                        },
                        "tainted": false
                    },
                    "deposed": [],
                    "provider": ""
                },
                "aws_dynamodb_table.services": {
                    "type": "aws_dynamodb_table",
                    "depends_on": [],
                    "primary": {
                        "id": "dave-em-ConfigServices",
                        "attributes": {
                            "arn": "arn:aws:dynamodb:eu-west-1:825904718481:table/dave-em-ConfigServices",
                            "attribute.#": "2",
                            "attribute.3771274218.name": "OwningCluster",
                            "attribute.3771274218.type": "S",
                            "attribute.880149944.name": "ServiceName",
                            "attribute.880149944.type": "S",
                            "global_secondary_index.#": "0",
                            "hash_key": "ServiceName",
                            "id": "dave-em-ConfigServices",
                            "local_secondary_index.#": "0",
                            "name": "dave-em-ConfigServices",
                            "range_key": "OwningCluster",
                            "read_capacity": "10",
                            "stream_arn": "arn:aws:dynamodb:eu-west-1:825904718481:table/dave-em-ConfigServices/stream/2017-07-19T13:21:11.974",
                            "stream_enabled": "true",
                            "stream_view_type": "NEW_AND_OLD_IMAGES",
                            "write_capacity": "2"
                        },
                        "meta": {
                            "schema_version": "1"
                        },
                        "tainted": false
                    },
                    "deposed": [],
                    "provider": ""
                },
                "aws_elasticache_cluster.cache-cluster": {
                    "type": "aws_elasticache_cluster",
                    "depends_on": [],
                    "primary": {
                        "id": "dave-em",
                        "attributes": {
                            "availability_zone": "eu-west-1a",
                            "cache_nodes.#": "1",
                            "cache_nodes.0.address": "dave-em.qcyyv8.0001.euw1.cache.amazonaws.com",
                            "cache_nodes.0.availability_zone": "eu-west-1a",
                            "cache_nodes.0.id": "0001",
                            "cache_nodes.0.port": "11211",
                            "cluster_id": "dave-em",
                            "engine": "redis",
                            "engine_version": "3.2.4",
                            "id": "dave-em",
                            "maintenance_window": "wed:03:30-wed:04:30",
                            "node_type": "cache.t2.micro",
                            "num_cache_nodes": "1",
                            "parameter_group_name": "default.redis3.2",
                            "port": "11211",
                            "security_group_ids.#": "1",
                            "security_group_ids.3961401173": "sg-b58565d3",
                            "security_group_names.#": "0",
                            "snapshot_retention_limit": "0",
                            "snapshot_window": "",
                            "subnet_group_name": "envir-sngen-1ksby99wxxs77",
                            "tags.%": "1",
                            "tags.Role": "em"
                        },
                        "meta": {},
                        "tainted": false
                    },
                    "deposed": [],
                    "provider": ""
                },
                "aws_iam_instance_profile.app": {
                    "type": "aws_iam_instance_profile",
                    "depends_on": [
                        "aws_iam_role.app"
                    ],
                    "primary": {
                        "id": "dave-em-app",
                        "attributes": {
                            "arn": "arn:aws:iam::825904718481:instance-profile/em/dave-em-app",
                            "id": "dave-em-app",
                            "name": "dave-em-app",
                            "path": "/em/",
                            "role": "role-dave-em",
                            "roles.#": "1",
                            "roles.317922699": "role-dave-em",
                            "unique_id": "AIPAIWOJE5DHDDZWG6RMG"
                        },
                        "meta": {},
                        "tainted": false
                    },
                    "deposed": [],
                    "provider": ""
                },
                "aws_iam_role.app": {
                    "type": "aws_iam_role",
                    "depends_on": [],
                    "primary": {
                        "id": "role-dave-em",
                        "attributes": {
                            "arn": "arn:aws:iam::825904718481:role/role-dave-em",
                            "assume_role_policy": "{\"Version\":\"2012-10-17\",\"Statement\":[{\"Effect\":\"Allow\",\"Principal\":{\"Service\":\"ec2.amazonaws.com\"},\"Action\":\"sts:AssumeRole\"}]}",
                            "create_date": "2017-07-19T13:21:13Z",
                            "id": "role-dave-em",
                            "name": "role-dave-em",
                            "path": "/",
                            "unique_id": "AROAJBUOEIKWEDN7VJB4W"
                        },
                        "meta": {},
                        "tainted": false
                    },
                    "deposed": [],
                    "provider": ""
                },
                "aws_iam_role.audit": {
                    "type": "aws_iam_role",
                    "depends_on": [],
                    "primary": {
                        "id": "role-dave-em-audit",
                        "attributes": {
                            "arn": "arn:aws:iam::825904718481:role/role-dave-em-audit",
                            "assume_role_policy": "{\"Version\":\"2012-10-17\",\"Statement\":[{\"Sid\":\"\",\"Effect\":\"Allow\",\"Principal\":{\"Service\":\"lambda.amazonaws.com\"},\"Action\":\"sts:AssumeRole\"}]}",
                            "create_date": "2017-07-19T13:21:12Z",
                            "id": "role-dave-em-audit",
                            "name": "role-dave-em-audit",
                            "path": "/",
                            "unique_id": "AROAJLUOPVIQJ56U7JJYW"
                        },
                        "meta": {},
                        "tainted": false
                    },
                    "deposed": [],
                    "provider": ""
                },
                "aws_iam_role.audit_writer": {
                    "type": "aws_iam_role",
                    "depends_on": [
                        "data.aws_caller_identity.current"
                    ],
                    "primary": {
                        "id": "role-dave-em-audit-writer",
                        "attributes": {
                            "arn": "arn:aws:iam::825904718481:role/role-dave-em-audit-writer",
                            "assume_role_policy": "{\"Version\":\"2012-10-17\",\"Statement\":[{\"Sid\":\"\",\"Effect\":\"Allow\",\"Principal\":{\"AWS\":\"arn:aws:iam::825904718481:root\"},\"Action\":\"sts:AssumeRole\"}]}",
                            "create_date": "2017-07-19T13:21:11Z",
                            "id": "role-dave-em-audit-writer",
                            "name": "role-dave-em-audit-writer",
                            "path": "/",
                            "unique_id": "AROAITDAG5LUVMPTJN6VK"
                        },
                        "meta": {},
                        "tainted": false
                    },
                    "deposed": [],
                    "provider": ""
                },
                "aws_iam_role_policy.app": {
                    "type": "aws_iam_role_policy",
                    "depends_on": [
                        "aws_iam_role.app",
                        "data.aws_caller_identity.current"
                    ],
                    "primary": {
                        "id": "role-dave-em:policy-dave-em-app",
                        "attributes": {
                            "id": "role-dave-em:policy-dave-em-app",
                            "name": "policy-dave-em-app",
                            "policy": "{\n   \"Version\":\"2012-10-17\",\n   \"Statement\":[\n      {\n         \"Effect\":\"Allow\",\n         \"Action\":[\n            \"dynamodb:Batch*\",\n            \"dynamodb:DeleteItem\",\n            \"dynamodb:Describe*\",\n            \"dynamodb:Get*\",\n            \"dynamodb:List*\",\n            \"dynamodb:PutItem\",\n            \"dynamodb:Query\",\n            \"dynamodb:Scan\",\n            \"dynamodb:UpdateItem\"\n         ],\n         \"Resource\":[\n            \"arn:aws:dynamodb:eu-west-1:825904718481:table/Config*\",\n            \"arn:aws:dynamodb:eu-west-1:825904718481:table/Infra*\",\n            \"arn:aws:dynamodb:eu-west-1:825904718481:table/Environment*\"\n         ]\n      },\n      {\n        \"Effect\": \"Allow\",\n        \"Action\": [\n          \"s3:GetBucketLocation\",\n          \"s3:ListAllMyBuckets\"\n        ],\n        \"Resource\": [\n          \"arn:aws:s3:::*\"\n        ]\n      },\n      {\n        \"Effect\": \"Allow\",\n        \"Action\": [\n          \"s3:ListBucket\"\n        ],\n        \"Resource\": [\n          \"arn:aws:s3:::em-daveandjake-secure\",\n          \"arn:aws:s3:::em-daveandjake-packages\",\n          \"arn:aws:s3:::em-daveandjake-logs\"\n        ]\n      },\n      {\n         \"Effect\":\"Allow\",\n         \"Action\": [\n           \"s3:GetObject\" \n         ],\n         \"Resource\":[\n            \"arn:aws:s3:::em-daveandjake-config/*\",\n            \"arn:aws:s3:::em-daveandjake-secure/*\",\n            \"arn:aws:s3:::backups/*\",\n            \"arn:aws:s3:::em-testing-init/*\"\n         ]\n      },\n      {\n         \"Effect\":\"Allow\",\n         \"Action\": [\n            \"s3:GetObject\",\n            \"s3:PutObject\",\n            \"s3:GetObjectVersion\"\n         ],\n         \"Resource\": [\n            \"arn:aws:s3:::em-daveandjake-logs/*\",\n            \"arn:aws:s3:::em-daveandjake-packages/*\"\n         ]\n      },\n      {\n         \"Action\":\"sts:AssumeRole\",\n         \"Effect\":\"Allow\",\n         \"Resource\": [\n           \"arn:aws:iam::825904718481:role/roleInfraEnvironmentManagerChild\"\n         ]\n      },\n      {\n         \"Effect\":\"Allow\",\n         \"Action\":[\n            \"ec2:Describe*\",\n            \"ec2:CreateTags\"\n         ],\n         \"Resource\":[\n            \"*\"\n         ]\n      },\n      {\n         \"Effect\":\"Allow\",\n         \"Action\":[\n            \"autoscaling:CreateAutoScalingGroup\",\n            \"autoscaling:DescribeAutoScalingGroups\",\n            \"autoscaling:DescribeScheduledActions\",\n            \"autoscaling:DescribeLaunchConfigurations\",\n            \"autoscaling:DescribeAutoScalingGroups\",\n            \"autoscaling:CreateLaunchConfiguration\",\n            \"autoscaling:DeleteLaunchConfiguration\",\n            \"autoscaling:UpdateAutoScalingGroup\",\n            \"autoscaling:AttachInstances*\",\n            \"autoscaling:PutNotificationConfiguration\",\n            \"autoscaling:PutScheduledUpdateGroupAction\",\n            \"autoscaling:PutLifecycleHook\",\n            \"autoscaling:CreateOrUpdateTags\",\n            \"autoscaling:EnterStandby\",\n            \"autoscaling:ExitStandby\"\n         ],\n         \"Resource\":[\n            \"*\"\n         ]\n      },\n      {\n         \"Effect\":\"Allow\",\n         \"Action\":[\n            \"sns:Get*\",\n            \"sns:List*\"\n         ],\n         \"Resource\":[\n            \"*\"\n         ]\n      },\n      {\n         \"Effect\":\"Allow\",\n         \"Action\":[\n            \"iam:PassRole\",\n            \"iam:GetInstanceProfile\",\n            \"iam:GetRole\"\n         ],\n         \"Resource\":\"*\"\n      },\n      {\n         \"Effect\":\"Allow\",\n         \"Action\":[\n            \"sns:Subscribe\",\n            \"sns:Unsubscribe\",\n            \"sns:Publish\"\n         ],\n         \"Resource\":[\n            \"arn:aws:sns:eu-west-1:825904718481:footplate*\",\n            \"arn:aws:sns:eu-west-1:825904718481:environment*\"\n         ]\n      },\n             {\n            \"Effect\" : \"Allow\",\n            \"Action\" : [\n                \"sns:CreateTopic\",\n                \"sns:Publish\",\n                \"sns:Subscribe\",\n                \"sns:Unsubscribe\"\n            ],\n            \"Resource\" : [\n                \"arn:aws:sns:eu-west-1:825904718481:EnvironmentManagerConfigurationChange\",\n                \"arn:aws:sns:eu-west-1:825904718481:EnvironmentManagerOperationsChange\"\n            ]\n        }\n   ]\n}  \n",
                            "role": "role-dave-em"
                        },
                        "meta": {},
                        "tainted": false
                    },
                    "deposed": [],
                    "provider": ""
                },
                "aws_iam_role_policy.audit_writer": {
                    "type": "aws_iam_role_policy",
                    "depends_on": [
                        "aws_dynamodb_table.audit",
                        "aws_iam_role.audit_writer",
                        "data.aws_caller_identity.current",
                        "data.aws_region.current"
                    ],
                    "primary": {
                        "id": "role-dave-em-audit-writer:policy-dave-em-audit-writer",
                        "attributes": {
                            "id": "role-dave-em-audit-writer:policy-dave-em-audit-writer",
                            "name": "policy-dave-em-audit-writer",
                            "policy": "{\n    \"Version\": \"2012-10-17\",\n    \"Statement\": [\n        {\n            \"Effect\": \"Allow\",\n            \"Action\": [\n                \"dynamodb:BatchWriteItem\",\n                \"dynamodb:PutItem\"\n            ],\n            \"Resource\": \"arn:aws:dynamodb:eu-west-1:825904718481:table/dave-em-InfraChangeAudit\"\n        }\n    ]\n}\n",
                            "role": "role-dave-em-audit-writer"
                        },
                        "meta": {},
                        "tainted": false
                    },
                    "deposed": [],
                    "provider": ""
                },
                "aws_launch_configuration.app": {
                    "type": "aws_launch_configuration",
                    "depends_on": [],
                    "primary": {
                        "id": "dave-em-00387e393b559c51583cfb7ef8",
                        "attributes": {
                            "associate_public_ip_address": "false",
                            "ebs_block_device.#": "0",
                            "ebs_optimized": "false",
                            "enable_monitoring": "true",
                            "ephemeral_block_device.#": "0",
                            "iam_instance_profile": "dave-em-app",
                            "id": "dave-em-00387e393b559c51583cfb7ef8",
                            "image_id": "ami-a8d2d7ce",
                            "instance_type": "t2.micro",
                            "key_name": "em-testing-master-keypair-2",
                            "name": "dave-em-00387e393b559c51583cfb7ef8",
                            "name_prefix": "dave-em-",
                            "root_block_device.#": "0",
                            "security_groups.#": "0",
                            "spot_price": "",
                            "vpc_classic_link_id": "",
                            "vpc_classic_link_security_groups.#": "0"
                        },
                        "meta": {},
                        "tainted": false
                    },
                    "deposed": [],
                    "provider": ""
                },
                "aws_launch_configuration.lc_app": {
                    "type": "aws_launch_configuration",
                    "depends_on": [
                        "aws_iam_instance_profile.app",
                        "aws_security_group.app",
                        "data.aws_ami.ubuntu"
                    ],
                    "primary": {
                        "id": "terraform-006ba9c4d3164312287369d9ca",
                        "attributes": {
                            "associate_public_ip_address": "false",
                            "ebs_block_device.#": "0",
                            "ebs_optimized": "false",
                            "enable_monitoring": "true",
                            "ephemeral_block_device.#": "0",
                            "iam_instance_profile": "dave-em-app",
                            "id": "terraform-006ba9c4d3164312287369d9ca",
                            "image_id": "ami-a8d2d7ce",
                            "instance_type": "t2.micro",
                            "key_name": "",
                            "name": "terraform-006ba9c4d3164312287369d9ca",
                            "root_block_device.#": "0",
                            "security_groups.#": "1",
                            "security_groups.2754418849": "sg-6750fd1f",
                            "spot_price": "",
                            "user_data": "cc5ffc76f2ebec1ef6838b03838213466b8158f2",
                            "vpc_classic_link_id": "",
                            "vpc_classic_link_security_groups.#": "0"
                        },
                        "meta": {},
                        "tainted": false
                    },
                    "deposed": [],
                    "provider": ""
                },
                "aws_security_group.app": {
                    "type": "aws_security_group",
                    "depends_on": [],
                    "primary": {
                        "id": "sg-6750fd1f",
                        "attributes": {
                            "description": "Managed by Terraform",
                            "egress.#": "0",
                            "id": "sg-6750fd1f",
                            "ingress.#": "0",
                            "name": "dave-em",
                            "owner_id": "825904718481",
                            "tags.%": "1",
                            "tags.Name": "dave-em",
                            "vpc_id": "vpc-67ab3903"
                        },
                        "meta": {},
                        "tainted": false
                    },
                    "deposed": [],
                    "provider": ""
                },
                "aws_security_group.elb": {
                    "type": "aws_security_group",
                    "depends_on": [],
                    "primary": {
                        "id": "sg-ae57fad6",
                        "attributes": {
                            "description": "Managed by Terraform",
                            "egress.#": "0",
                            "id": "sg-ae57fad6",
                            "ingress.#": "0",
                            "name": "dave-em-elb",
                            "owner_id": "825904718481",
                            "tags.%": "1",
                            "tags.Name": "dave-em-elb",
                            "vpc_id": "vpc-67ab3903"
                        },
                        "meta": {},
                        "tainted": false
                    },
                    "deposed": [],
                    "provider": ""
                },
                "aws_security_group.redis_access": {
                    "type": "aws_security_group",
                    "depends_on": [],
                    "primary": {
                        "id": "sg-2451fc5c",
                        "attributes": {
                            "description": "Managed by Terraform",
                            "egress.#": "0",
                            "id": "sg-2451fc5c",
                            "ingress.#": "0",
                            "name": "dave-em-redis-access",
                            "owner_id": "825904718481",
                            "tags.%": "1",
                            "tags.Name": "dave-em-redis-access",
                            "vpc_id": "vpc-67ab3903"
                        },
                        "meta": {},
                        "tainted": false
                    },
                    "deposed": [],
                    "provider": ""
                },
                "aws_security_group.redis_host": {
                    "type": "aws_security_group",
                    "depends_on": [],
                    "primary": {
                        "id": "sg-2f54f957",
                        "attributes": {
                            "description": "Managed by Terraform",
                            "egress.#": "0",
                            "id": "sg-2f54f957",
                            "ingress.#": "1",
                            "ingress.2119869617.cidr_blocks.#": "0",
                            "ingress.2119869617.from_port": "11211",
                            "ingress.2119869617.ipv6_cidr_blocks.#": "0",
                            "ingress.2119869617.protocol": "tcp",
                            "ingress.2119869617.security_groups.#": "0",
                            "ingress.2119869617.self": "true",
                            "ingress.2119869617.to_port": "11211",
                            "name": "dave-em-redis-host",
                            "owner_id": "825904718481",
                            "tags.%": "1",
                            "tags.Name": "dave-em-redis-host",
                            "vpc_id": "vpc-67ab3903"
                        },
                        "meta": {},
                        "tainted": false
                    },
                    "deposed": [],
                    "provider": ""
                },
                "aws_sns_topic.alert_sns_topic": {
                    "type": "aws_sns_topic",
                    "depends_on": [],
                    "primary": {
                        "id": "arn:aws:sns:eu-west-1:825904718481:dave-alert-sns-topic",
                        "attributes": {
                            "arn": "arn:aws:sns:eu-west-1:825904718481:dave-alert-sns-topic",
                            "display_name": "",
                            "id": "arn:aws:sns:eu-west-1:825904718481:dave-alert-sns-topic",
                            "name": "dave-alert-sns-topic",
                            "policy": "{\"Id\":\"__default_policy_ID\",\"Statement\":[{\"Action\":[\"SNS:GetTopicAttributes\",\"SNS:SetTopicAttributes\",\"SNS:AddPermission\",\"SNS:RemovePermission\",\"SNS:DeleteTopic\",\"SNS:Subscribe\",\"SNS:ListSubscriptionsByTopic\",\"SNS:Publish\",\"SNS:Receive\"],\"Condition\":{\"StringEquals\":{\"AWS:SourceOwner\":\"825904718481\"}},\"Effect\":\"Allow\",\"Principal\":{\"AWS\":\"*\"},\"Resource\":\"arn:aws:sns:eu-west-1:825904718481:dave-alert-sns-topic\",\"Sid\":\"__default_statement_ID\"}],\"Version\":\"2008-10-17\"}"
                        },
                        "meta": {},
                        "tainted": false
                    },
                    "deposed": [],
                    "provider": ""
                },
                "data.aws_ami.ubuntu": {
                    "type": "aws_ami",
                    "depends_on": [],
                    "primary": {
                        "id": "ami-a8d2d7ce",
                        "attributes": {
                            "architecture": "x86_64",
                            "block_device_mappings.#": "3",
                            "block_device_mappings.1634610537.device_name": "/dev/sdb",
                            "block_device_mappings.1634610537.ebs.%": "0",
                            "block_device_mappings.1634610537.no_device": "",
                            "block_device_mappings.1634610537.virtual_name": "ephemeral0",
                            "block_device_mappings.2547816212.device_name": "/dev/sda1",
                            "block_device_mappings.2547816212.ebs.%": "6",
                            "block_device_mappings.2547816212.ebs.delete_on_termination": "true",
                            "block_device_mappings.2547816212.ebs.encrypted": "false",
                            "block_device_mappings.2547816212.ebs.iops": "0",
                            "block_device_mappings.2547816212.ebs.snapshot_id": "snap-0355cf671853bf871",
                            "block_device_mappings.2547816212.ebs.volume_size": "8",
                            "block_device_mappings.2547816212.ebs.volume_type": "gp2",
                            "block_device_mappings.2547816212.no_device": "",
                            "block_device_mappings.2547816212.virtual_name": "",
                            "block_device_mappings.3850042718.device_name": "/dev/sdc",
                            "block_device_mappings.3850042718.ebs.%": "0",
                            "block_device_mappings.3850042718.no_device": "",
                            "block_device_mappings.3850042718.virtual_name": "ephemeral1",
                            "creation_date": "2017-04-14T16:48:48.000Z",
                            "description": "Canonical, Ubuntu, 16.04 LTS, amd64 xenial image build on 2017-04-14",
                            "filter.#": "2",
                            "filter.2067710391.name": "image-id",
                            "filter.2067710391.values.#": "1",
                            "filter.2067710391.values.0": "ami-a8d2d7ce",
                            "filter.490168357.name": "virtualization-type",
                            "filter.490168357.values.#": "1",
                            "filter.490168357.values.0": "hvm",
                            "hypervisor": "xen",
                            "id": "ami-a8d2d7ce",
                            "image_id": "ami-a8d2d7ce",
                            "image_location": "099720109477/ubuntu/images/hvm-ssd/ubuntu-xenial-16.04-amd64-server-20170414",
                            "image_type": "machine",
                            "most_recent": "true",
                            "name": "ubuntu/images/hvm-ssd/ubuntu-xenial-16.04-amd64-server-20170414",
                            "owner_id": "099720109477",
                            "product_codes.#": "0",
                            "public": "true",
                            "root_device_name": "/dev/sda1",
                            "root_device_type": "ebs",
                            "sriov_net_support": "simple",
                            "state": "available",
                            "state_reason.%": "2",
                            "state_reason.code": "UNSET",
                            "state_reason.message": "UNSET",
                            "tags.#": "0",
                            "virtualization_type": "hvm"
                        },
                        "meta": {},
                        "tainted": false
                    },
                    "deposed": [],
                    "provider": ""
                },
                "data.aws_caller_identity.current": {
                    "type": "aws_caller_identity",
                    "depends_on": [],
                    "primary": {
                        "id": "2017-07-19 15:14:40.898847 +0000 UTC",
                        "attributes": {
                            "account_id": "825904718481",
                            "arn": "arn:aws:iam::825904718481:user/dave",
                            "id": "2017-07-19 15:14:40.898847 +0000 UTC",
                            "user_id": "AIDAIJQZKJMCI5A6TNW3I"
                        },
                        "meta": {},
                        "tainted": false
                    },
                    "deposed": [],
                    "provider": ""
                },
                "data.aws_region.current": {
                    "type": "aws_region",
                    "depends_on": [],
                    "primary": {
                        "id": "eu-west-1",
                        "attributes": {
                            "current": "true",
                            "endpoint": "ec2.eu-west-1.amazonaws.com",
                            "id": "eu-west-1",
                            "name": "eu-west-1"
                        },
                        "meta": {},
                        "tainted": false
                    },
                    "deposed": [],
                    "provider": ""
                },
                "data.terraform_remote_state.remote_state": {
                    "type": "terraform_remote_state",
                    "depends_on": [],
                    "primary": {
                        "id": "2017-07-19 15:14:39.8130824 +0000 UTC",
                        "attributes": {
                            "ConfigNotificationSettings_stream_arn": "arn:aws:dynamodb:eu-west-1:825904718481:table/dave-em-ConfigNotificationSettings/stream/2017-07-19T13:21:11.794",
                            "backend": "s3",
                            "config.%": "2",
                            "config.bucket": "daveandjake-remote-state",
                            "config.key": "dave",
                            "environment": "default",
                            "id": "2017-07-19 15:14:39.8130824 +0000 UTC",
                            "tableInfraConfigLbSettings_stream_arn": "arn:aws:dynamodb:eu-west-1:825904718481:table/dave-em-InfraConfigLbSettings/stream/2017-07-19T13:21:18.170"
                        },
                        "meta": {},
                        "tainted": false
                    },
                    "deposed": [],
                    "provider": ""
                }
            },
            "depends_on": []
        }
    ]
}
