{
    "version": 3,
    "terraform_version": "0.9.8",
    "serial": 23,
    "lineage": "dd6dc50a-9bbe-4a21-8bac-a66a982c909a",
    "modules": [
        {
            "path": [
                "root"
            ],
            "outputs": {
                "ConfigLBUpstream_stream_arn": {
                    "sensitive": false,
                    "type": "string",
                    "value": "arn:aws:dynamodb:eu-west-1:825904718481:table/ConfigLBUpstream/stream/2017-07-06T12:57:29.934"
                },
                "ConfigNotificationSettings_stream_arn": {
                    "sensitive": false,
                    "type": "string",
                    "value": "arn:aws:dynamodb:eu-west-1:825904718481:table/ConfigNotificationSettings/stream/2017-07-06T12:57:19.151"
                },
                "lambdaInfraEnvironmentManagerAudit_id": {
                    "sensitive": false,
                    "type": "string",
                    "value": "InfraEnvironmentManagerAudit"
                },
                "lambdaInfraEnvironmentManagerLbSettingsRouter_id": {
                    "sensitive": false,
                    "type": "string",
                    "value": "lambdaInfraEnvironmentManagerLbSettingsRouter"
                },
                "roleInfraEnvironmentManagerAudit_id": {
                    "sensitive": false,
                    "type": "string",
                    "value": "roleInfraEnvironmentManagerAudit"
                },
                "tableInfraConfigLbSettings_stream_arn": {
                    "sensitive": false,
                    "type": "string",
                    "value": "arn:aws:dynamodb:eu-west-1:825904718481:table/tableInfraConfigLbSettings/stream/2017-07-06T12:57:20.772"
                }
            },
            "resources": {
                "aws_cloudwatch_metric_alarm.AlertReadCapacityConfigCompletedDeployments": {
                    "type": "aws_cloudwatch_metric_alarm",
                    "depends_on": [
                        "aws_sns_topic.AlertSNSTopic"
                    ],
                    "primary": {
                        "id": "AlertReadCapacityConfigCompletedDeployments",
                        "attributes": {
                            "actions_enabled": "true",
                            "alarm_actions.#": "1",
                            "alarm_actions.987169351": "arn:aws:sns:eu-west-1:825904718481:AlertSNSTopic",
                            "alarm_description": "AlertReadCapacityConfigCompletedDeployments",
                            "alarm_name": "AlertReadCapacityConfigCompletedDeployments",
                            "comparison_operator": "GreaterThanThreshold",
                            "dimensions.%": "1",
                            "dimensions.TableName": "ConfigCompletedDeployments",
                            "evaluate_low_sample_count_percentiles": "",
                            "evaluation_periods": "1",
                            "extended_statistic": "",
                            "id": "AlertReadCapacityConfigCompletedDeployments",
                            "insufficient_data_actions.#": "0",
                            "metric_name": "ConsumedReadCapacityUnits",
                            "namespace": "AWS/DynamoDB",
                            "ok_actions.#": "0",
                            "period": "60",
                            "statistic": "Sum",
                            "threshold": "8",
                            "treat_missing_data": "missing",
                            "unit": ""
                        },
                        "meta": {
                            "schema_version": "1"
                        },
                        "tainted": false
                    },
                    "deposed": [],
                    "provider": ""
                },
                "aws_cloudwatch_metric_alarm.AlertReadCapacityConfigDeploymentExecutionStatus": {
                    "type": "aws_cloudwatch_metric_alarm",
                    "depends_on": [
                        "aws_sns_topic.AlertSNSTopic"
                    ],
                    "primary": {
                        "id": "AlertReadCapacityConfigDeploymentExecutionStatus",
                        "attributes": {
                            "actions_enabled": "true",
                            "alarm_actions.#": "1",
                            "alarm_actions.987169351": "arn:aws:sns:eu-west-1:825904718481:AlertSNSTopic",
                            "alarm_description": "AlertReadCapacityConfigDeploymentExecutionStatus",
                            "alarm_name": "AlertReadCapacityConfigDeploymentExecutionStatus",
                            "comparison_operator": "GreaterThanThreshold",
                            "dimensions.%": "1",
                            "dimensions.TableName": "ConfigDeploymentExecutionStatus",
                            "evaluate_low_sample_count_percentiles": "",
                            "evaluation_periods": "1",
                            "extended_statistic": "",
                            "id": "AlertReadCapacityConfigDeploymentExecutionStatus",
                            "insufficient_data_actions.#": "0",
                            "metric_name": "ConsumedReadCapacityUnits",
                            "namespace": "AWS/DynamoDB",
                            "ok_actions.#": "0",
                            "period": "60",
                            "statistic": "Sum",
                            "threshold": "8",
                            "treat_missing_data": "missing",
                            "unit": ""
                        },
                        "meta": {
                            "schema_version": "1"
                        },
                        "tainted": false
                    },
                    "deposed": [],
                    "provider": ""
                },
                "aws_cloudwatch_metric_alarm.AlertReadCapacityConfigDeploymentMaps": {
                    "type": "aws_cloudwatch_metric_alarm",
                    "depends_on": [
                        "aws_sns_topic.AlertSNSTopic"
                    ],
                    "primary": {
                        "id": "AlertReadCapacityConfigDeploymentMaps",
                        "attributes": {
                            "actions_enabled": "true",
                            "alarm_actions.#": "1",
                            "alarm_actions.987169351": "arn:aws:sns:eu-west-1:825904718481:AlertSNSTopic",
                            "alarm_description": "AlertReadCapacityConfigDeploymentMaps",
                            "alarm_name": "AlertReadCapacityConfigDeploymentMaps",
                            "comparison_operator": "GreaterThanThreshold",
                            "dimensions.%": "1",
                            "dimensions.TableName": "ConfigDeploymentMaps",
                            "evaluate_low_sample_count_percentiles": "",
                            "evaluation_periods": "1",
                            "extended_statistic": "",
                            "id": "AlertReadCapacityConfigDeploymentMaps",
                            "insufficient_data_actions.#": "0",
                            "metric_name": "ConsumedReadCapacityUnits",
                            "namespace": "AWS/DynamoDB",
                            "ok_actions.#": "0",
                            "period": "60",
                            "statistic": "Sum",
                            "threshold": "8",
                            "treat_missing_data": "missing",
                            "unit": ""
                        },
                        "meta": {
                            "schema_version": "1"
                        },
                        "tainted": false
                    },
                    "deposed": [],
                    "provider": ""
                },
                "aws_cloudwatch_metric_alarm.AlertReadCapacityConfigEnvironmentTypes": {
                    "type": "aws_cloudwatch_metric_alarm",
                    "depends_on": [
                        "aws_sns_topic.AlertSNSTopic"
                    ],
                    "primary": {
                        "id": "AlertReadCapacityConfigEnvironmentTypes",
                        "attributes": {
                            "actions_enabled": "true",
                            "alarm_actions.#": "1",
                            "alarm_actions.987169351": "arn:aws:sns:eu-west-1:825904718481:AlertSNSTopic",
                            "alarm_description": "AlertReadCapacityConfigEnvironmentTypes",
                            "alarm_name": "AlertReadCapacityConfigEnvironmentTypes",
                            "comparison_operator": "GreaterThanThreshold",
                            "dimensions.%": "1",
                            "dimensions.TableName": "ConfigEnvironmentTypes",
                            "evaluate_low_sample_count_percentiles": "",
                            "evaluation_periods": "1",
                            "extended_statistic": "",
                            "id": "AlertReadCapacityConfigEnvironmentTypes",
                            "insufficient_data_actions.#": "0",
                            "metric_name": "ConsumedReadCapacityUnits",
                            "namespace": "AWS/DynamoDB",
                            "ok_actions.#": "0",
                            "period": "60",
                            "statistic": "Sum",
                            "threshold": "8",
                            "treat_missing_data": "missing",
                            "unit": ""
                        },
                        "meta": {
                            "schema_version": "1"
                        },
                        "tainted": false
                    },
                    "deposed": [],
                    "provider": ""
                },
                "aws_cloudwatch_metric_alarm.AlertReadCapacityConfigEnvironments": {
                    "type": "aws_cloudwatch_metric_alarm",
                    "depends_on": [
                        "aws_sns_topic.AlertSNSTopic"
                    ],
                    "primary": {
                        "id": "AlertReadCapacityConfigEnvironments",
                        "attributes": {
                            "actions_enabled": "true",
                            "alarm_actions.#": "1",
                            "alarm_actions.987169351": "arn:aws:sns:eu-west-1:825904718481:AlertSNSTopic",
                            "alarm_description": "AlertReadCapacityConfigEnvironments",
                            "alarm_name": "AlertReadCapacityConfigEnvironments",
                            "comparison_operator": "GreaterThanThreshold",
                            "dimensions.%": "1",
                            "dimensions.TableName": "ConfigEnvironments",
                            "evaluate_low_sample_count_percentiles": "",
                            "evaluation_periods": "1",
                            "extended_statistic": "",
                            "id": "AlertReadCapacityConfigEnvironments",
                            "insufficient_data_actions.#": "0",
                            "metric_name": "ConsumedReadCapacityUnits",
                            "namespace": "AWS/DynamoDB",
                            "ok_actions.#": "0",
                            "period": "60",
                            "statistic": "Sum",
                            "threshold": "8",
                            "treat_missing_data": "missing",
                            "unit": ""
                        },
                        "meta": {
                            "schema_version": "1"
                        },
                        "tainted": false
                    },
                    "deposed": [],
                    "provider": ""
                },
                "aws_cloudwatch_metric_alarm.AlertReadCapacityConfigLBSettings": {
                    "type": "aws_cloudwatch_metric_alarm",
                    "depends_on": [
                        "aws_sns_topic.AlertSNSTopic"
                    ],
                    "primary": {
                        "id": "AlertReadCapacityConfigLBSettings",
                        "attributes": {
                            "actions_enabled": "true",
                            "alarm_actions.#": "1",
                            "alarm_actions.987169351": "arn:aws:sns:eu-west-1:825904718481:AlertSNSTopic",
                            "alarm_description": "AlertReadCapacityConfigLBSettings",
                            "alarm_name": "AlertReadCapacityConfigLBSettings",
                            "comparison_operator": "GreaterThanThreshold",
                            "dimensions.%": "1",
                            "dimensions.TableName": "ConfigLBSettings",
                            "evaluate_low_sample_count_percentiles": "",
                            "evaluation_periods": "1",
                            "extended_statistic": "",
                            "id": "AlertReadCapacityConfigLBSettings",
                            "insufficient_data_actions.#": "0",
                            "metric_name": "ConsumedReadCapacityUnits",
                            "namespace": "AWS/DynamoDB",
                            "ok_actions.#": "0",
                            "period": "60",
                            "statistic": "Sum",
                            "threshold": "8",
                            "treat_missing_data": "missing",
                            "unit": ""
                        },
                        "meta": {
                            "schema_version": "1"
                        },
                        "tainted": false
                    },
                    "deposed": [],
                    "provider": ""
                },
                "aws_cloudwatch_metric_alarm.AlertReadCapacityConfigLBUpstream": {
                    "type": "aws_cloudwatch_metric_alarm",
                    "depends_on": [
                        "aws_sns_topic.AlertSNSTopic"
                    ],
                    "primary": {
                        "id": "AlertReadCapacityConfigLBUpstream",
                        "attributes": {
                            "actions_enabled": "true",
                            "alarm_actions.#": "1",
                            "alarm_actions.987169351": "arn:aws:sns:eu-west-1:825904718481:AlertSNSTopic",
                            "alarm_description": "AlertReadCapacityConfigLBUpstream",
                            "alarm_name": "AlertReadCapacityConfigLBUpstream",
                            "comparison_operator": "GreaterThanThreshold",
                            "dimensions.%": "1",
                            "dimensions.TableName": "ConfigLBUpstream",
                            "evaluate_low_sample_count_percentiles": "",
                            "evaluation_periods": "1",
                            "extended_statistic": "",
                            "id": "AlertReadCapacityConfigLBUpstream",
                            "insufficient_data_actions.#": "0",
                            "metric_name": "ConsumedReadCapacityUnits",
                            "namespace": "AWS/DynamoDB",
                            "ok_actions.#": "0",
                            "period": "60",
                            "statistic": "Sum",
                            "threshold": "8",
                            "treat_missing_data": "missing",
                            "unit": ""
                        },
                        "meta": {
                            "schema_version": "1"
                        },
                        "tainted": false
                    },
                    "deposed": [],
                    "provider": ""
                },
                "aws_cloudwatch_metric_alarm.AlertReadCapacityConfigNotificationSettings": {
                    "type": "aws_cloudwatch_metric_alarm",
                    "depends_on": [
                        "aws_sns_topic.AlertSNSTopic"
                    ],
                    "primary": {
                        "id": "AlertReadCapacityConfigNotificationSettings",
                        "attributes": {
                            "actions_enabled": "true",
                            "alarm_actions.#": "1",
                            "alarm_actions.987169351": "arn:aws:sns:eu-west-1:825904718481:AlertSNSTopic",
                            "alarm_description": "AlertReadCapacityConfigNotificationSettings",
                            "alarm_name": "AlertReadCapacityConfigNotificationSettings",
                            "comparison_operator": "GreaterThanThreshold",
                            "dimensions.%": "1",
                            "dimensions.TableName": "ConfigNotificationSettings",
                            "evaluate_low_sample_count_percentiles": "",
                            "evaluation_periods": "1",
                            "extended_statistic": "",
                            "id": "AlertReadCapacityConfigNotificationSettings",
                            "insufficient_data_actions.#": "0",
                            "metric_name": "ConsumedReadCapacityUnits",
                            "namespace": "AWS/DynamoDB",
                            "ok_actions.#": "0",
                            "period": "60",
                            "statistic": "Sum",
                            "threshold": "8",
                            "treat_missing_data": "missing",
                            "unit": ""
                        },
                        "meta": {
                            "schema_version": "1"
                        },
                        "tainted": false
                    },
                    "deposed": [],
                    "provider": ""
                },
                "aws_cloudwatch_metric_alarm.AlertReadCapacityConfigServices": {
                    "type": "aws_cloudwatch_metric_alarm",
                    "depends_on": [
                        "aws_sns_topic.AlertSNSTopic"
                    ],
                    "primary": {
                        "id": "AlertReadCapacityConfigServices",
                        "attributes": {
                            "actions_enabled": "true",
                            "alarm_actions.#": "1",
                            "alarm_actions.987169351": "arn:aws:sns:eu-west-1:825904718481:AlertSNSTopic",
                            "alarm_description": "AlertReadCapacityConfigServices",
                            "alarm_name": "AlertReadCapacityConfigServices",
                            "comparison_operator": "GreaterThanThreshold",
                            "dimensions.%": "1",
                            "dimensions.TableName": "ConfigServices",
                            "evaluate_low_sample_count_percentiles": "",
                            "evaluation_periods": "1",
                            "extended_statistic": "",
                            "id": "AlertReadCapacityConfigServices",
                            "insufficient_data_actions.#": "0",
                            "metric_name": "ConsumedReadCapacityUnits",
                            "namespace": "AWS/DynamoDB",
                            "ok_actions.#": "0",
                            "period": "60",
                            "statistic": "Sum",
                            "threshold": "8",
                            "treat_missing_data": "missing",
                            "unit": ""
                        },
                        "meta": {
                            "schema_version": "1"
                        },
                        "tainted": false
                    },
                    "deposed": [],
                    "provider": ""
                },
                "aws_cloudwatch_metric_alarm.AlertReadCapacityInfraAsgIPs": {
                    "type": "aws_cloudwatch_metric_alarm",
                    "depends_on": [
                        "aws_sns_topic.AlertSNSTopic"
                    ],
                    "primary": {
                        "id": "AlertReadCapacityInfraAsgIPs",
                        "attributes": {
                            "actions_enabled": "true",
                            "alarm_actions.#": "1",
                            "alarm_actions.987169351": "arn:aws:sns:eu-west-1:825904718481:AlertSNSTopic",
                            "alarm_description": "AlertReadCapacityInfraAsgIPs",
                            "alarm_name": "AlertReadCapacityInfraAsgIPs",
                            "comparison_operator": "GreaterThanThreshold",
                            "dimensions.%": "1",
                            "dimensions.TableName": "InfraAsgIPs",
                            "evaluate_low_sample_count_percentiles": "",
                            "evaluation_periods": "1",
                            "extended_statistic": "",
                            "id": "AlertReadCapacityInfraAsgIPs",
                            "insufficient_data_actions.#": "0",
                            "metric_name": "ConsumedReadCapacityUnits",
                            "namespace": "AWS/DynamoDB",
                            "ok_actions.#": "0",
                            "period": "60",
                            "statistic": "Sum",
                            "threshold": "8",
                            "treat_missing_data": "missing",
                            "unit": ""
                        },
                        "meta": {
                            "schema_version": "1"
                        },
                        "tainted": false
                    },
                    "deposed": [],
                    "provider": ""
                },
                "aws_cloudwatch_metric_alarm.AlertReadCapacityInfraChangeAudit": {
                    "type": "aws_cloudwatch_metric_alarm",
                    "depends_on": [
                        "aws_sns_topic.AlertSNSTopic"
                    ],
                    "primary": {
                        "id": "AlertReadCapacityInfraChangeAudit",
                        "attributes": {
                            "actions_enabled": "true",
                            "alarm_actions.#": "1",
                            "alarm_actions.987169351": "arn:aws:sns:eu-west-1:825904718481:AlertSNSTopic",
                            "alarm_description": "AlertReadCapacityInfraChangeAudit",
                            "alarm_name": "AlertReadCapacityInfraChangeAudit",
                            "comparison_operator": "GreaterThanThreshold",
                            "dimensions.%": "1",
                            "dimensions.TableName": "InfraChangeAudit",
                            "evaluate_low_sample_count_percentiles": "",
                            "evaluation_periods": "1",
                            "extended_statistic": "",
                            "id": "AlertReadCapacityInfraChangeAudit",
                            "insufficient_data_actions.#": "0",
                            "metric_name": "ConsumedReadCapacityUnits",
                            "namespace": "AWS/DynamoDB",
                            "ok_actions.#": "0",
                            "period": "60",
                            "statistic": "Sum",
                            "threshold": "8",
                            "treat_missing_data": "missing",
                            "unit": ""
                        },
                        "meta": {
                            "schema_version": "1"
                        },
                        "tainted": false
                    },
                    "deposed": [],
                    "provider": ""
                },
                "aws_cloudwatch_metric_alarm.AlertReadCapacityInfraConfigAccounts": {
                    "type": "aws_cloudwatch_metric_alarm",
                    "depends_on": [
                        "aws_sns_topic.AlertSNSTopic"
                    ],
                    "primary": {
                        "id": "AlertReadCapacityInfraConfigAccounts",
                        "attributes": {
                            "actions_enabled": "true",
                            "alarm_actions.#": "1",
                            "alarm_actions.987169351": "arn:aws:sns:eu-west-1:825904718481:AlertSNSTopic",
                            "alarm_description": "AlertReadCapacityInfraConfigAccounts",
                            "alarm_name": "AlertReadCapacityInfraConfigAccounts",
                            "comparison_operator": "GreaterThanThreshold",
                            "dimensions.%": "1",
                            "dimensions.TableName": "InfraConfigAccounts",
                            "evaluate_low_sample_count_percentiles": "",
                            "evaluation_periods": "1",
                            "extended_statistic": "",
                            "id": "AlertReadCapacityInfraConfigAccounts",
                            "insufficient_data_actions.#": "0",
                            "metric_name": "ConsumedReadCapacityUnits",
                            "namespace": "AWS/DynamoDB",
                            "ok_actions.#": "0",
                            "period": "60",
                            "statistic": "Sum",
                            "threshold": "8",
                            "treat_missing_data": "missing",
                            "unit": ""
                        },
                        "meta": {
                            "schema_version": "1"
                        },
                        "tainted": false
                    },
                    "deposed": [],
                    "provider": ""
                },
                "aws_cloudwatch_metric_alarm.AlertReadCapacityInfraConfigClusters": {
                    "type": "aws_cloudwatch_metric_alarm",
                    "depends_on": [
                        "aws_sns_topic.AlertSNSTopic"
                    ],
                    "primary": {
                        "id": "AlertReadCapacityInfraConfigClusters",
                        "attributes": {
                            "actions_enabled": "true",
                            "alarm_actions.#": "1",
                            "alarm_actions.987169351": "arn:aws:sns:eu-west-1:825904718481:AlertSNSTopic",
                            "alarm_description": "AlertReadCapacityInfraConfigClusters",
                            "alarm_name": "AlertReadCapacityInfraConfigClusters",
                            "comparison_operator": "GreaterThanThreshold",
                            "dimensions.%": "1",
                            "dimensions.TableName": "InfraConfigClusters",
                            "evaluate_low_sample_count_percentiles": "",
                            "evaluation_periods": "1",
                            "extended_statistic": "",
                            "id": "AlertReadCapacityInfraConfigClusters",
                            "insufficient_data_actions.#": "0",
                            "metric_name": "ConsumedReadCapacityUnits",
                            "namespace": "AWS/DynamoDB",
                            "ok_actions.#": "0",
                            "period": "60",
                            "statistic": "Sum",
                            "threshold": "8",
                            "treat_missing_data": "missing",
                            "unit": ""
                        },
                        "meta": {
                            "schema_version": "1"
                        },
                        "tainted": false
                    },
                    "deposed": [],
                    "provider": ""
                },
                "aws_cloudwatch_metric_alarm.AlertReadCapacityInfraConfigPermissions": {
                    "type": "aws_cloudwatch_metric_alarm",
                    "depends_on": [
                        "aws_sns_topic.AlertSNSTopic"
                    ],
                    "primary": {
                        "id": "AlertReadCapacityInfraConfigPermissions",
                        "attributes": {
                            "actions_enabled": "true",
                            "alarm_actions.#": "1",
                            "alarm_actions.987169351": "arn:aws:sns:eu-west-1:825904718481:AlertSNSTopic",
                            "alarm_description": "AlertReadCapacityInfraConfigPermissions",
                            "alarm_name": "AlertReadCapacityInfraConfigPermissions",
                            "comparison_operator": "GreaterThanThreshold",
                            "dimensions.%": "1",
                            "dimensions.TableName": "InfraConfigPermissions",
                            "evaluate_low_sample_count_percentiles": "",
                            "evaluation_periods": "1",
                            "extended_statistic": "",
                            "id": "AlertReadCapacityInfraConfigPermissions",
                            "insufficient_data_actions.#": "0",
                            "metric_name": "ConsumedReadCapacityUnits",
                            "namespace": "AWS/DynamoDB",
                            "ok_actions.#": "0",
                            "period": "60",
                            "statistic": "Sum",
                            "threshold": "8",
                            "treat_missing_data": "missing",
                            "unit": ""
                        },
                        "meta": {
                            "schema_version": "1"
                        },
                        "tainted": false
                    },
                    "deposed": [],
                    "provider": ""
                },
                "aws_cloudwatch_metric_alarm.AlertReadCapacityInfraEnvManagerSessions": {
                    "type": "aws_cloudwatch_metric_alarm",
                    "depends_on": [
                        "aws_sns_topic.AlertSNSTopic"
                    ],
                    "primary": {
                        "id": "AlertReadCapacityInfraEnvManagerSessions",
                        "attributes": {
                            "actions_enabled": "true",
                            "alarm_actions.#": "1",
                            "alarm_actions.987169351": "arn:aws:sns:eu-west-1:825904718481:AlertSNSTopic",
                            "alarm_description": "AlertReadCapacityInfraEnvManagerSessions",
                            "alarm_name": "AlertReadCapacityInfraEnvManagerSessions",
                            "comparison_operator": "GreaterThanThreshold",
                            "dimensions.%": "1",
                            "dimensions.TableName": "InfraEnvManagerSessions",
                            "evaluate_low_sample_count_percentiles": "",
                            "evaluation_periods": "1",
                            "extended_statistic": "",
                            "id": "AlertReadCapacityInfraEnvManagerSessions",
                            "insufficient_data_actions.#": "0",
                            "metric_name": "ConsumedReadCapacityUnits",
                            "namespace": "AWS/DynamoDB",
                            "ok_actions.#": "0",
                            "period": "60",
                            "statistic": "Sum",
                            "threshold": "8",
                            "treat_missing_data": "missing",
                            "unit": ""
                        },
                        "meta": {
                            "schema_version": "1"
                        },
                        "tainted": false
                    },
                    "deposed": [],
                    "provider": ""
                },
                "aws_cloudwatch_metric_alarm.AlertReadCapacityInfraOpsEnvironment": {
                    "type": "aws_cloudwatch_metric_alarm",
                    "depends_on": [
                        "aws_sns_topic.AlertSNSTopic"
                    ],
                    "primary": {
                        "id": "AlertReadCapacityInfraOpsEnvironment",
                        "attributes": {
                            "actions_enabled": "true",
                            "alarm_actions.#": "1",
                            "alarm_actions.987169351": "arn:aws:sns:eu-west-1:825904718481:AlertSNSTopic",
                            "alarm_description": "AlertReadCapacityInfraOpsEnvironment",
                            "alarm_name": "AlertReadCapacityInfraOpsEnvironment",
                            "comparison_operator": "GreaterThanThreshold",
                            "dimensions.%": "1",
                            "dimensions.TableName": "InfraOpsEnvironment",
                            "evaluate_low_sample_count_percentiles": "",
                            "evaluation_periods": "1",
                            "extended_statistic": "",
                            "id": "AlertReadCapacityInfraOpsEnvironment",
                            "insufficient_data_actions.#": "0",
                            "metric_name": "ConsumedReadCapacityUnits",
                            "namespace": "AWS/DynamoDB",
                            "ok_actions.#": "0",
                            "period": "60",
                            "statistic": "Sum",
                            "threshold": "8",
                            "treat_missing_data": "missing",
                            "unit": ""
                        },
                        "meta": {
                            "schema_version": "1"
                        },
                        "tainted": false
                    },
                    "deposed": [],
                    "provider": ""
                },
                "aws_cloudwatch_metric_alarm.AlertWriteCapacityConfigCompletedDeployments": {
                    "type": "aws_cloudwatch_metric_alarm",
                    "depends_on": [
                        "aws_sns_topic.AlertSNSTopic"
                    ],
                    "primary": {
                        "id": "AlertWriteCapacityConfigCompletedDeployments",
                        "attributes": {
                            "actions_enabled": "true",
                            "alarm_actions.#": "1",
                            "alarm_actions.987169351": "arn:aws:sns:eu-west-1:825904718481:AlertSNSTopic",
                            "alarm_description": "AlertWriteCapacityConfigCompletedDeployments",
                            "alarm_name": "AlertWriteCapacityConfigCompletedDeployments",
                            "comparison_operator": "GreaterThanThreshold",
                            "dimensions.%": "1",
                            "dimensions.TableName": "ConfigCompletedDeployments",
                            "evaluate_low_sample_count_percentiles": "",
                            "evaluation_periods": "1",
                            "extended_statistic": "",
                            "id": "AlertWriteCapacityConfigCompletedDeployments",
                            "insufficient_data_actions.#": "0",
                            "metric_name": "ConsumedWriteCapacityUnits",
                            "namespace": "AWS/DynamoDB",
                            "ok_actions.#": "0",
                            "period": "60",
                            "statistic": "Sum",
                            "threshold": "1.6",
                            "treat_missing_data": "missing",
                            "unit": ""
                        },
                        "meta": {
                            "schema_version": "1"
                        },
                        "tainted": false
                    },
                    "deposed": [],
                    "provider": ""
                },
                "aws_cloudwatch_metric_alarm.AlertWriteCapacityConfigDeploymentExecutionStatus": {
                    "type": "aws_cloudwatch_metric_alarm",
                    "depends_on": [
                        "aws_sns_topic.AlertSNSTopic"
                    ],
                    "primary": {
                        "id": "AlertWriteCapacityConfigDeploymentExecutionStatus",
                        "attributes": {
                            "actions_enabled": "true",
                            "alarm_actions.#": "1",
                            "alarm_actions.987169351": "arn:aws:sns:eu-west-1:825904718481:AlertSNSTopic",
                            "alarm_description": "AlertWriteCapacityConfigDeploymentExecutionStatus",
                            "alarm_name": "AlertWriteCapacityConfigDeploymentExecutionStatus",
                            "comparison_operator": "GreaterThanThreshold",
                            "dimensions.%": "1",
                            "dimensions.TableName": "ConfigDeploymentExecutionStatus",
                            "evaluate_low_sample_count_percentiles": "",
                            "evaluation_periods": "1",
                            "extended_statistic": "",
                            "id": "AlertWriteCapacityConfigDeploymentExecutionStatus",
                            "insufficient_data_actions.#": "0",
                            "metric_name": "ConsumedWriteCapacityUnits",
                            "namespace": "AWS/DynamoDB",
                            "ok_actions.#": "0",
                            "period": "60",
                            "statistic": "Sum",
                            "threshold": "1.6",
                            "treat_missing_data": "missing",
                            "unit": ""
                        },
                        "meta": {
                            "schema_version": "1"
                        },
                        "tainted": false
                    },
                    "deposed": [],
                    "provider": ""
                },
                "aws_cloudwatch_metric_alarm.AlertWriteCapacityConfigDeploymentMaps": {
                    "type": "aws_cloudwatch_metric_alarm",
                    "depends_on": [
                        "aws_sns_topic.AlertSNSTopic"
                    ],
                    "primary": {
                        "id": "AlertWriteCapacityConfigDeploymentMaps",
                        "attributes": {
                            "actions_enabled": "true",
                            "alarm_actions.#": "1",
                            "alarm_actions.987169351": "arn:aws:sns:eu-west-1:825904718481:AlertSNSTopic",
                            "alarm_description": "AlertWriteCapacityConfigDeploymentMaps",
                            "alarm_name": "AlertWriteCapacityConfigDeploymentMaps",
                            "comparison_operator": "GreaterThanThreshold",
                            "dimensions.%": "1",
                            "dimensions.TableName": "ConfigServices",
                            "evaluate_low_sample_count_percentiles": "",
                            "evaluation_periods": "1",
                            "extended_statistic": "",
                            "id": "AlertWriteCapacityConfigDeploymentMaps",
                            "insufficient_data_actions.#": "0",
                            "metric_name": "ConsumedWriteCapacityUnits",
                            "namespace": "AWS/DynamoDB",
                            "ok_actions.#": "0",
                            "period": "60",
                            "statistic": "Sum",
                            "threshold": "1.6",
                            "treat_missing_data": "missing",
                            "unit": ""
                        },
                        "meta": {
                            "schema_version": "1"
                        },
                        "tainted": false
                    },
                    "deposed": [],
                    "provider": ""
                },
                "aws_cloudwatch_metric_alarm.AlertWriteCapacityConfigEnvironmentTypes": {
                    "type": "aws_cloudwatch_metric_alarm",
                    "depends_on": [
                        "aws_sns_topic.AlertSNSTopic"
                    ],
                    "primary": {
                        "id": "AlertWriteCapacityConfigEnvironmentTypes",
                        "attributes": {
                            "actions_enabled": "true",
                            "alarm_actions.#": "1",
                            "alarm_actions.987169351": "arn:aws:sns:eu-west-1:825904718481:AlertSNSTopic",
                            "alarm_description": "AlertWriteCapacityConfigEnvironmentTypes",
                            "alarm_name": "AlertWriteCapacityConfigEnvironmentTypes",
                            "comparison_operator": "GreaterThanThreshold",
                            "dimensions.%": "1",
                            "dimensions.TableName": "ConfigEnvironmentTypes",
                            "evaluate_low_sample_count_percentiles": "",
                            "evaluation_periods": "1",
                            "extended_statistic": "",
                            "id": "AlertWriteCapacityConfigEnvironmentTypes",
                            "insufficient_data_actions.#": "0",
                            "metric_name": "ConsumedWriteCapacityUnits",
                            "namespace": "AWS/DynamoDB",
                            "ok_actions.#": "0",
                            "period": "60",
                            "statistic": "Sum",
                            "threshold": "1.6",
                            "treat_missing_data": "missing",
                            "unit": ""
                        },
                        "meta": {
                            "schema_version": "1"
                        },
                        "tainted": false
                    },
                    "deposed": [],
                    "provider": ""
                },
                "aws_cloudwatch_metric_alarm.AlertWriteCapacityConfigEnvironments": {
                    "type": "aws_cloudwatch_metric_alarm",
                    "depends_on": [
                        "aws_sns_topic.AlertSNSTopic"
                    ],
                    "primary": {
                        "id": "AlertWriteCapacityConfigEnvironments",
                        "attributes": {
                            "actions_enabled": "true",
                            "alarm_actions.#": "1",
                            "alarm_actions.987169351": "arn:aws:sns:eu-west-1:825904718481:AlertSNSTopic",
                            "alarm_description": "AlertWriteCapacityConfigEnvironments",
                            "alarm_name": "AlertWriteCapacityConfigEnvironments",
                            "comparison_operator": "GreaterThanThreshold",
                            "dimensions.%": "1",
                            "dimensions.TableName": "ConfigEnvironments",
                            "evaluate_low_sample_count_percentiles": "",
                            "evaluation_periods": "1",
                            "extended_statistic": "",
                            "id": "AlertWriteCapacityConfigEnvironments",
                            "insufficient_data_actions.#": "0",
                            "metric_name": "ConsumedWriteCapacityUnits",
                            "namespace": "AWS/DynamoDB",
                            "ok_actions.#": "0",
                            "period": "60",
                            "statistic": "Sum",
                            "threshold": "1.6",
                            "treat_missing_data": "missing",
                            "unit": ""
                        },
                        "meta": {
                            "schema_version": "1"
                        },
                        "tainted": false
                    },
                    "deposed": [],
                    "provider": ""
                },
                "aws_cloudwatch_metric_alarm.AlertWriteCapacityConfigLBSettings": {
                    "type": "aws_cloudwatch_metric_alarm",
                    "depends_on": [
                        "aws_sns_topic.AlertSNSTopic"
                    ],
                    "primary": {
                        "id": "AlertWriteCapacityConfigLBSettings",
                        "attributes": {
                            "actions_enabled": "true",
                            "alarm_actions.#": "1",
                            "alarm_actions.987169351": "arn:aws:sns:eu-west-1:825904718481:AlertSNSTopic",
                            "alarm_description": "AlertWriteCapacityConfigLBSettings",
                            "alarm_name": "AlertWriteCapacityConfigLBSettings",
                            "comparison_operator": "GreaterThanThreshold",
                            "dimensions.%": "1",
                            "dimensions.TableName": "ConfigServices",
                            "evaluate_low_sample_count_percentiles": "",
                            "evaluation_periods": "1",
                            "extended_statistic": "",
                            "id": "AlertWriteCapacityConfigLBSettings",
                            "insufficient_data_actions.#": "0",
                            "metric_name": "ConsumedWriteCapacityUnits",
                            "namespace": "AWS/DynamoDB",
                            "ok_actions.#": "0",
                            "period": "60",
                            "statistic": "Sum",
                            "threshold": "1.6",
                            "treat_missing_data": "missing",
                            "unit": ""
                        },
                        "meta": {
                            "schema_version": "1"
                        },
                        "tainted": false
                    },
                    "deposed": [],
                    "provider": ""
                },
                "aws_cloudwatch_metric_alarm.AlertWriteCapacityConfigLBUpstream": {
                    "type": "aws_cloudwatch_metric_alarm",
                    "depends_on": [
                        "aws_sns_topic.AlertSNSTopic"
                    ],
                    "primary": {
                        "id": "AlertWriteCapacityConfigLBUpstream",
                        "attributes": {
                            "actions_enabled": "true",
                            "alarm_actions.#": "1",
                            "alarm_actions.987169351": "arn:aws:sns:eu-west-1:825904718481:AlertSNSTopic",
                            "alarm_description": "AlertWriteCapacityConfigLBUpstream",
                            "alarm_name": "AlertWriteCapacityConfigLBUpstream",
                            "comparison_operator": "GreaterThanThreshold",
                            "dimensions.%": "1",
                            "dimensions.TableName": "ConfigLBUpstream",
                            "evaluate_low_sample_count_percentiles": "",
                            "evaluation_periods": "1",
                            "extended_statistic": "",
                            "id": "AlertWriteCapacityConfigLBUpstream",
                            "insufficient_data_actions.#": "0",
                            "metric_name": "ConsumedWriteCapacityUnits",
                            "namespace": "AWS/DynamoDB",
                            "ok_actions.#": "0",
                            "period": "60",
                            "statistic": "Sum",
                            "threshold": "1.6",
                            "treat_missing_data": "missing",
                            "unit": ""
                        },
                        "meta": {
                            "schema_version": "1"
                        },
                        "tainted": false
                    },
                    "deposed": [],
                    "provider": ""
                },
                "aws_cloudwatch_metric_alarm.AlertWriteCapacityConfigNotificationSettings": {
                    "type": "aws_cloudwatch_metric_alarm",
                    "depends_on": [
                        "aws_sns_topic.AlertSNSTopic"
                    ],
                    "primary": {
                        "id": "AlertWriteCapacityConfigNotificationSettings",
                        "attributes": {
                            "actions_enabled": "true",
                            "alarm_actions.#": "1",
                            "alarm_actions.987169351": "arn:aws:sns:eu-west-1:825904718481:AlertSNSTopic",
                            "alarm_description": "AlertWriteCapacityConfigNotificationSettings",
                            "alarm_name": "AlertWriteCapacityConfigNotificationSettings",
                            "comparison_operator": "GreaterThanThreshold",
                            "dimensions.%": "1",
                            "dimensions.TableName": "ConfigNotificationSettings",
                            "evaluate_low_sample_count_percentiles": "",
                            "evaluation_periods": "1",
                            "extended_statistic": "",
                            "id": "AlertWriteCapacityConfigNotificationSettings",
                            "insufficient_data_actions.#": "0",
                            "metric_name": "ConsumedWriteCapacityUnits",
                            "namespace": "AWS/DynamoDB",
                            "ok_actions.#": "0",
                            "period": "60",
                            "statistic": "Sum",
                            "threshold": "1.6",
                            "treat_missing_data": "missing",
                            "unit": ""
                        },
                        "meta": {
                            "schema_version": "1"
                        },
                        "tainted": false
                    },
                    "deposed": [],
                    "provider": ""
                },
                "aws_cloudwatch_metric_alarm.AlertWriteCapacityConfigServices": {
                    "type": "aws_cloudwatch_metric_alarm",
                    "depends_on": [
                        "aws_sns_topic.AlertSNSTopic"
                    ],
                    "primary": {
                        "id": "AlertWriteCapacityConfigServices",
                        "attributes": {
                            "actions_enabled": "true",
                            "alarm_actions.#": "1",
                            "alarm_actions.987169351": "arn:aws:sns:eu-west-1:825904718481:AlertSNSTopic",
                            "alarm_description": "AlertWriteCapacityConfigServices",
                            "alarm_name": "AlertWriteCapacityConfigServices",
                            "comparison_operator": "GreaterThanThreshold",
                            "dimensions.%": "1",
                            "dimensions.TableName": "ConfigServices",
                            "evaluate_low_sample_count_percentiles": "",
                            "evaluation_periods": "1",
                            "extended_statistic": "",
                            "id": "AlertWriteCapacityConfigServices",
                            "insufficient_data_actions.#": "0",
                            "metric_name": "ConsumedWriteCapacityUnits",
                            "namespace": "AWS/DynamoDB",
                            "ok_actions.#": "0",
                            "period": "60",
                            "statistic": "Sum",
                            "threshold": "1.6",
                            "treat_missing_data": "missing",
                            "unit": ""
                        },
                        "meta": {
                            "schema_version": "1"
                        },
                        "tainted": false
                    },
                    "deposed": [],
                    "provider": ""
                },
                "aws_cloudwatch_metric_alarm.AlertWriteCapacityInfraAsgIPs": {
                    "type": "aws_cloudwatch_metric_alarm",
                    "depends_on": [
                        "aws_sns_topic.AlertSNSTopic"
                    ],
                    "primary": {
                        "id": "AlertWriteCapacityInfraAsgIPs",
                        "attributes": {
                            "actions_enabled": "true",
                            "alarm_actions.#": "1",
                            "alarm_actions.987169351": "arn:aws:sns:eu-west-1:825904718481:AlertSNSTopic",
                            "alarm_description": "AlertWriteCapacityInfraAsgIPs",
                            "alarm_name": "AlertWriteCapacityInfraAsgIPs",
                            "comparison_operator": "GreaterThanThreshold",
                            "dimensions.%": "1",
                            "dimensions.TableName": "InfraAsgIPs",
                            "evaluate_low_sample_count_percentiles": "",
                            "evaluation_periods": "1",
                            "extended_statistic": "",
                            "id": "AlertWriteCapacityInfraAsgIPs",
                            "insufficient_data_actions.#": "0",
                            "metric_name": "ConsumedWriteCapacityUnits",
                            "namespace": "AWS/DynamoDB",
                            "ok_actions.#": "0",
                            "period": "60",
                            "statistic": "Sum",
                            "threshold": "1.6",
                            "treat_missing_data": "missing",
                            "unit": ""
                        },
                        "meta": {
                            "schema_version": "1"
                        },
                        "tainted": false
                    },
                    "deposed": [],
                    "provider": ""
                },
                "aws_cloudwatch_metric_alarm.AlertWriteCapacityInfraChangeAudit": {
                    "type": "aws_cloudwatch_metric_alarm",
                    "depends_on": [
                        "aws_sns_topic.AlertSNSTopic"
                    ],
                    "primary": {
                        "id": "AlertWriteCapacityInfraChangeAudit",
                        "attributes": {
                            "actions_enabled": "true",
                            "alarm_actions.#": "1",
                            "alarm_actions.987169351": "arn:aws:sns:eu-west-1:825904718481:AlertSNSTopic",
                            "alarm_description": "AlertWriteCapacityInfraChangeAudit",
                            "alarm_name": "AlertWriteCapacityInfraChangeAudit",
                            "comparison_operator": "GreaterThanThreshold",
                            "dimensions.%": "1",
                            "dimensions.TableName": "InfraChangeAudit",
                            "evaluate_low_sample_count_percentiles": "",
                            "evaluation_periods": "1",
                            "extended_statistic": "",
                            "id": "AlertWriteCapacityInfraChangeAudit",
                            "insufficient_data_actions.#": "0",
                            "metric_name": "ConsumedWriteCapacityUnits",
                            "namespace": "AWS/DynamoDB",
                            "ok_actions.#": "0",
                            "period": "60",
                            "statistic": "Sum",
                            "threshold": "1.6",
                            "treat_missing_data": "missing",
                            "unit": ""
                        },
                        "meta": {
                            "schema_version": "1"
                        },
                        "tainted": false
                    },
                    "deposed": [],
                    "provider": ""
                },
                "aws_cloudwatch_metric_alarm.AlertWriteCapacityInfraConfigAccounts": {
                    "type": "aws_cloudwatch_metric_alarm",
                    "depends_on": [
                        "aws_sns_topic.AlertSNSTopic"
                    ],
                    "primary": {
                        "id": "AlertWriteCapacityInfraConfigAccounts",
                        "attributes": {
                            "actions_enabled": "true",
                            "alarm_actions.#": "1",
                            "alarm_actions.987169351": "arn:aws:sns:eu-west-1:825904718481:AlertSNSTopic",
                            "alarm_description": "AlertWriteCapacityInfraConfigAccounts",
                            "alarm_name": "AlertWriteCapacityInfraConfigAccounts",
                            "comparison_operator": "GreaterThanThreshold",
                            "dimensions.%": "1",
                            "dimensions.TableName": "InfraConfigAccounts",
                            "evaluate_low_sample_count_percentiles": "",
                            "evaluation_periods": "1",
                            "extended_statistic": "",
                            "id": "AlertWriteCapacityInfraConfigAccounts",
                            "insufficient_data_actions.#": "0",
                            "metric_name": "ConsumedWriteCapacityUnits",
                            "namespace": "AWS/DynamoDB",
                            "ok_actions.#": "0",
                            "period": "60",
                            "statistic": "Sum",
                            "threshold": "1.6",
                            "treat_missing_data": "missing",
                            "unit": ""
                        },
                        "meta": {
                            "schema_version": "1"
                        },
                        "tainted": false
                    },
                    "deposed": [],
                    "provider": ""
                },
                "aws_cloudwatch_metric_alarm.AlertWriteCapacityInfraConfigClusters": {
                    "type": "aws_cloudwatch_metric_alarm",
                    "depends_on": [
                        "aws_sns_topic.AlertSNSTopic"
                    ],
                    "primary": {
                        "id": "AlertWriteCapacityInfraConfigClusters",
                        "attributes": {
                            "actions_enabled": "true",
                            "alarm_actions.#": "1",
                            "alarm_actions.987169351": "arn:aws:sns:eu-west-1:825904718481:AlertSNSTopic",
                            "alarm_description": "AlertWriteCapacityInfraConfigClusters",
                            "alarm_name": "AlertWriteCapacityInfraConfigClusters",
                            "comparison_operator": "GreaterThanThreshold",
                            "dimensions.%": "1",
                            "dimensions.TableName": "InfraConfigClusters",
                            "evaluate_low_sample_count_percentiles": "",
                            "evaluation_periods": "1",
                            "extended_statistic": "",
                            "id": "AlertWriteCapacityInfraConfigClusters",
                            "insufficient_data_actions.#": "0",
                            "metric_name": "ConsumedWriteCapacityUnits",
                            "namespace": "AWS/DynamoDB",
                            "ok_actions.#": "0",
                            "period": "60",
                            "statistic": "Sum",
                            "threshold": "1.6",
                            "treat_missing_data": "missing",
                            "unit": ""
                        },
                        "meta": {
                            "schema_version": "1"
                        },
                        "tainted": false
                    },
                    "deposed": [],
                    "provider": ""
                },
                "aws_cloudwatch_metric_alarm.AlertWriteCapacityInfraConfigPermissions": {
                    "type": "aws_cloudwatch_metric_alarm",
                    "depends_on": [
                        "aws_sns_topic.AlertSNSTopic"
                    ],
                    "primary": {
                        "id": "AlertWriteCapacityInfraConfigPermissions",
                        "attributes": {
                            "actions_enabled": "true",
                            "alarm_actions.#": "1",
                            "alarm_actions.987169351": "arn:aws:sns:eu-west-1:825904718481:AlertSNSTopic",
                            "alarm_description": "AlertWriteCapacityInfraConfigPermissions",
                            "alarm_name": "AlertWriteCapacityInfraConfigPermissions",
                            "comparison_operator": "GreaterThanThreshold",
                            "dimensions.%": "1",
                            "dimensions.TableName": "InfraConfigPermissions",
                            "evaluate_low_sample_count_percentiles": "",
                            "evaluation_periods": "1",
                            "extended_statistic": "",
                            "id": "AlertWriteCapacityInfraConfigPermissions",
                            "insufficient_data_actions.#": "0",
                            "metric_name": "ConsumedWriteCapacityUnits",
                            "namespace": "AWS/DynamoDB",
                            "ok_actions.#": "0",
                            "period": "60",
                            "statistic": "Sum",
                            "threshold": "1.6",
                            "treat_missing_data": "missing",
                            "unit": ""
                        },
                        "meta": {
                            "schema_version": "1"
                        },
                        "tainted": false
                    },
                    "deposed": [],
                    "provider": ""
                },
                "aws_cloudwatch_metric_alarm.AlertWriteCapacityInfraEnvManagerSessions": {
                    "type": "aws_cloudwatch_metric_alarm",
                    "depends_on": [
                        "aws_sns_topic.AlertSNSTopic"
                    ],
                    "primary": {
                        "id": "AlertWriteCapacityInfraEnvManagerSessions",
                        "attributes": {
                            "actions_enabled": "true",
                            "alarm_actions.#": "1",
                            "alarm_actions.987169351": "arn:aws:sns:eu-west-1:825904718481:AlertSNSTopic",
                            "alarm_description": "AlertWriteCapacityInfraEnvManagerSessions",
                            "alarm_name": "AlertWriteCapacityInfraEnvManagerSessions",
                            "comparison_operator": "GreaterThanThreshold",
                            "dimensions.%": "1",
                            "dimensions.TableName": "InfraEnvManagerSessions",
                            "evaluate_low_sample_count_percentiles": "",
                            "evaluation_periods": "1",
                            "extended_statistic": "",
                            "id": "AlertWriteCapacityInfraEnvManagerSessions",
                            "insufficient_data_actions.#": "0",
                            "metric_name": "ConsumedWriteCapacityUnits",
                            "namespace": "AWS/DynamoDB",
                            "ok_actions.#": "0",
                            "period": "60",
                            "statistic": "Sum",
                            "threshold": "1.6",
                            "treat_missing_data": "missing",
                            "unit": ""
                        },
                        "meta": {
                            "schema_version": "1"
                        },
                        "tainted": false
                    },
                    "deposed": [],
                    "provider": ""
                },
                "aws_cloudwatch_metric_alarm.AlertWriteCapacityInfraOpsEnvironment": {
                    "type": "aws_cloudwatch_metric_alarm",
                    "depends_on": [
                        "aws_sns_topic.AlertSNSTopic"
                    ],
                    "primary": {
                        "id": "AlertWriteCapacityInfraOpsEnvironment",
                        "attributes": {
                            "actions_enabled": "true",
                            "alarm_actions.#": "1",
                            "alarm_actions.987169351": "arn:aws:sns:eu-west-1:825904718481:AlertSNSTopic",
                            "alarm_description": "AlertWriteCapacityInfraOpsEnvironment",
                            "alarm_name": "AlertWriteCapacityInfraOpsEnvironment",
                            "comparison_operator": "GreaterThanThreshold",
                            "dimensions.%": "1",
                            "dimensions.TableName": "InfraOpsEnvironment",
                            "evaluate_low_sample_count_percentiles": "",
                            "evaluation_periods": "1",
                            "extended_statistic": "",
                            "id": "AlertWriteCapacityInfraOpsEnvironment",
                            "insufficient_data_actions.#": "0",
                            "metric_name": "ConsumedWriteCapacityUnits",
                            "namespace": "AWS/DynamoDB",
                            "ok_actions.#": "0",
                            "period": "60",
                            "statistic": "Sum",
                            "threshold": "1.6",
                            "treat_missing_data": "missing",
                            "unit": ""
                        },
                        "meta": {
                            "schema_version": "1"
                        },
                        "tainted": false
                    },
                    "deposed": [],
                    "provider": ""
                },
                "aws_cloudwatch_metric_alarm.alertInfraAsgScale": {
                    "type": "aws_cloudwatch_metric_alarm",
                    "depends_on": [
                        "aws_sns_topic.AlertSNSTopic"
                    ],
                    "primary": {
                        "id": "alertInfraAsgScale",
                        "attributes": {
                            "actions_enabled": "true",
                            "alarm_actions.#": "1",
                            "alarm_actions.987169351": "arn:aws:sns:eu-west-1:825904718481:AlertSNSTopic",
                            "alarm_description": "alertInfraAsgScale",
                            "alarm_name": "alertInfraAsgScale",
                            "comparison_operator": "GreaterThanThreshold",
                            "dimensions.%": "1",
                            "dimensions.FunctionName": "InfraAsgScale",
                            "evaluate_low_sample_count_percentiles": "",
                            "evaluation_periods": "1",
                            "extended_statistic": "",
                            "id": "alertInfraAsgScale",
                            "insufficient_data_actions.#": "0",
                            "metric_name": "Errors",
                            "namespace": "AWS/Lambda",
                            "ok_actions.#": "0",
                            "period": "60",
                            "statistic": "Sum",
                            "threshold": "0",
                            "treat_missing_data": "missing",
                            "unit": ""
                        },
                        "meta": {
                            "schema_version": "1"
                        },
                        "tainted": false
                    },
                    "deposed": [],
                    "provider": ""
                },
                "aws_cloudwatch_metric_alarm.alertInfraEnvironmentManagerAudit": {
                    "type": "aws_cloudwatch_metric_alarm",
                    "depends_on": [
                        "aws_sns_topic.AlertSNSTopic"
                    ],
                    "primary": {
                        "id": "alertInfraEnvironmentManagerAudit",
                        "attributes": {
                            "actions_enabled": "true",
                            "alarm_actions.#": "1",
                            "alarm_actions.987169351": "arn:aws:sns:eu-west-1:825904718481:AlertSNSTopic",
                            "alarm_description": "alertInfraEnvironmentManagerAudit",
                            "alarm_name": "alertInfraEnvironmentManagerAudit",
                            "comparison_operator": "GreaterThanThreshold",
                            "dimensions.%": "1",
                            "dimensions.FunctionName": "InfraEnvironmentManagerAudit",
                            "evaluate_low_sample_count_percentiles": "",
                            "evaluation_periods": "1",
                            "extended_statistic": "",
                            "id": "alertInfraEnvironmentManagerAudit",
                            "insufficient_data_actions.#": "0",
                            "metric_name": "Errors",
                            "namespace": "AWS/Lambda",
                            "ok_actions.#": "0",
                            "period": "60",
                            "statistic": "Sum",
                            "threshold": "0",
                            "treat_missing_data": "missing",
                            "unit": ""
                        },
                        "meta": {
                            "schema_version": "1"
                        },
                        "tainted": false
                    },
                    "deposed": [],
                    "provider": ""
                },
                "aws_cloudwatch_metric_alarm.alertInfraEnvironmentManagerLbSettingsRouter": {
                    "type": "aws_cloudwatch_metric_alarm",
                    "depends_on": [
                        "aws_lambda_function.lambdaInfraEnvironmentManagerLbSettingsRouter",
                        "aws_sns_topic.AlertSNSTopic"
                    ],
                    "primary": {
                        "id": "alertInfraEnvironmentManagerLbSettingsRouter",
                        "attributes": {
                            "actions_enabled": "true",
                            "alarm_actions.#": "1",
                            "alarm_actions.987169351": "arn:aws:sns:eu-west-1:825904718481:AlertSNSTopic",
                            "alarm_description": "Error propagating load balancer settings change to the destination account",
                            "alarm_name": "alertInfraEnvironmentManagerLbSettingsRouter",
                            "comparison_operator": "GreaterThanThreshold",
                            "dimensions.%": "1",
                            "dimensions.FunctionName": "lambdaInfraEnvironmentManagerLbSettingsRouter",
                            "evaluate_low_sample_count_percentiles": "",
                            "evaluation_periods": "1",
                            "extended_statistic": "",
                            "id": "alertInfraEnvironmentManagerLbSettingsRouter",
                            "insufficient_data_actions.#": "0",
                            "metric_name": "Errors",
                            "namespace": "AWS/Lambda",
                            "ok_actions.#": "0",
                            "period": "60",
                            "statistic": "Sum",
                            "threshold": "0",
                            "treat_missing_data": "missing",
                            "unit": ""
                        },
                        "meta": {
                            "schema_version": "1"
                        },
                        "tainted": false
                    },
                    "deposed": [],
                    "provider": ""
                },
                "aws_dynamodb_table.ConfigCompletedDeployments": {
                    "type": "aws_dynamodb_table",
                    "depends_on": [],
                    "primary": {
                        "id": "ConfigCompletedDeployments",
                        "attributes": {
                            "arn": "arn:aws:dynamodb:eu-west-1:825904718481:table/ConfigCompletedDeployments",
                            "attribute.#": "3",
                            "attribute.3416753376.name": "StartDate",
                            "attribute.3416753376.type": "S",
                            "attribute.349544224.name": "StartTimestamp",
                            "attribute.349544224.type": "S",
                            "attribute.420215156.name": "DeploymentID",
                            "attribute.420215156.type": "S",
                            "global_secondary_index.#": "1",
                            "global_secondary_index.3365276345.hash_key": "StartDate",
                            "global_secondary_index.3365276345.name": "StartDate-StartTimestamp-index",
                            "global_secondary_index.3365276345.non_key_attributes.#": "0",
                            "global_secondary_index.3365276345.projection_type": "ALL",
                            "global_secondary_index.3365276345.range_key": "StartTimestamp",
                            "global_secondary_index.3365276345.read_capacity": "10",
                            "global_secondary_index.3365276345.write_capacity": "2",
                            "hash_key": "DeploymentID",
                            "id": "ConfigCompletedDeployments",
                            "local_secondary_index.#": "0",
                            "name": "ConfigCompletedDeployments",
                            "read_capacity": "10",
                            "stream_view_type": "NEW_AND_OLD_IMAGES",
                            "write_capacity": "2"
                        },
                        "meta": {
                            "schema_version": "1"
                        },
                        "tainted": false
                    },
                    "deposed": [],
                    "provider": ""
                },
                "aws_dynamodb_table.ConfigDeploymentExecutionStatus": {
                    "type": "aws_dynamodb_table",
                    "depends_on": [],
                    "primary": {
                        "id": "ConfigDeploymentExecutionStatus",
                        "attributes": {
                            "arn": "arn:aws:dynamodb:eu-west-1:825904718481:table/ConfigDeploymentExecutionStatus",
                            "attribute.#": "1",
                            "attribute.420215156.name": "DeploymentID",
                            "attribute.420215156.type": "S",
                            "global_secondary_index.#": "0",
                            "hash_key": "DeploymentID",
                            "id": "ConfigDeploymentExecutionStatus",
                            "local_secondary_index.#": "0",
                            "name": "ConfigDeploymentExecutionStatus",
                            "read_capacity": "10",
                            "write_capacity": "2"
                        },
                        "meta": {
                            "schema_version": "1"
                        },
                        "tainted": false
                    },
                    "deposed": [],
                    "provider": ""
                },
                "aws_dynamodb_table.ConfigDeploymentMaps": {
                    "type": "aws_dynamodb_table",
                    "depends_on": [],
                    "primary": {
                        "id": "ConfigDeploymentMaps",
                        "attributes": {
                            "arn": "arn:aws:dynamodb:eu-west-1:825904718481:table/ConfigDeploymentMaps",
                            "attribute.#": "1",
                            "attribute.1989623940.name": "DeploymentMapName",
                            "attribute.1989623940.type": "S",
                            "global_secondary_index.#": "0",
                            "hash_key": "DeploymentMapName",
                            "id": "ConfigDeploymentMaps",
                            "local_secondary_index.#": "0",
                            "name": "ConfigDeploymentMaps",
                            "read_capacity": "10",
                            "stream_arn": "arn:aws:dynamodb:eu-west-1:825904718481:table/ConfigDeploymentMaps/stream/2017-07-06T12:57:19.280",
                            "stream_enabled": "true",
                            "stream_view_type": "NEW_AND_OLD_IMAGES",
                            "write_capacity": "2"
                        },
                        "meta": {
                            "schema_version": "1"
                        },
                        "tainted": false
                    },
                    "deposed": [],
                    "provider": ""
                },
                "aws_dynamodb_table.ConfigEnvironmentTypes": {
                    "type": "aws_dynamodb_table",
                    "depends_on": [],
                    "primary": {
                        "id": "ConfigEnvironmentTypes",
                        "attributes": {
                            "arn": "arn:aws:dynamodb:eu-west-1:825904718481:table/ConfigEnvironmentTypes",
                            "attribute.#": "1",
                            "attribute.3832856997.name": "EnvironmentType",
                            "attribute.3832856997.type": "S",
                            "global_secondary_index.#": "0",
                            "hash_key": "EnvironmentType",
                            "id": "ConfigEnvironmentTypes",
                            "local_secondary_index.#": "0",
                            "name": "ConfigEnvironmentTypes",
                            "read_capacity": "10",
                            "stream_view_type": "NEW_AND_OLD_IMAGES",
                            "write_capacity": "2"
                        },
                        "meta": {
                            "schema_version": "1"
                        },
                        "tainted": false
                    },
                    "deposed": [],
                    "provider": ""
                },
                "aws_dynamodb_table.ConfigEnvironments": {
                    "type": "aws_dynamodb_table",
                    "depends_on": [],
                    "primary": {
                        "id": "ConfigEnvironments",
                        "attributes": {
                            "arn": "arn:aws:dynamodb:eu-west-1:825904718481:table/ConfigEnvironments",
                            "attribute.#": "1",
                            "attribute.1333199317.name": "EnvironmentName",
                            "attribute.1333199317.type": "S",
                            "global_secondary_index.#": "0",
                            "hash_key": "EnvironmentName",
                            "id": "ConfigEnvironments",
                            "local_secondary_index.#": "0",
                            "name": "ConfigEnvironments",
                            "read_capacity": "10",
                            "stream_arn": "arn:aws:dynamodb:eu-west-1:825904718481:table/ConfigEnvironments/stream/2017-07-06T12:57:26.872",
                            "stream_enabled": "true",
                            "stream_view_type": "NEW_AND_OLD_IMAGES",
                            "write_capacity": "2"
                        },
                        "meta": {
                            "schema_version": "1"
                        },
                        "tainted": false
                    },
                    "deposed": [],
                    "provider": ""
                },
                "aws_dynamodb_table.ConfigLBSettings": {
                    "type": "aws_dynamodb_table",
                    "depends_on": [],
                    "primary": {
                        "id": "ConfigLBSettings",
                        "attributes": {
                            "arn": "arn:aws:dynamodb:eu-west-1:825904718481:table/ConfigLBSettings",
                            "attribute.#": "2",
                            "attribute.1857557690.name": "EnvironmentHostName",
                            "attribute.1857557690.type": "S",
                            "attribute.254928314.name": "VHostName",
                            "attribute.254928314.type": "S",
                            "global_secondary_index.#": "0",
                            "hash_key": "EnvironmentHostName",
                            "id": "ConfigLBSettings",
                            "local_secondary_index.#": "0",
                            "name": "ConfigLBSettings",
                            "range_key": "VHostName",
                            "read_capacity": "10",
                            "stream_arn": "arn:aws:dynamodb:eu-west-1:825904718481:table/ConfigLBSettings/stream/2017-07-06T12:57:19.261",
                            "stream_enabled": "true",
                            "stream_view_type": "NEW_AND_OLD_IMAGES",
                            "write_capacity": "2"
                        },
                        "meta": {
                            "schema_version": "1"
                        },
                        "tainted": false
                    },
                    "deposed": [],
                    "provider": ""
                },
                "aws_dynamodb_table.ConfigLBUpstream": {
                    "type": "aws_dynamodb_table",
                    "depends_on": [],
                    "primary": {
                        "id": "ConfigLBUpstream",
                        "attributes": {
                            "arn": "arn:aws:dynamodb:eu-west-1:825904718481:table/ConfigLBUpstream",
                            "attribute.#": "1",
                            "attribute.945633311.name": "key",
                            "attribute.945633311.type": "S",
                            "global_secondary_index.#": "0",
                            "hash_key": "key",
                            "id": "ConfigLBUpstream",
                            "local_secondary_index.#": "0",
                            "name": "ConfigLBUpstream",
                            "read_capacity": "10",
                            "stream_arn": "arn:aws:dynamodb:eu-west-1:825904718481:table/ConfigLBUpstream/stream/2017-07-06T12:57:29.934",
                            "stream_enabled": "true",
                            "stream_view_type": "NEW_AND_OLD_IMAGES",
                            "write_capacity": "2"
                        },
                        "meta": {
                            "schema_version": "1"
                        },
                        "tainted": false
                    },
                    "deposed": [],
                    "provider": ""
                },
                "aws_dynamodb_table.ConfigNotificationSettings": {
                    "type": "aws_dynamodb_table",
                    "depends_on": [],
                    "primary": {
                        "id": "ConfigNotificationSettings",
                        "attributes": {
                            "arn": "arn:aws:dynamodb:eu-west-1:825904718481:table/ConfigNotificationSettings",
                            "attribute.#": "1",
                            "attribute.3889239590.name": "NotificationSettingsId",
                            "attribute.3889239590.type": "S",
                            "global_secondary_index.#": "0",
                            "hash_key": "NotificationSettingsId",
                            "id": "ConfigNotificationSettings",
                            "local_secondary_index.#": "0",
                            "name": "ConfigNotificationSettings",
                            "read_capacity": "10",
                            "stream_arn": "arn:aws:dynamodb:eu-west-1:825904718481:table/ConfigNotificationSettings/stream/2017-07-06T12:57:19.151",
                            "stream_enabled": "true",
                            "stream_view_type": "NEW_AND_OLD_IMAGES",
                            "write_capacity": "2"
                        },
                        "meta": {
                            "schema_version": "1"
                        },
                        "tainted": false
                    },
                    "deposed": [],
                    "provider": ""
                },
                "aws_dynamodb_table.ConfigServices": {
                    "type": "aws_dynamodb_table",
                    "depends_on": [],
                    "primary": {
                        "id": "ConfigServices",
                        "attributes": {
                            "arn": "arn:aws:dynamodb:eu-west-1:825904718481:table/ConfigServices",
                            "attribute.#": "2",
                            "attribute.3771274218.name": "OwningCluster",
                            "attribute.3771274218.type": "S",
                            "attribute.880149944.name": "ServiceName",
                            "attribute.880149944.type": "S",
                            "global_secondary_index.#": "0",
                            "hash_key": "ServiceName",
                            "id": "ConfigServices",
                            "local_secondary_index.#": "0",
                            "name": "ConfigServices",
                            "range_key": "OwningCluster",
                            "read_capacity": "10",
                            "stream_arn": "arn:aws:dynamodb:eu-west-1:825904718481:table/ConfigServices/stream/2017-07-06T12:57:20.963",
                            "stream_enabled": "true",
                            "stream_view_type": "NEW_AND_OLD_IMAGES",
                            "write_capacity": "2"
                        },
                        "meta": {
                            "schema_version": "1"
                        },
                        "tainted": false
                    },
                    "deposed": [],
                    "provider": ""
                },
                "aws_dynamodb_table.InfraAsgIPs": {
                    "type": "aws_dynamodb_table",
                    "depends_on": [],
                    "primary": {
                        "id": "InfraAsgIPs",
                        "attributes": {
                            "arn": "arn:aws:dynamodb:eu-west-1:825904718481:table/InfraAsgIPs",
                            "attribute.#": "1",
                            "attribute.828835300.name": "AsgName",
                            "attribute.828835300.type": "S",
                            "global_secondary_index.#": "0",
                            "hash_key": "AsgName",
                            "id": "InfraAsgIPs",
                            "local_secondary_index.#": "0",
                            "name": "InfraAsgIPs",
                            "read_capacity": "10",
                            "write_capacity": "2"
                        },
                        "meta": {
                            "schema_version": "1"
                        },
                        "tainted": false
                    },
                    "deposed": [],
                    "provider": ""
                },
                "aws_dynamodb_table.InfraChangeAudit": {
                    "type": "aws_dynamodb_table",
                    "depends_on": [],
                    "primary": {
                        "id": "InfraChangeAudit",
                        "attributes": {
                            "arn": "arn:aws:dynamodb:eu-west-1:825904718481:table/InfraChangeAudit",
                            "attribute.#": "3",
                            "attribute.1943989526.name": "AuditID",
                            "attribute.1943989526.type": "S",
                            "attribute.3254233863.name": "ISOTimestamp",
                            "attribute.3254233863.type": "S",
                            "attribute.3865484009.name": "Date",
                            "attribute.3865484009.type": "S",
                            "global_secondary_index.#": "1",
                            "global_secondary_index.1697311101.hash_key": "Date",
                            "global_secondary_index.1697311101.name": "Date-ISOTimestamp-index",
                            "global_secondary_index.1697311101.non_key_attributes.#": "0",
                            "global_secondary_index.1697311101.projection_type": "ALL",
                            "global_secondary_index.1697311101.range_key": "ISOTimestamp",
                            "global_secondary_index.1697311101.read_capacity": "10",
                            "global_secondary_index.1697311101.write_capacity": "5",
                            "hash_key": "AuditID",
                            "id": "InfraChangeAudit",
                            "local_secondary_index.#": "0",
                            "name": "InfraChangeAudit",
                            "read_capacity": "20",
                            "write_capacity": "5"
                        },
                        "meta": {
                            "schema_version": "1"
                        },
                        "tainted": false
                    },
                    "deposed": [],
                    "provider": ""
                },
                "aws_dynamodb_table.InfraConfigAccounts": {
                    "type": "aws_dynamodb_table",
                    "depends_on": [],
                    "primary": {
                        "id": "InfraConfigAccounts",
                        "attributes": {
                            "arn": "arn:aws:dynamodb:eu-west-1:825904718481:table/InfraConfigAccounts",
                            "attribute.#": "1",
                            "attribute.664002238.name": "AccountNumber",
                            "attribute.664002238.type": "N",
                            "global_secondary_index.#": "0",
                            "hash_key": "AccountNumber",
                            "id": "InfraConfigAccounts",
                            "local_secondary_index.#": "0",
                            "name": "InfraConfigAccounts",
                            "read_capacity": "10",
                            "stream_arn": "arn:aws:dynamodb:eu-west-1:825904718481:table/InfraConfigAccounts/stream/2017-07-06T15:05:58.884",
                            "stream_enabled": "true",
                            "stream_view_type": "NEW_AND_OLD_IMAGES",
                            "write_capacity": "2"
                        },
                        "meta": {
                            "schema_version": "1"
                        },
                        "tainted": false
                    },
                    "deposed": [],
                    "provider": ""
                },
                "aws_dynamodb_table.InfraConfigClusters": {
                    "type": "aws_dynamodb_table",
                    "depends_on": [],
                    "primary": {
                        "id": "InfraConfigClusters",
                        "attributes": {
                            "arn": "arn:aws:dynamodb:eu-west-1:825904718481:table/InfraConfigClusters",
                            "attribute.#": "1",
                            "attribute.1909828372.name": "ClusterName",
                            "attribute.1909828372.type": "S",
                            "global_secondary_index.#": "0",
                            "hash_key": "ClusterName",
                            "id": "InfraConfigClusters",
                            "local_secondary_index.#": "0",
                            "name": "InfraConfigClusters",
                            "read_capacity": "10",
                            "stream_view_type": "NEW_AND_OLD_IMAGES",
                            "write_capacity": "2"
                        },
                        "meta": {
                            "schema_version": "1"
                        },
                        "tainted": false
                    },
                    "deposed": [],
                    "provider": ""
                },
                "aws_dynamodb_table.InfraConfigLBUpstream": {
                    "type": "aws_dynamodb_table",
                    "depends_on": [],
                    "primary": {
                        "id": "InfraConfigLBUpstream",
                        "attributes": {
                            "arn": "arn:aws:dynamodb:eu-west-1:825904718481:table/InfraConfigLBUpstream",
                            "attribute.#": "4",
                            "attribute.1523191610.name": "Environment",
                            "attribute.1523191610.type": "S",
                            "attribute.1732231669.name": "LoadBalancerGroup",
                            "attribute.1732231669.type": "S",
                            "attribute.1983055057.name": "AccountId",
                            "attribute.1983055057.type": "S",
                            "attribute.2557450017.name": "Key",
                            "attribute.2557450017.type": "S",
                            "global_secondary_index.#": "3",
                            "global_secondary_index.4015586084.hash_key": "Environment",
                            "global_secondary_index.4015586084.name": "Environment-Key-index",
                            "global_secondary_index.4015586084.non_key_attributes.#": "0",
                            "global_secondary_index.4015586084.projection_type": "ALL",
                            "global_secondary_index.4015586084.range_key": "Key",
                            "global_secondary_index.4015586084.read_capacity": "2",
                            "global_secondary_index.4015586084.write_capacity": "10",
                            "global_secondary_index.416109979.hash_key": "LoadBalancerGroup",
                            "global_secondary_index.416109979.name": "LoadBalancerGroup-index",
                            "global_secondary_index.416109979.non_key_attributes.#": "0",
                            "global_secondary_index.416109979.projection_type": "ALL",
                            "global_secondary_index.416109979.range_key": "Key",
                            "global_secondary_index.416109979.read_capacity": "2",
                            "global_secondary_index.416109979.write_capacity": "10",
                            "global_secondary_index.700009721.hash_key": "AccountId",
                            "global_secondary_index.700009721.name": "AccountId-index",
                            "global_secondary_index.700009721.non_key_attributes.#": "0",
                            "global_secondary_index.700009721.projection_type": "ALL",
                            "global_secondary_index.700009721.range_key": "Key",
                            "global_secondary_index.700009721.read_capacity": "2",
                            "global_secondary_index.700009721.write_capacity": "10",
                            "hash_key": "Key",
                            "id": "InfraConfigLBUpstream",
                            "local_secondary_index.#": "0",
                            "name": "InfraConfigLBUpstream",
                            "read_capacity": "10",
                            "stream_view_type": "NEW_AND_OLD_IMAGES",
                            "write_capacity": "2"
                        },
                        "meta": {
                            "schema_version": "1"
                        },
                        "tainted": false
                    },
                    "deposed": [],
                    "provider": ""
                },
                "aws_dynamodb_table.InfraConfigPermissions": {
                    "type": "aws_dynamodb_table",
                    "depends_on": [],
                    "primary": {
                        "id": "InfraConfigPermissions",
                        "attributes": {
                            "arn": "arn:aws:dynamodb:eu-west-1:825904718481:table/InfraConfigPermissions",
                            "attribute.#": "1",
                            "attribute.3206617783.name": "Name",
                            "attribute.3206617783.type": "S",
                            "global_secondary_index.#": "0",
                            "hash_key": "Name",
                            "id": "InfraConfigPermissions",
                            "local_secondary_index.#": "0",
                            "name": "InfraConfigPermissions",
                            "read_capacity": "10",
                            "stream_view_type": "NEW_AND_OLD_IMAGES",
                            "write_capacity": "2"
                        },
                        "meta": {
                            "schema_version": "1"
                        },
                        "tainted": false
                    },
                    "deposed": [],
                    "provider": ""
                },
                "aws_dynamodb_table.InfraEnvManagerSessions": {
                    "type": "aws_dynamodb_table",
                    "depends_on": [],
                    "primary": {
                        "id": "InfraEnvManagerSessions",
                        "attributes": {
                            "arn": "arn:aws:dynamodb:eu-west-1:825904718481:table/InfraEnvManagerSessions",
                            "attribute.#": "1",
                            "attribute.443851974.name": "UserName",
                            "attribute.443851974.type": "S",
                            "global_secondary_index.#": "0",
                            "hash_key": "UserName",
                            "id": "InfraEnvManagerSessions",
                            "local_secondary_index.#": "0",
                            "name": "InfraEnvManagerSessions",
                            "read_capacity": "10",
                            "write_capacity": "2"
                        },
                        "meta": {
                            "schema_version": "1"
                        },
                        "tainted": false
                    },
                    "deposed": [],
                    "provider": ""
                },
                "aws_dynamodb_table.InfraOpsEnvironment": {
                    "type": "aws_dynamodb_table",
                    "depends_on": [],
                    "primary": {
                        "id": "InfraOpsEnvironment",
                        "attributes": {
                            "arn": "arn:aws:dynamodb:eu-west-1:825904718481:table/InfraOpsEnvironment",
                            "attribute.#": "1",
                            "attribute.1333199317.name": "EnvironmentName",
                            "attribute.1333199317.type": "S",
                            "global_secondary_index.#": "0",
                            "hash_key": "EnvironmentName",
                            "id": "InfraOpsEnvironment",
                            "local_secondary_index.#": "0",
                            "name": "InfraOpsEnvironment",
                            "read_capacity": "10",
                            "stream_view_type": "NEW_AND_OLD_IMAGES",
                            "write_capacity": "2"
                        },
                        "meta": {
                            "schema_version": "1"
                        },
                        "tainted": false
                    },
                    "deposed": [],
                    "provider": ""
                },
                "aws_dynamodb_table.tableInfraConfigLbSettings": {
                    "type": "aws_dynamodb_table",
                    "depends_on": [],
                    "primary": {
                        "id": "tableInfraConfigLbSettings",
                        "attributes": {
                            "arn": "arn:aws:dynamodb:eu-west-1:825904718481:table/tableInfraConfigLbSettings",
                            "attribute.#": "3",
                            "attribute.1333199317.name": "EnvironmentName",
                            "attribute.1333199317.type": "S",
                            "attribute.1732231669.name": "LoadBalancerGroup",
                            "attribute.1732231669.type": "S",
                            "attribute.254928314.name": "VHostName",
                            "attribute.254928314.type": "S",
                            "global_secondary_index.#": "1",
                            "global_secondary_index.3572870372.hash_key": "LoadBalancerGroup",
                            "global_secondary_index.3572870372.name": "LoadBalancerGroup-index",
                            "global_secondary_index.3572870372.non_key_attributes.#": "0",
                            "global_secondary_index.3572870372.projection_type": "ALL",
                            "global_secondary_index.3572870372.range_key": "",
                            "global_secondary_index.3572870372.read_capacity": "10",
                            "global_secondary_index.3572870372.write_capacity": "2",
                            "hash_key": "EnvironmentName",
                            "id": "tableInfraConfigLbSettings",
                            "local_secondary_index.#": "0",
                            "name": "tableInfraConfigLbSettings",
                            "range_key": "VHostName",
                            "read_capacity": "10",
                            "stream_arn": "arn:aws:dynamodb:eu-west-1:825904718481:table/tableInfraConfigLbSettings/stream/2017-07-06T12:57:20.772",
                            "stream_enabled": "true",
                            "stream_view_type": "NEW_AND_OLD_IMAGES",
                            "write_capacity": "2"
                        },
                        "meta": {
                            "schema_version": "1"
                        },
                        "tainted": false
                    },
                    "deposed": [],
                    "provider": ""
                },
                "aws_elasticache_cluster.redisEnvironmentManager": {
                    "type": "aws_elasticache_cluster",
                    "depends_on": [
                        "aws_elasticache_subnet_group.redis_subnet_group"
                    ],
                    "primary": {
                        "id": "em-cache-cluster",
                        "attributes": {
                            "availability_zone": "eu-west-1c",
                            "cache_nodes.#": "1",
                            "cache_nodes.0.address": "em-cache-cluster.qcyyv8.0001.euw1.cache.amazonaws.com",
                            "cache_nodes.0.availability_zone": "eu-west-1c",
                            "cache_nodes.0.id": "0001",
                            "cache_nodes.0.port": "11211",
                            "cluster_id": "em-cache-cluster",
                            "engine": "redis",
                            "engine_version": "3.2.4",
                            "id": "em-cache-cluster",
                            "maintenance_window": "fri:02:00-fri:03:00",
                            "node_type": "cache.t2.micro",
                            "num_cache_nodes": "1",
                            "parameter_group_name": "default.redis3.2",
                            "port": "11211",
                            "security_group_ids.#": "1",
                            "security_group_ids.3961401173": "sg-b58565d3",
                            "security_group_names.#": "0",
                            "snapshot_retention_limit": "0",
                            "snapshot_window": "",
                            "subnet_group_name": "redis-subnet-group",
                            "tags.%": "1",
                            "tags.Role": "EnvironmentManager"
                        },
                        "meta": {},
                        "tainted": false
                    },
                    "deposed": [],
                    "provider": ""
                },
                "aws_elasticache_subnet_group.redis_subnet_group": {
                    "type": "aws_elasticache_subnet_group",
                    "depends_on": [],
                    "primary": {
                        "id": "redis-subnet-group",
                        "attributes": {
                            "description": "Managed by Terraform",
                            "id": "redis-subnet-group",
                            "name": "redis-subnet-group",
                            "subnet_ids.#": "3",
                            "subnet_ids.1685125865": "subnet-8669cbe1",
                            "subnet_ids.2756487308": "subnet-2731df7c",
                            "subnet_ids.929092639": "subnet-b0e04bf9"
                        },
                        "meta": {},
                        "tainted": false
                    },
                    "deposed": [],
                    "provider": ""
                },
                "aws_iam_instance_profile.instanceProfileEnvironmentManager": {
                    "type": "aws_iam_instance_profile",
                    "depends_on": [
                        "aws_iam_role.roleInfraEnvironmentManager"
                    ],
                    "primary": {
                        "id": "instanceProfileEnvironmentManager",
                        "attributes": {
                            "arn": "arn:aws:iam::825904718481:instance-profile/EnvironmentManager/instanceProfileEnvironmentManager",
                            "id": "instanceProfileEnvironmentManager",
                            "name": "instanceProfileEnvironmentManager",
                            "path": "/EnvironmentManager/",
                            "role": "roleInfraEnvironmentManager",
                            "roles.#": "1",
                            "roles.421299331": "roleInfraEnvironmentManager",
                            "unique_id": "AIPAJNF3CF666ZNJLGRRW"
                        },
                        "meta": {},
                        "tainted": false
                    },
                    "deposed": [],
                    "provider": ""
                },
                "aws_iam_role.roleInfraAsgScale": {
                    "type": "aws_iam_role",
                    "depends_on": [],
                    "primary": {
                        "id": "roleInfraAsgScale",
                        "attributes": {
                            "arn": "arn:aws:iam::825904718481:role/roleInfraAsgScale",
                            "assume_role_policy": "{\"Version\":\"2012-10-17\",\"Statement\":[{\"Effect\":\"Allow\",\"Principal\":{\"Service\":\"lambda.amazonaws.com\"},\"Action\":\"sts:AssumeRole\"}]}",
                            "create_date": "2017-07-06T13:41:23Z",
                            "id": "roleInfraAsgScale",
                            "name": "roleInfraAsgScale",
                            "path": "/",
                            "unique_id": "AROAJGNYNXIWZ2HDQMB3C"
                        },
                        "meta": {},
                        "tainted": false
                    },
                    "deposed": [],
                    "provider": ""
                },
                "aws_iam_role.roleInfraEnvironmentManager": {
                    "type": "aws_iam_role",
                    "depends_on": [],
                    "primary": {
                        "id": "roleInfraEnvironmentManager",
                        "attributes": {
                            "arn": "arn:aws:iam::825904718481:role/roleInfraEnvironmentManager",
                            "assume_role_policy": "{\"Version\":\"2012-10-17\",\"Statement\":[{\"Effect\":\"Allow\",\"Principal\":{\"Service\":\"ec2.amazonaws.com\"},\"Action\":\"sts:AssumeRole\"}]}",
                            "create_date": "2017-07-06T13:41:23Z",
                            "id": "roleInfraEnvironmentManager",
                            "name": "roleInfraEnvironmentManager",
                            "path": "/",
                            "unique_id": "AROAJE7QSFGOZY47U53FA"
                        },
                        "meta": {},
                        "tainted": false
                    },
                    "deposed": [],
                    "provider": ""
                },
                "aws_iam_role.roleInfraEnvironmentManagerAudit": {
                    "type": "aws_iam_role",
                    "depends_on": [],
                    "primary": {
                        "id": "roleInfraEnvironmentManagerAudit",
                        "attributes": {
                            "arn": "arn:aws:iam::825904718481:role/roleInfraEnvironmentManagerAudit",
                            "assume_role_policy": "{\"Version\":\"2012-10-17\",\"Statement\":[{\"Sid\":\"\",\"Effect\":\"Allow\",\"Principal\":{\"Service\":\"lambda.amazonaws.com\"},\"Action\":\"sts:AssumeRole\"}]}",
                            "create_date": "2017-07-06T13:41:23Z",
                            "id": "roleInfraEnvironmentManagerAudit",
                            "name": "roleInfraEnvironmentManagerAudit",
                            "path": "/",
                            "unique_id": "AROAJWCBZR6YKIVNFDNR4"
                        },
                        "meta": {},
                        "tainted": false
                    },
                    "deposed": [],
                    "provider": ""
                },
                "aws_iam_role.roleInfraEnvironmentManagerAuditWriter": {
                    "type": "aws_iam_role",
                    "depends_on": [
                        "data.aws_caller_identity.current"
                    ],
                    "primary": {
                        "id": "roleInfraEnvironmentManagerAuditWriter",
                        "attributes": {
                            "arn": "arn:aws:iam::825904718481:role/roleInfraEnvironmentManagerAuditWriter",
                            "assume_role_policy": "{\"Version\":\"2012-10-17\",\"Statement\":[{\"Sid\":\"\",\"Effect\":\"Allow\",\"Principal\":{\"AWS\":\"arn:aws:iam::825904718481:root\"},\"Action\":\"sts:AssumeRole\"}]}",
                            "create_date": "2017-07-06T13:41:23Z",
                            "id": "roleInfraEnvironmentManagerAuditWriter",
                            "name": "roleInfraEnvironmentManagerAuditWriter",
                            "path": "/",
                            "unique_id": "AROAIDF6CXOEIE4MG5NJI"
                        },
                        "meta": {},
                        "tainted": false
                    },
                    "deposed": [],
                    "provider": ""
                },
                "aws_iam_role_policy.roleInfraAsgScalePolicy": {
                    "type": "aws_iam_role_policy",
                    "depends_on": [
                        "aws_iam_role.roleInfraAsgScale",
                        "data.aws_caller_identity.current"
                    ],
                    "primary": {
                        "id": "roleInfraAsgScale:roleInfraAsgScalePolicy",
                        "attributes": {
                            "id": "roleInfraAsgScale:roleInfraAsgScalePolicy",
                            "name": "roleInfraAsgScalePolicy",
                            "policy": "{  \n   \"Version\":\"2012-10-17\",\n   \"Statement\":[  \n      {  \n         \"Effect\":\"Allow\",\n         \"Action\":[  \n            \"ec2:Describe*\",\n            \"ec2:DeleteVolume\",\n            \"ec2:RunInstances\",\n            \"ec2:StartInstances\",\n            \"ec2:StopInstances\",\n            \"ec2:TerminateInstances\",\n            \"ec2:UnmonitorInstances\"\n         ],\n         \"Resource\":[  \n            \"*\"\n         ]\n      },\n      {  \n         \"Effect\":\"Allow\",\n         \"Action\":\"elasticloadbalancing:Describe*\",\n         \"Resource\":\"*\"\n      },\n      {  \n         \"Effect\":\"Allow\",\n         \"Action\":[  \n            \"cloudwatch:ListMetrics\",\n            \"cloudwatch:GetMetricStatistics\",\n            \"cloudwatch:Describe*\"\n         ],\n         \"Resource\":\"*\"\n      },\n      {  \n         \"Effect\":\"Allow\",\n         \"Action\":[  \n            \"autoscaling:Describe*\",\n            \"autoscaling:PutLifecycleHook\",\n            \"autoscaling:ResumeProcesses\",\n            \"autoscaling:SuspendProcesses\",\n            \"autoscaling:CreateOrUpdateScalingTrigger\",\n            \"autoscaling:CreateOrUpdateTags\",\n            \"autoscaling:DeleteAutoScalingGroup\",\n            \"autoscaling:PutScalingPolicy\",\n            \"autoscaling:PutScheduledUpdateGroupAction\",\n            \"autoscaling:PutNotificationConfiguration\",\n            \"autoscaling:SetDesiredCapacity\",\n            \"autoscaling:SuspendProcesses\",\n            \"autoscaling:TerminateInstanceInAutoScalingGroup\",\n            \"autoscaling:UpdateAutoScalingGroup\"\n         ],\n         \"Resource\":[  \n            \"*\"\n         ]\n      },\n      {  \n         \"Effect\":\"Allow\",\n         \"Action\":[  \n            \"sns:ConfirmSubscription\",\n            \"sns:ListTopics\",\n            \"sns:Publish\",\n            \"sns:Subscribe\",\n            \"sns:Unsubscribe\"\n         ],\n         \"Resource\":[  \n            \"arn:aws:sns:eu-west-1:825904718481:tl-governator-stop\",\n            \"arn:aws:sns:eu-west-1:825904718481:asgLambdaScale\",\n            \"arn:aws:sns:eu-west-1:825904718481:InfraGovernator\",\n            \"arn:aws:sns:eu-west-1:825904718481:InfraAsgLambdaScale\"\n         ]\n      },\n      {  \n         \"Effect\":\"Allow\",\n         \"Action\":[  \n            \"dynamodb:*\"\n         ],\n         \"Resource\":[  \n            \"arn:aws:dynamodb:eu-west-1:825904718481:table/ConfigAsgIPs\",\n            \"arn:aws:dynamodb:eu-west-1:825904718481:table/InfraAsgIPs\"\n         ]\n      },\n      {  \n         \"Effect\":\"Allow\",\n         \"Action\":[  \n            \"iam:PassRole\"\n         ],\n         \"Resource\":[  \n            \"arn:aws:iam::825904718481:role/roleInfraAsgScale\"\n         ]\n      },\n      {  \n         \"Action\":\"sts:AssumeRole\",\n         \"Effect\":\"Allow\",\n         \"Resource\":[  \n            \"arn:aws:iam::12345:role/roleInfraAsgScale\",\n            \"arn:aws:iam::825904718481:role/roleInfraAsgScale\"\n         ]\n      }\n   ]\n}\n",
                            "role": "roleInfraAsgScale"
                        },
                        "meta": {},
                        "tainted": false
                    },
                    "deposed": [],
                    "provider": ""
                },
                "aws_iam_role_policy.roleInfraEnvironmentManagerAuditWriterPolicy": {
                    "type": "aws_iam_role_policy",
                    "depends_on": [
                        "aws_dynamodb_table.InfraChangeAudit",
                        "aws_iam_role.roleInfraEnvironmentManagerAuditWriter",
                        "data.aws_caller_identity.current",
                        "data.aws_region.current"
                    ],
                    "primary": {
                        "id": "roleInfraEnvironmentManagerAuditWriter:roleInfraEnvironmentManagerAuditWriterPolicy",
                        "attributes": {
                            "id": "roleInfraEnvironmentManagerAuditWriter:roleInfraEnvironmentManagerAuditWriterPolicy",
                            "name": "roleInfraEnvironmentManagerAuditWriterPolicy",
                            "policy": "{\n    \"Version\": \"2012-10-17\",\n    \"Statement\": [\n        {\n            \"Effect\": \"Allow\",\n            \"Action\": [\n                \"dynamodb:BatchWriteItem\",\n                \"dynamodb:PutItem\"\n            ],\n            \"Resource\": \"arn:aws:dynamodb:eu-west-1:825904718481:table/InfraChangeAudit\"\n        }\n    ]\n}\n",
                            "role": "roleInfraEnvironmentManagerAuditWriter"
                        },
                        "meta": {},
                        "tainted": false
                    },
                    "deposed": [],
                    "provider": ""
                },
                "aws_iam_role_policy.roleInfraEnvironmentManagerPolicy": {
                    "type": "aws_iam_role_policy",
                    "depends_on": [
                        "aws_iam_role.roleInfraEnvironmentManager",
                        "data.aws_caller_identity.current"
                    ],
                    "primary": {
                        "id": "roleInfraEnvironmentManager:roleInfraEnvironmentManagerPolicy",
                        "attributes": {
                            "id": "roleInfraEnvironmentManager:roleInfraEnvironmentManagerPolicy",
                            "name": "roleInfraEnvironmentManagerPolicy",
                            "policy": "{\n   \"Version\":\"2012-10-17\",\n   \"Statement\":[\n      {\n         \"Effect\":\"Allow\",\n         \"Action\":[\n            \"dynamodb:Batch*\",\n            \"dynamodb:DeleteItem\",\n            \"dynamodb:Describe*\",\n            \"dynamodb:Get*\",\n            \"dynamodb:List*\",\n            \"dynamodb:PutItem\",\n            \"dynamodb:Query\",\n            \"dynamodb:Scan\",\n            \"dynamodb:UpdateItem\"\n         ],\n         \"Resource\":[\n            \"arn:aws:dynamodb:eu-west-1:825904718481:table/Config*\",\n            \"arn:aws:dynamodb:eu-west-1:825904718481:table/Infra*\",\n            \"arn:aws:dynamodb:eu-west-1:825904718481:table/Environment*\"\n         ]\n      },\n      {\n         \"Effect\":\"Allow\",\n         \"Action\":\"s3:GetObject\",\n         \"Resource\":[\n            \"arn:aws:s3:::em-daveandjake-config/*\",\n            \"arn:aws:s3:::em-daveandjake-secure/*\",\n            \"arn:aws:s3:::backups/*\"\n         ]\n      },\n      {\n         \"Effect\":\"Allow\",\n         \"Action\": [\n            \"s3:GetObject\",\n            \"s3:PutObject\"\n         ],\n         \"Resource\": [\n            \"arn:aws:s3:::em-testing-deploy/*\",\n            \"arn:aws:s3:::em-daveandjake-packages/*\"\n         ]\n      },\n      {\n         \"Action\":\"sts:AssumeRole\",\n         \"Effect\":\"Allow\",\n         \"Resource\": [\n           \"arn:aws:iam::825904718481:role/roleInfraEnvironmentManagerChild\"\n         ]\n      },\n      {\n         \"Effect\":\"Allow\",\n         \"Action\":[\n            \"ec2:Describe*\",\n            \"ec2:CreateTags\"\n         ],\n         \"Resource\":[\n            \"*\"\n         ]\n      },\n      {\n         \"Effect\":\"Allow\",\n         \"Action\":[\n            \"autoscaling:CreateAutoScalingGroup\",\n            \"autoscaling:DescribeAutoScalingGroups\",\n            \"autoscaling:DescribeScheduledActions\",\n            \"autoscaling:DescribeLaunchConfigurations\",\n            \"autoscaling:DescribeAutoScalingGroups\",\n            \"autoscaling:CreateLaunchConfiguration\",\n            \"autoscaling:DeleteLaunchConfiguration\",\n            \"autoscaling:UpdateAutoScalingGroup\",\n            \"autoscaling:AttachInstances*\",\n            \"autoscaling:PutNotificationConfiguration\",\n            \"autoscaling:PutScheduledUpdateGroupAction\",\n            \"autoscaling:PutLifecycleHook\",\n            \"autoscaling:CreateOrUpdateTags\",\n            \"autoscaling:EnterStandby\",\n            \"autoscaling:ExitStandby\"\n         ],\n         \"Resource\":[\n            \"*\"\n         ]\n      },\n      {\n         \"Effect\":\"Allow\",\n         \"Action\":[\n            \"sns:Get*\",\n            \"sns:List*\"\n         ],\n         \"Resource\":[\n            \"*\"\n         ]\n      },\n      {\n         \"Effect\":\"Allow\",\n         \"Action\":[\n            \"iam:PassRole\",\n            \"iam:GetInstanceProfile\",\n            \"iam:GetRole\"\n         ],\n         \"Resource\":\"*\"\n      },\n      {\n         \"Effect\":\"Allow\",\n         \"Action\":[\n            \"sns:Subscribe\",\n            \"sns:Unsubscribe\",\n            \"sns:Publish\"\n         ],\n         \"Resource\":[\n            \"arn:aws:sns:eu-west-1:825904718481:footplate*\",\n            \"arn:aws:sns:eu-west-1:825904718481:environment*\"\n         ]\n      }\n   ]\n}  \n",
                            "role": "roleInfraEnvironmentManager"
                        },
                        "meta": {},
                        "tainted": false
                    },
                    "deposed": [],
                    "provider": ""
                },
                "aws_lambda_function.lambdaInfraAsgScale": {
                    "type": "aws_lambda_function",
                    "depends_on": [
                        "aws_iam_role.roleInfraEnvironmentManagerAudit"
                    ],
                    "primary": {
                        "id": "InfraAsgScale",
                        "attributes": {
                            "arn": "arn:aws:lambda:eu-west-1:825904718481:function:InfraAsgScale",
                            "dead_letter_config.#": "0",
                            "description": "This function scales auto scaling groups.",
                            "environment.#": "0",
                            "filename": "./lambda/InfraAsgLambdaScale/InfraAsgLambdaScale.zip",
                            "function_name": "InfraAsgScale",
                            "handler": "index.handler",
                            "id": "InfraAsgScale",
                            "invoke_arn": "arn:aws:apigateway:eu-west-1:lambda:path/2015-03-31/functions/arn:aws:lambda:eu-west-1:825904718481:function:InfraAsgScale/invocations",
                            "kms_key_arn": "",
                            "last_modified": "2017-07-06T13:05:16.076+0000",
                            "memory_size": "128",
                            "publish": "false",
                            "qualified_arn": "arn:aws:lambda:eu-west-1:825904718481:function:InfraAsgScale:$LATEST",
                            "role": "arn:aws:iam::825904718481:role/roleInfraEnvironmentManagerAudit",
                            "runtime": "nodejs4.3",
                            "source_code_hash": "hV8mOM50yXuf7bjvPrkdOFodkgfXhGoO0/p9U9fddo8=",
                            "tags.%": "0",
                            "timeout": "30",
                            "tracing_config.#": "1",
                            "tracing_config.0.mode": "PassThrough",
                            "version": "$LATEST",
                            "vpc_config.#": "0"
                        },
                        "meta": {},
                        "tainted": false
                    },
                    "deposed": [],
                    "provider": ""
                },
                "aws_lambda_function.lambdaInfraEnvironmentManagerAudit": {
                    "type": "aws_lambda_function",
                    "depends_on": [
                        "aws_iam_role.roleInfraEnvironmentManagerAudit"
                    ],
                    "primary": {
                        "id": "InfraEnvironmentManagerAudit",
                        "attributes": {
                            "arn": "arn:aws:lambda:eu-west-1:825904718481:function:InfraEnvironmentManagerAudit",
                            "dead_letter_config.#": "0",
                            "description": "This function responds to a DynamoDB stream event by writing the value of each record before and after the change to an audit log.",
                            "environment.#": "0",
                            "filename": "./lambda/InfraEnvironmentManagerAudit/infra-environment-manager-audit.zip",
                            "function_name": "InfraEnvironmentManagerAudit",
                            "handler": "index.handler",
                            "id": "InfraEnvironmentManagerAudit",
                            "invoke_arn": "arn:aws:apigateway:eu-west-1:lambda:path/2015-03-31/functions/arn:aws:lambda:eu-west-1:825904718481:function:InfraEnvironmentManagerAudit/invocations",
                            "kms_key_arn": "",
                            "last_modified": "2017-07-06T13:05:16.849+0000",
                            "memory_size": "128",
                            "publish": "false",
                            "qualified_arn": "arn:aws:lambda:eu-west-1:825904718481:function:InfraEnvironmentManagerAudit:$LATEST",
                            "role": "arn:aws:iam::825904718481:role/roleInfraEnvironmentManagerAudit",
                            "runtime": "nodejs4.3",
                            "source_code_hash": "+ouzGrnc0xpx2AU5HMDINM8FtNzjDMBSUyNDSe2vJEw=",
                            "tags.%": "0",
                            "timeout": "3",
                            "tracing_config.#": "1",
                            "tracing_config.0.mode": "PassThrough",
                            "version": "$LATEST",
                            "vpc_config.#": "0"
                        },
                        "meta": {},
                        "tainted": false
                    },
                    "deposed": [],
                    "provider": ""
                },
                "aws_lambda_function.lambdaInfraEnvironmentManagerLbSettingsRouter": {
                    "type": "aws_lambda_function",
                    "depends_on": [
                        "aws_iam_role.roleInfraEnvironmentManagerAudit"
                    ],
                    "primary": {
                        "id": "lambdaInfraEnvironmentManagerLbSettingsRouter",
                        "attributes": {
                            "arn": "arn:aws:lambda:eu-west-1:825904718481:function:lambdaInfraEnvironmentManagerLbSettingsRouter",
                            "dead_letter_config.#": "0",
                            "description": "This function scales auto scaling groups.",
                            "environment.#": "0",
                            "filename": "./lambda/InfraEnvironmentManagerLbSettingsRouter/InfraEnvironmentManagerLbSettingsRouter.zip",
                            "function_name": "lambdaInfraEnvironmentManagerLbSettingsRouter",
                            "handler": "index.handler",
                            "id": "lambdaInfraEnvironmentManagerLbSettingsRouter",
                            "invoke_arn": "arn:aws:apigateway:eu-west-1:lambda:path/2015-03-31/functions/arn:aws:lambda:eu-west-1:825904718481:function:lambdaInfraEnvironmentManagerLbSettingsRouter/invocations",
                            "kms_key_arn": "",
                            "last_modified": "2017-07-06T13:05:16.404+0000",
                            "memory_size": "128",
                            "publish": "false",
                            "qualified_arn": "arn:aws:lambda:eu-west-1:825904718481:function:lambdaInfraEnvironmentManagerLbSettingsRouter:$LATEST",
                            "role": "arn:aws:iam::825904718481:role/roleInfraEnvironmentManagerAudit",
                            "runtime": "nodejs4.3",
                            "source_code_hash": "GG6ZcFlXwu2Ph2OCv2yUl6hd2hyqJAT7/VgwMgSJ9iI=",
                            "tags.%": "0",
                            "timeout": "30",
                            "tracing_config.#": "1",
                            "tracing_config.0.mode": "PassThrough",
                            "version": "$LATEST",
                            "vpc_config.#": "0"
                        },
                        "meta": {},
                        "tainted": false
                    },
                    "deposed": [],
                    "provider": ""
                },
                "aws_launch_configuration.launchConfigEnvironmentManager": {
                    "type": "aws_launch_configuration",
                    "depends_on": [
                        "aws_iam_instance_profile.instanceProfileEnvironmentManager",
                        "aws_security_group.sgInfraEnvironmentManager",
                        "data.aws_ami.ubuntu"
                    ],
                    "primary": {
                        "id": "terraform-0047119d201ae1fe782f65d98c",
                        "attributes": {
                            "associate_public_ip_address": "false",
                            "ebs_block_device.#": "0",
                            "ebs_optimized": "false",
                            "enable_monitoring": "true",
                            "ephemeral_block_device.#": "0",
                            "iam_instance_profile": "instanceProfileEnvironmentManager",
                            "id": "terraform-0047119d201ae1fe782f65d98c",
                            "image_id": "ami-a8d2d7ce",
                            "instance_type": "t2.micro",
                            "key_name": "",
                            "name": "terraform-0047119d201ae1fe782f65d98c",
                            "root_block_device.#": "0",
                            "security_groups.#": "1",
                            "security_groups.3374457449": "sg-395a9041",
                            "spot_price": "",
                            "user_data": "cc5ffc76f2ebec1ef6838b03838213466b8158f2",
                            "vpc_classic_link_id": "",
                            "vpc_classic_link_security_groups.#": "0"
                        },
                        "meta": {},
                        "tainted": false
                    },
                    "deposed": [],
                    "provider": ""
                },
                "aws_s3_bucket.config-bucket": {
                    "type": "aws_s3_bucket",
                    "depends_on": [],
                    "primary": {
                        "id": "em-daveandjake-config",
                        "attributes": {
                            "acceleration_status": "",
                            "acl": "private",
                            "arn": "arn:aws:s3:::em-daveandjake-config",
                            "bucket": "em-daveandjake-config",
                            "bucket_domain_name": "em-daveandjake-config.s3.amazonaws.com",
                            "force_destroy": "false",
                            "hosted_zone_id": "Z1BKCTXD74EZPE",
                            "id": "em-daveandjake-config",
                            "logging.#": "0",
                            "region": "eu-west-1",
                            "request_payer": "BucketOwner",
                            "tags.%": "1",
                            "tags.Name": "em-daveandjake-config",
                            "versioning.#": "1",
                            "versioning.0.enabled": "false",
                            "versioning.0.mfa_delete": "false",
                            "website.#": "0"
                        },
                        "meta": {},
                        "tainted": false
                    },
                    "deposed": [],
                    "provider": ""
                },
                "aws_s3_bucket.deployment_bucket": {
                    "type": "aws_s3_bucket",
                    "depends_on": [],
                    "primary": {
                        "id": "em-daveandjake-deployment",
                        "attributes": {
                            "acceleration_status": "",
                            "acl": "private",
                            "arn": "arn:aws:s3:::em-daveandjake-deployment",
                            "bucket": "em-daveandjake-deployment",
                            "bucket_domain_name": "em-daveandjake-deployment.s3.amazonaws.com",
                            "force_destroy": "false",
                            "hosted_zone_id": "Z1BKCTXD74EZPE",
                            "id": "em-daveandjake-deployment",
                            "logging.#": "0",
                            "region": "eu-west-1",
                            "request_payer": "BucketOwner",
                            "tags.%": "1",
                            "tags.Name": "em-daveandjake-deployment",
                            "versioning.#": "1",
                            "versioning.0.enabled": "false",
                            "versioning.0.mfa_delete": "false",
                            "website.#": "0"
                        },
                        "meta": {},
                        "tainted": false
                    },
                    "deposed": [],
                    "provider": ""
                },
                "aws_s3_bucket.packages_bucket": {
                    "type": "aws_s3_bucket",
                    "depends_on": [],
                    "primary": {
                        "id": "em-daveandjake-packages",
                        "attributes": {
                            "acceleration_status": "",
                            "acl": "private",
                            "arn": "arn:aws:s3:::em-daveandjake-packages",
                            "bucket": "em-daveandjake-packages",
                            "bucket_domain_name": "em-daveandjake-packages.s3.amazonaws.com",
                            "force_destroy": "false",
                            "hosted_zone_id": "Z1BKCTXD74EZPE",
                            "id": "em-daveandjake-packages",
                            "logging.#": "0",
                            "region": "eu-west-1",
                            "request_payer": "BucketOwner",
                            "tags.%": "1",
                            "tags.Name": "em-daveandjake-packages",
                            "versioning.#": "1",
                            "versioning.0.enabled": "false",
                            "versioning.0.mfa_delete": "false",
                            "website.#": "0"
                        },
                        "meta": {},
                        "tainted": false
                    },
                    "deposed": [],
                    "provider": ""
                },
                "aws_s3_bucket.secure-bucket": {
                    "type": "aws_s3_bucket",
                    "depends_on": [],
                    "primary": {
                        "id": "em-daveandjake-secure",
                        "attributes": {
                            "acceleration_status": "",
                            "acl": "private",
                            "arn": "arn:aws:s3:::em-daveandjake-secure",
                            "bucket": "em-daveandjake-secure",
                            "bucket_domain_name": "em-daveandjake-secure.s3.amazonaws.com",
                            "force_destroy": "false",
                            "hosted_zone_id": "Z1BKCTXD74EZPE",
                            "id": "em-daveandjake-secure",
                            "logging.#": "0",
                            "region": "eu-west-1",
                            "request_payer": "BucketOwner",
                            "tags.%": "1",
                            "tags.Name": "em-daveandjake-secure",
                            "versioning.#": "1",
                            "versioning.0.enabled": "false",
                            "versioning.0.mfa_delete": "false",
                            "website.#": "0"
                        },
                        "meta": {},
                        "tainted": false
                    },
                    "deposed": [],
                    "provider": ""
                },
                "aws_security_group.sgEnvironmentManagerRedisAccess": {
                    "type": "aws_security_group",
                    "depends_on": [],
                    "primary": {
                        "id": "sg-a5458fdd",
                        "attributes": {
                            "description": "Managed by Terraform",
                            "egress.#": "0",
                            "id": "sg-a5458fdd",
                            "ingress.#": "0",
                            "name": "terraform-00721afa87b1667b727bd826cc",
                            "owner_id": "825904718481",
                            "tags.%": "1",
                            "tags.Name": "sgEnvironmentManagerRedisAccess",
                            "vpc_id": "vpc-67ab3903"
                        },
                        "meta": {},
                        "tainted": false
                    },
                    "deposed": [],
                    "provider": ""
                },
                "aws_security_group.sgEnvironmentManagerRedisHost": {
                    "type": "aws_security_group",
                    "depends_on": [],
                    "primary": {
                        "id": "sg-da5993a2",
                        "attributes": {
                            "description": "Managed by Terraform",
                            "egress.#": "0",
                            "id": "sg-da5993a2",
                            "ingress.#": "1",
                            "ingress.2119869617.cidr_blocks.#": "0",
                            "ingress.2119869617.from_port": "11211",
                            "ingress.2119869617.ipv6_cidr_blocks.#": "0",
                            "ingress.2119869617.protocol": "tcp",
                            "ingress.2119869617.security_groups.#": "0",
                            "ingress.2119869617.self": "true",
                            "ingress.2119869617.to_port": "11211",
                            "name": "terraform-00721afa87b1667b727bd826cb",
                            "owner_id": "825904718481",
                            "tags.%": "1",
                            "tags.Name": "sgEnvironmentManagerRedisHost",
                            "vpc_id": "vpc-67ab3903"
                        },
                        "meta": {},
                        "tainted": false
                    },
                    "deposed": [],
                    "provider": ""
                },
                "aws_security_group.sgInfraEnvironmentManager": {
                    "type": "aws_security_group",
                    "depends_on": [],
                    "primary": {
                        "id": "sg-395a9041",
                        "attributes": {
                            "description": "Security Group for Environment Manager",
                            "egress.#": "0",
                            "id": "sg-395a9041",
                            "ingress.#": "0",
                            "name": "terraform-00721afa87b1667b727bd826ca",
                            "owner_id": "825904718481",
                            "tags.%": "1",
                            "tags.Name": "sgInfraEnvironmentManager",
                            "vpc_id": "vpc-67ab3903"
                        },
                        "meta": {},
                        "tainted": false
                    },
                    "deposed": [],
                    "provider": ""
                },
                "aws_security_group.sgInfraEnvironmentManagerElb": {
                    "type": "aws_security_group",
                    "depends_on": [],
                    "primary": {
                        "id": "sg-c55b91bd",
                        "attributes": {
                            "description": "Security Group for Environment Manager",
                            "egress.#": "0",
                            "id": "sg-c55b91bd",
                            "ingress.#": "1",
                            "ingress.2319052179.cidr_blocks.#": "1",
                            "ingress.2319052179.cidr_blocks.0": "0.0.0.0/0",
                            "ingress.2319052179.from_port": "9000",
                            "ingress.2319052179.ipv6_cidr_blocks.#": "0",
                            "ingress.2319052179.protocol": "tcp",
                            "ingress.2319052179.security_groups.#": "0",
                            "ingress.2319052179.self": "false",
                            "ingress.2319052179.to_port": "9000",
                            "name": "sgInfraEnvironmentManager",
                            "owner_id": "825904718481",
                            "tags.%": "1",
                            "tags.Name": "sgInfraEnvironmentManagerElb",
                            "vpc_id": "vpc-67ab3903"
                        },
                        "meta": {},
                        "tainted": false
                    },
                    "deposed": [],
                    "provider": ""
                },
                "aws_security_group_rule.sgiInfraEnvironmentManagerElbTcp443fromInternalSubnet": {
                    "type": "aws_security_group_rule",
                    "depends_on": [
                        "aws_security_group.sgInfraEnvironmentManagerElb"
                    ],
                    "primary": {
                        "id": "sgrule-967919781",
                        "attributes": {
                            "cidr_blocks.#": "1",
                            "cidr_blocks.0": "0.0.0.0/0",
                            "from_port": "9000",
                            "id": "sgrule-967919781",
                            "ipv6_cidr_blocks.#": "0",
                            "prefix_list_ids.#": "0",
                            "protocol": "tcp",
                            "security_group_id": "sg-c55b91bd",
                            "self": "false",
                            "to_port": "9000",
                            "type": "ingress"
                        },
                        "meta": {
                            "schema_version": "2"
                        },
                        "tainted": false
                    },
                    "deposed": [],
                    "provider": ""
                },
                "aws_sns_topic.AlertSNSTopic": {
                    "type": "aws_sns_topic",
                    "depends_on": [],
                    "primary": {
                        "id": "arn:aws:sns:eu-west-1:825904718481:AlertSNSTopic",
                        "attributes": {
                            "arn": "arn:aws:sns:eu-west-1:825904718481:AlertSNSTopic",
                            "display_name": "",
                            "id": "arn:aws:sns:eu-west-1:825904718481:AlertSNSTopic",
                            "name": "AlertSNSTopic",
                            "policy": "{\"Id\":\"__default_policy_ID\",\"Statement\":[{\"Action\":[\"SNS:GetTopicAttributes\",\"SNS:SetTopicAttributes\",\"SNS:AddPermission\",\"SNS:RemovePermission\",\"SNS:DeleteTopic\",\"SNS:Subscribe\",\"SNS:ListSubscriptionsByTopic\",\"SNS:Publish\",\"SNS:Receive\"],\"Condition\":{\"StringEquals\":{\"AWS:SourceOwner\":\"825904718481\"}},\"Effect\":\"Allow\",\"Principal\":{\"AWS\":\"*\"},\"Resource\":\"arn:aws:sns:eu-west-1:825904718481:AlertSNSTopic\",\"Sid\":\"__default_statement_ID\"}],\"Version\":\"2008-10-17\"}"
                        },
                        "meta": {},
                        "tainted": false
                    },
                    "deposed": [],
                    "provider": ""
                },
                "data.aws_ami.ubuntu": {
                    "type": "aws_ami",
                    "depends_on": [],
                    "primary": {
                        "id": "ami-a8d2d7ce",
                        "attributes": {
                            "architecture": "x86_64",
                            "block_device_mappings.#": "3",
                            "block_device_mappings.1634610537.device_name": "/dev/sdb",
                            "block_device_mappings.1634610537.ebs.%": "0",
                            "block_device_mappings.1634610537.no_device": "",
                            "block_device_mappings.1634610537.virtual_name": "ephemeral0",
                            "block_device_mappings.2547816212.device_name": "/dev/sda1",
                            "block_device_mappings.2547816212.ebs.%": "6",
                            "block_device_mappings.2547816212.ebs.delete_on_termination": "true",
                            "block_device_mappings.2547816212.ebs.encrypted": "false",
                            "block_device_mappings.2547816212.ebs.iops": "0",
                            "block_device_mappings.2547816212.ebs.snapshot_id": "snap-0355cf671853bf871",
                            "block_device_mappings.2547816212.ebs.volume_size": "8",
                            "block_device_mappings.2547816212.ebs.volume_type": "gp2",
                            "block_device_mappings.2547816212.no_device": "",
                            "block_device_mappings.2547816212.virtual_name": "",
                            "block_device_mappings.3850042718.device_name": "/dev/sdc",
                            "block_device_mappings.3850042718.ebs.%": "0",
                            "block_device_mappings.3850042718.no_device": "",
                            "block_device_mappings.3850042718.virtual_name": "ephemeral1",
                            "creation_date": "2017-04-14T16:48:48.000Z",
                            "description": "Canonical, Ubuntu, 16.04 LTS, amd64 xenial image build on 2017-04-14",
                            "filter.#": "2",
                            "filter.2067710391.name": "image-id",
                            "filter.2067710391.values.#": "1",
                            "filter.2067710391.values.0": "ami-a8d2d7ce",
                            "filter.490168357.name": "virtualization-type",
                            "filter.490168357.values.#": "1",
                            "filter.490168357.values.0": "hvm",
                            "hypervisor": "xen",
                            "id": "ami-a8d2d7ce",
                            "image_id": "ami-a8d2d7ce",
                            "image_location": "099720109477/ubuntu/images/hvm-ssd/ubuntu-xenial-16.04-amd64-server-20170414",
                            "image_type": "machine",
                            "most_recent": "true",
                            "name": "ubuntu/images/hvm-ssd/ubuntu-xenial-16.04-amd64-server-20170414",
                            "owner_id": "099720109477",
                            "product_codes.#": "0",
                            "public": "true",
                            "root_device_name": "/dev/sda1",
                            "root_device_type": "ebs",
                            "sriov_net_support": "simple",
                            "state": "available",
                            "state_reason.%": "2",
                            "state_reason.code": "UNSET",
                            "state_reason.message": "UNSET",
                            "tags.#": "0",
                            "virtualization_type": "hvm"
                        },
                        "meta": {},
                        "tainted": false
                    },
                    "deposed": [],
                    "provider": ""
                },
                "data.aws_caller_identity.current": {
                    "type": "aws_caller_identity",
                    "depends_on": [],
                    "primary": {
                        "id": "2017-07-06 16:08:20.002262722 +0000 UTC",
                        "attributes": {
                            "account_id": "825904718481",
                            "arn": "arn:aws:iam::825904718481:user/jakec",
                            "id": "2017-07-06 16:08:20.002262722 +0000 UTC",
                            "user_id": "AIDAJZX4L3BZTODOXJN6I"
                        },
                        "meta": {},
                        "tainted": false
                    },
                    "deposed": [],
                    "provider": ""
                },
                "data.aws_region.current": {
                    "type": "aws_region",
                    "depends_on": [],
                    "primary": {
                        "id": "eu-west-1",
                        "attributes": {
                            "current": "true",
                            "endpoint": "ec2.eu-west-1.amazonaws.com",
                            "id": "eu-west-1",
                            "name": "eu-west-1"
                        },
                        "meta": {},
                        "tainted": false
                    },
                    "deposed": [],
                    "provider": ""
                },
                "data.terraform_remote_state.remote-state": {
                    "type": "terraform_remote_state",
                    "depends_on": [],
                    "primary": {
                        "id": "2017-07-06 16:08:19.586884335 +0000 UTC",
                        "attributes": {
                            "ConfigLBUpstream_stream_arn": "arn:aws:dynamodb:eu-west-1:825904718481:table/ConfigLBUpstream/stream/2017-07-06T12:57:29.934",
                            "ConfigNotificationSettings_stream_arn": "arn:aws:dynamodb:eu-west-1:825904718481:table/ConfigNotificationSettings/stream/2017-07-06T12:57:19.151",
                            "backend": "s3",
                            "config.%": "3",
                            "config.bucket": "daveandjake-remote-state",
                            "config.key": "state",
                            "config.region": "eu-west-1",
                            "environment": "default",
                            "id": "2017-07-06 16:08:19.586884335 +0000 UTC",
                            "lambdaInfraEnvironmentManagerAudit_id": "InfraEnvironmentManagerAudit",
                            "lambdaInfraEnvironmentManagerLbSettingsRouter_id": "lambdaInfraEnvironmentManagerLbSettingsRouter",
                            "roleInfraEnvironmentManagerAudit_id": "roleInfraEnvironmentManagerAudit",
                            "tableInfraConfigLbSettings_stream_arn": "arn:aws:dynamodb:eu-west-1:825904718481:table/tableInfraConfigLbSettings/stream/2017-07-06T12:57:20.772"
                        },
                        "meta": {},
                        "tainted": false
                    },
                    "deposed": [],
                    "provider": ""
                }
            },
            "depends_on": []
        }
    ]
}
