{
    "version": 3,
    "terraform_version": "0.9.8",
    "serial": 1,
    "lineage": "1c769d12-4dbe-4c1b-9123-a333f44322af",
    "modules": [
        {
            "path": [
                "root"
            ],
            "outputs": {},
            "resources": {
                "aws_dynamodb_table.basic-dynamodb-table": {
                    "type": "aws_dynamodb_table",
                    "depends_on": [],
                    "primary": {
                        "id": "GameScores",
                        "attributes": {
                            "arn": "arn:aws:dynamodb:eu-west-1:825904718481:table/GameScores",
                            "attribute.#": "2",
                            "attribute.3178016421.name": "GameTitle",
                            "attribute.3178016421.type": "S",
                            "attribute.3403068082.name": "UserId",
                            "attribute.3403068082.type": "S",
                            "global_secondary_index.#": "0",
                            "hash_key": "UserId",
                            "id": "GameScores",
                            "local_secondary_index.#": "0",
                            "name": "GameScores",
                            "range_key": "GameTitle",
                            "read_capacity": "20",
                            "stream_arn": "arn:aws:dynamodb:eu-west-1:825904718481:table/GameScores/stream/2017-06-20T13:06:40.076",
                            "stream_enabled": "true",
                            "stream_view_type": "NEW_AND_OLD_IMAGES",
                            "tags.%": "2",
                            "tags.Environment": "production",
                            "tags.Name": "dynamodb-table-1",
                            "ttl.#": "1",
                            "ttl.2557590691.attribute_name": "TimeToExist",
                            "ttl.2557590691.enabled": "false",
                            "write_capacity": "20"
                        },
                        "meta": {
                            "schema_version": "1"
                        },
                        "tainted": false
                    },
                    "deposed": [],
                    "provider": ""
                }
            },
            "depends_on": []
        }
    ]
}
