{
    "version": 3,
    "terraform_version": "0.9.11",
    "serial": 9,
    "lineage": "c7f142bc-3f51-4061-ad2f-3978fc0d2e51",
    "modules": [
        {
            "path": [
                "root"
            ],
            "outputs": {},
            "resources": {
                "aws_instance.server.0": {
                    "type": "aws_instance",
                    "depends_on": [
                        "aws_security_group.consul"
                    ],
                    "primary": {
                        "id": "i-0a4427df2508cf620",
                        "attributes": {
                            "ami": "ami-a8d2d7ce",
                            "associate_public_ip_address": "false",
                            "availability_zone": "eu-west-1a",
                            "disable_api_termination": "false",
                            "ebs_block_device.#": "0",
                            "ebs_optimized": "false",
                            "ephemeral_block_device.#": "0",
                            "iam_instance_profile": "",
                            "id": "i-0a4427df2508cf620",
                            "instance_state": "running",
                            "instance_type": "t2.small",
                            "ipv6_addresses.#": "0",
                            "key_name": "consul cluster",
                            "monitoring": "false",
                            "network_interface.#": "0",
                            "network_interface_id": "eni-bf41cdb1",
                            "primary_network_interface_id": "eni-bf41cdb1",
                            "private_dns": "ip-172-32-88-25.eu-west-1.compute.internal",
                            "private_ip": "172.32.88.25",
                            "public_dns": "",
                            "public_ip": "",
                            "root_block_device.#": "1",
                            "root_block_device.0.delete_on_termination": "true",
                            "root_block_device.0.iops": "100",
                            "root_block_device.0.volume_size": "8",
                            "root_block_device.0.volume_type": "gp2",
                            "security_groups.#": "0",
                            "source_dest_check": "true",
                            "subnet_id": "subnet-87a55adc",
                            "tags.%": "2",
                            "tags.ConsulRole": "Server",
                            "tags.Name": "consul-0",
                            "tenancy": "default",
                            "volume_tags.%": "0",
                            "vpc_security_group_ids.#": "1",
                            "vpc_security_group_ids.1901091609": "sg-e14ef899"
                        },
                        "meta": {
                            "e2bfb730-ecaa-11e6-8f88-34363bc7c4c0": {
                                "create": 600000000000,
                                "delete": 600000000000,
                                "update": 600000000000
                            },
                            "schema_version": "1"
                        },
                        "tainted": true
                    },
                    "deposed": [],
                    "provider": ""
                },
                "aws_security_group.consul": {
                    "type": "aws_security_group",
                    "depends_on": [],
                    "primary": {
                        "id": "sg-e14ef899",
                        "attributes": {
                            "description": "Consul internal traffic + maintenance.",
                            "egress.#": "1",
                            "egress.482069346.cidr_blocks.#": "1",
                            "egress.482069346.cidr_blocks.0": "0.0.0.0/0",
                            "egress.482069346.from_port": "0",
                            "egress.482069346.ipv6_cidr_blocks.#": "0",
                            "egress.482069346.prefix_list_ids.#": "0",
                            "egress.482069346.protocol": "-1",
                            "egress.482069346.security_groups.#": "0",
                            "egress.482069346.self": "false",
                            "egress.482069346.to_port": "0",
                            "id": "sg-e14ef899",
                            "ingress.#": "8",
                            "ingress.1852692084.cidr_blocks.#": "0",
                            "ingress.1852692084.from_port": "8301",
                            "ingress.1852692084.ipv6_cidr_blocks.#": "0",
                            "ingress.1852692084.protocol": "tcp",
                            "ingress.1852692084.security_groups.#": "0",
                            "ingress.1852692084.self": "true",
                            "ingress.1852692084.to_port": "8301",
                            "ingress.1943259950.cidr_blocks.#": "0",
                            "ingress.1943259950.from_port": "8301",
                            "ingress.1943259950.ipv6_cidr_blocks.#": "0",
                            "ingress.1943259950.protocol": "udp",
                            "ingress.1943259950.security_groups.#": "0",
                            "ingress.1943259950.self": "true",
                            "ingress.1943259950.to_port": "8301",
                            "ingress.2541437006.cidr_blocks.#": "1",
                            "ingress.2541437006.cidr_blocks.0": "0.0.0.0/0",
                            "ingress.2541437006.from_port": "22",
                            "ingress.2541437006.ipv6_cidr_blocks.#": "0",
                            "ingress.2541437006.protocol": "tcp",
                            "ingress.2541437006.security_groups.#": "0",
                            "ingress.2541437006.self": "false",
                            "ingress.2541437006.to_port": "22",
                            "ingress.25925669.cidr_blocks.#": "0",
                            "ingress.25925669.from_port": "8300",
                            "ingress.25925669.ipv6_cidr_blocks.#": "0",
                            "ingress.25925669.protocol": "tcp",
                            "ingress.25925669.security_groups.#": "0",
                            "ingress.25925669.self": "true",
                            "ingress.25925669.to_port": "8300",
                            "ingress.2648085529.cidr_blocks.#": "0",
                            "ingress.2648085529.from_port": "8400",
                            "ingress.2648085529.ipv6_cidr_blocks.#": "0",
                            "ingress.2648085529.protocol": "tcp",
                            "ingress.2648085529.security_groups.#": "0",
                            "ingress.2648085529.self": "true",
                            "ingress.2648085529.to_port": "8400",
                            "ingress.2937256829.cidr_blocks.#": "0",
                            "ingress.2937256829.from_port": "8500",
                            "ingress.2937256829.ipv6_cidr_blocks.#": "0",
                            "ingress.2937256829.protocol": "tcp",
                            "ingress.2937256829.security_groups.#": "0",
                            "ingress.2937256829.self": "true",
                            "ingress.2937256829.to_port": "8500",
                            "ingress.3856684939.cidr_blocks.#": "0",
                            "ingress.3856684939.from_port": "8600",
                            "ingress.3856684939.ipv6_cidr_blocks.#": "0",
                            "ingress.3856684939.protocol": "udp",
                            "ingress.3856684939.security_groups.#": "0",
                            "ingress.3856684939.self": "true",
                            "ingress.3856684939.to_port": "8600",
                            "ingress.4166929105.cidr_blocks.#": "0",
                            "ingress.4166929105.from_port": "8600",
                            "ingress.4166929105.ipv6_cidr_blocks.#": "0",
                            "ingress.4166929105.protocol": "tcp",
                            "ingress.4166929105.security_groups.#": "0",
                            "ingress.4166929105.self": "true",
                            "ingress.4166929105.to_port": "8600",
                            "name": "consul_xenial",
                            "owner_id": "223299770951",
                            "tags.%": "0",
                            "vpc_id": "vpc-0c49f76b"
                        },
                        "meta": {},
                        "tainted": false
                    },
                    "deposed": [],
                    "provider": ""
                },
                "data.terraform_remote_state.remote-state": {
                    "type": "terraform_remote_state",
                    "depends_on": [],
                    "primary": {
                        "id": "2017-07-26 09:54:14.455260403 +0000 UTC",
                        "attributes": {
                            "backend": "s3",
                            "config.%": "3",
                            "config.bucket": "terraform-em-remote-state",
                            "config.key": "state-consul",
                            "config.region": "eu-west-1",
                            "environment": "default",
                            "id": "2017-07-26 09:54:14.455260403 +0000 UTC",
                            "server_address": ""
                        },
                        "meta": {},
                        "tainted": false
                    },
                    "deposed": [],
                    "provider": ""
                }
            },
            "depends_on": []
        }
    ]
}
