{
    "version": 3,
    "terraform_version": "0.9.8",
    "serial": 20,
    "lineage": "151a3bed-05b1-4817-9491-710cef8815dc",
    "modules": [
        {
            "path": [
                "root"
            ],
            "outputs": {
                "server_address": {
                    "sensitive": false,
                    "type": "string",
                    "value": ""
                }
            },
            "resources": {
                "aws_instance.server.0": {
                    "type": "aws_instance",
                    "depends_on": [
                        "aws_security_group.consul"
                    ],
                    "primary": {
                        "id": "i-078598d521718a6ae",
                        "attributes": {
                            "ami": "ami-a8d2d7ce",
                            "associate_public_ip_address": "false",
                            "availability_zone": "eu-west-1a",
                            "disable_api_termination": "false",
                            "ebs_block_device.#": "0",
                            "ebs_optimized": "false",
                            "ephemeral_block_device.#": "0",
                            "iam_instance_profile": "",
                            "id": "i-078598d521718a6ae",
                            "instance_state": "running",
                            "instance_type": "t2.small",
                            "ipv6_addresses.#": "0",
                            "key_name": "em-testing-master-keypair-2",
                            "monitoring": "false",
                            "network_interface.#": "0",
                            "network_interface_id": "eni-18946224",
                            "primary_network_interface_id": "eni-18946224",
                            "private_dns": "ip-172-31-99-170.eu-west-1.compute.internal",
                            "private_ip": "172.31.99.170",
                            "public_dns": "",
                            "public_ip": "",
                            "root_block_device.#": "1",
                            "root_block_device.0.delete_on_termination": "true",
                            "root_block_device.0.iops": "100",
                            "root_block_device.0.volume_size": "8",
                            "root_block_device.0.volume_type": "gp2",
                            "security_groups.#": "0",
                            "source_dest_check": "true",
                            "subnet_id": "subnet-b0e04bf9",
                            "tags.%": "2",
                            "tags.ConsulRole": "Server",
                            "tags.Name": "consul-0",
                            "tenancy": "default",
                            "volume_tags.%": "0",
                            "vpc_security_group_ids.#": "1",
                            "vpc_security_group_ids.1994723218": "sg-66a76f1e"
                        },
                        "meta": {
                            "e2bfb730-ecaa-11e6-8f88-34363bc7c4c0": {
                                "create": 600000000000,
                                "delete": 600000000000,
                                "update": 600000000000
                            },
                            "schema_version": "1"
                        },
                        "tainted": false
                    },
                    "deposed": [],
                    "provider": ""
                },
                "aws_instance.server.1": {
                    "type": "aws_instance",
                    "depends_on": [
                        "aws_security_group.consul"
                    ],
                    "primary": {
                        "id": "i-03ce29c0ca9a0ffe8",
                        "attributes": {
                            "ami": "ami-a8d2d7ce",
                            "associate_public_ip_address": "false",
                            "availability_zone": "eu-west-1a",
                            "disable_api_termination": "false",
                            "ebs_block_device.#": "0",
                            "ebs_optimized": "false",
                            "ephemeral_block_device.#": "0",
                            "iam_instance_profile": "",
                            "id": "i-03ce29c0ca9a0ffe8",
                            "instance_state": "running",
                            "instance_type": "t2.small",
                            "ipv6_addresses.#": "0",
                            "key_name": "em-testing-master-keypair-2",
                            "monitoring": "false",
                            "network_interface.#": "0",
                            "network_interface_id": "eni-daab5de6",
                            "primary_network_interface_id": "eni-daab5de6",
                            "private_dns": "ip-172-31-118-5.eu-west-1.compute.internal",
                            "private_ip": "172.31.118.5",
                            "public_dns": "",
                            "public_ip": "",
                            "root_block_device.#": "1",
                            "root_block_device.0.delete_on_termination": "true",
                            "root_block_device.0.iops": "100",
                            "root_block_device.0.volume_size": "8",
                            "root_block_device.0.volume_type": "gp2",
                            "security_groups.#": "0",
                            "source_dest_check": "true",
                            "subnet_id": "subnet-b0e04bf9",
                            "tags.%": "2",
                            "tags.ConsulRole": "Server",
                            "tags.Name": "consul-1",
                            "tenancy": "default",
                            "volume_tags.%": "0",
                            "vpc_security_group_ids.#": "1",
                            "vpc_security_group_ids.1994723218": "sg-66a76f1e"
                        },
                        "meta": {
                            "e2bfb730-ecaa-11e6-8f88-34363bc7c4c0": {
                                "create": 600000000000,
                                "delete": 600000000000,
                                "update": 600000000000
                            },
                            "schema_version": "1"
                        },
                        "tainted": false
                    },
                    "deposed": [],
                    "provider": ""
                },
                "aws_instance.server.2": {
                    "type": "aws_instance",
                    "depends_on": [
                        "aws_security_group.consul"
                    ],
                    "primary": {
                        "id": "i-000cd43ef30909703",
                        "attributes": {
                            "ami": "ami-a8d2d7ce",
                            "associate_public_ip_address": "false",
                            "availability_zone": "eu-west-1a",
                            "disable_api_termination": "false",
                            "ebs_block_device.#": "0",
                            "ebs_optimized": "false",
                            "ephemeral_block_device.#": "0",
                            "iam_instance_profile": "",
                            "id": "i-000cd43ef30909703",
                            "instance_state": "running",
                            "instance_type": "t2.small",
                            "ipv6_addresses.#": "0",
                            "key_name": "em-testing-master-keypair-2",
                            "monitoring": "false",
                            "network_interface.#": "0",
                            "network_interface_id": "eni-ec9462d0",
                            "primary_network_interface_id": "eni-ec9462d0",
                            "private_dns": "ip-172-31-114-223.eu-west-1.compute.internal",
                            "private_ip": "172.31.114.223",
                            "public_dns": "",
                            "public_ip": "",
                            "root_block_device.#": "1",
                            "root_block_device.0.delete_on_termination": "true",
                            "root_block_device.0.iops": "100",
                            "root_block_device.0.volume_size": "8",
                            "root_block_device.0.volume_type": "gp2",
                            "security_groups.#": "0",
                            "source_dest_check": "true",
                            "subnet_id": "subnet-b0e04bf9",
                            "tags.%": "2",
                            "tags.ConsulRole": "Server",
                            "tags.Name": "consul-2",
                            "tenancy": "default",
                            "volume_tags.%": "0",
                            "vpc_security_group_ids.#": "1",
                            "vpc_security_group_ids.1994723218": "sg-66a76f1e"
                        },
                        "meta": {
                            "e2bfb730-ecaa-11e6-8f88-34363bc7c4c0": {
                                "create": 600000000000,
                                "delete": 600000000000,
                                "update": 600000000000
                            },
                            "schema_version": "1"
                        },
                        "tainted": false
                    },
                    "deposed": [],
                    "provider": ""
                },
                "aws_security_group.consul": {
                    "type": "aws_security_group",
                    "depends_on": [],
                    "primary": {
                        "id": "sg-66a76f1e",
                        "attributes": {
                            "description": "Consul internal traffic + maintenance.",
                            "egress.#": "1",
                            "egress.482069346.cidr_blocks.#": "1",
                            "egress.482069346.cidr_blocks.0": "0.0.0.0/0",
                            "egress.482069346.from_port": "0",
                            "egress.482069346.ipv6_cidr_blocks.#": "0",
                            "egress.482069346.prefix_list_ids.#": "0",
                            "egress.482069346.protocol": "-1",
                            "egress.482069346.security_groups.#": "0",
                            "egress.482069346.self": "false",
                            "egress.482069346.to_port": "0",
                            "id": "sg-66a76f1e",
                            "ingress.#": "4",
                            "ingress.1508319716.cidr_blocks.#": "0",
                            "ingress.1508319716.from_port": "8300",
                            "ingress.1508319716.ipv6_cidr_blocks.#": "0",
                            "ingress.1508319716.protocol": "tcp",
                            "ingress.1508319716.security_groups.#": "0",
                            "ingress.1508319716.self": "true",
                            "ingress.1508319716.to_port": "8302",
                            "ingress.2541437006.cidr_blocks.#": "1",
                            "ingress.2541437006.cidr_blocks.0": "0.0.0.0/0",
                            "ingress.2541437006.from_port": "22",
                            "ingress.2541437006.ipv6_cidr_blocks.#": "0",
                            "ingress.2541437006.protocol": "tcp",
                            "ingress.2541437006.security_groups.#": "0",
                            "ingress.2541437006.self": "false",
                            "ingress.2541437006.to_port": "22",
                            "ingress.2648085529.cidr_blocks.#": "0",
                            "ingress.2648085529.from_port": "8400",
                            "ingress.2648085529.ipv6_cidr_blocks.#": "0",
                            "ingress.2648085529.protocol": "tcp",
                            "ingress.2648085529.security_groups.#": "0",
                            "ingress.2648085529.self": "true",
                            "ingress.2648085529.to_port": "8400",
                            "ingress.2937256829.cidr_blocks.#": "0",
                            "ingress.2937256829.from_port": "8500",
                            "ingress.2937256829.ipv6_cidr_blocks.#": "0",
                            "ingress.2937256829.protocol": "tcp",
                            "ingress.2937256829.security_groups.#": "0",
                            "ingress.2937256829.self": "true",
                            "ingress.2937256829.to_port": "8500",
                            "name": "consul_xenial",
                            "owner_id": "825904718481",
                            "tags.%": "0",
                            "vpc_id": "vpc-67ab3903"
                        },
                        "meta": {},
                        "tainted": false
                    },
                    "deposed": [],
                    "provider": ""
                }
            },
            "depends_on": []
        }
    ]
}
